{
  "version": 4,
  "terraform_version": "1.15.5",
  "serial": 246,
  "lineage": "65c6125c-5974-a3e4-1298-9bda1fa50198",
  "outputs": {
    "CLIENTE_SSH": {
      "value": "ssh -i clave-rabbitmq-server.pem ec2-user@3.90.247.206",
      "type": "string"
    },
    "RABBITMQ_PANEL_WEB": {
      "value": "http://52.91.37.87:15672 (user: admin / pass: admin123)",
      "type": "string"
    }
  },
  "resources": [
    {
      "mode": "data",
      "type": "aws_ami",
      "name": "amazon_linux",
      "provider": "provider[\"registry.terraform.io/hashicorp/aws\"]",
      "instances": [
        {
          "schema_version": 0,
          "attributes": {
            "allow_unsafe_filter": null,
            "architecture": "x86_64",
            "arn": "arn:aws:ec2:us-east-1::image/ami-00fa360e28f425da0",
            "block_device_mappings": [
              {
                "device_name": "/dev/xvda",
                "ebs": {
                  "delete_on_termination": "true",
                  "encrypted": "false",
                  "iops": "3000",
                  "snapshot_id": "snap-0cd5f630552e67ca8",
                  "throughput": "125",
                  "volume_initialization_rate": "0",
                  "volume_size": "8",
                  "volume_type": "gp3"
                },
                "no_device": "",
                "virtual_name": ""
              }
            ],
            "boot_mode": "uefi-preferred",
            "creation_date": "2026-05-21T18:13:30.000Z",
            "deprecation_time": "2026-08-19T18:49:00.000Z",
            "description": "Amazon Linux 2023 AMI 2023.11.20260526.0 x86_64 HVM kernel-6.18",
            "ena_support": true,
            "executable_users": null,
            "filter": [
              {
                "name": "name",
                "values": [
                  "al2023-ami-2023.*-x86_64"
                ]
              },
              {
                "name": "virtualization-type",
                "values": [
                  "hvm"
                ]
              }
            ],
            "hypervisor": "xen",
            "id": "ami-00fa360e28f425da0",
            "image_id": "ami-00fa360e28f425da0",
            "image_location": "amazon/al2023-ami-2023.11.20260526.0-kernel-6.18-x86_64",
            "image_owner_alias": "amazon",
            "image_type": "machine",
            "imds_support": "v2.0",
            "include_deprecated": false,
            "kernel_id": "",
            "last_launched_time": "",
            "most_recent": true,
            "name": "al2023-ami-2023.11.20260526.0-kernel-6.18-x86_64",
            "name_regex": null,
            "owner_id": "137112412989",
            "owners": [
              "amazon"
            ],
            "platform": "",
            "platform_details": "Linux/UNIX",
            "product_codes": [],
            "public": true,
            "ramdisk_id": "",
            "region": "us-east-1",
            "root_device_name": "/dev/xvda",
            "root_device_type": "ebs",
            "root_snapshot_id": "snap-0cd5f630552e67ca8",
            "sriov_net_support": "simple",
            "state": "available",
            "state_reason": {
              "code": "UNSET",
              "message": "UNSET"
            },
            "tags": {},
            "timeouts": null,
            "tpm_support": "",
            "uefi_data": null,
            "usage_operation": "RunInstances",
            "virtualization_type": "hvm"
          },
          "sensitive_attributes": [],
          "identity_schema_version": 0
        }
      ]
    },
    {
      "mode": "managed",
      "type": "aws_instance",
      "name": "client",
      "provider": "provider[\"registry.terraform.io/hashicorp/aws\"]",
      "instances": [
        {
          "schema_version": 2,
          "attributes": {
            "ami": "ami-00fa360e28f425da0",
            "arn": "arn:aws:ec2:us-east-1:122845624388:instance/i-061fce1830fa0f2db",
            "associate_public_ip_address": true,
            "availability_zone": "us-east-1b",
            "capacity_reservation_specification": [
              {
                "capacity_reservation_preference": "open",
                "capacity_reservation_target": []
              }
            ],
            "cpu_options": [
              {
                "amd_sev_snp": "",
                "core_count": 1,
                "nested_virtualization": "",
                "threads_per_core": 2
              }
            ],
            "credit_specification": [
              {
                "cpu_credits": "unlimited"
              }
            ],
            "disable_api_stop": false,
            "disable_api_termination": false,
            "ebs_block_device": [],
            "ebs_optimized": false,
            "enable_primary_ipv6": null,
            "enclave_options": [
              {
                "enabled": false
              }
            ],
            "ephemeral_block_device": [],
            "force_destroy": false,
            "get_password_data": false,
            "hibernation": false,
            "host_id": "",
            "host_resource_group_arn": null,
            "iam_instance_profile": "",
            "id": "i-061fce1830fa0f2db",
            "instance_initiated_shutdown_behavior": "stop",
            "instance_lifecycle": "",
            "instance_market_options": [],
            "instance_state": "running",
            "instance_type": "t3.micro",
            "ipv6_address_count": 0,
            "ipv6_addresses": [],
            "key_name": "clave-rabbitmq-server",
            "launch_template": [],
            "maintenance_options": [
              {
                "auto_recovery": "default"
              }
            ],
            "metadata_options": [
              {
                "http_endpoint": "enabled",
                "http_protocol_ipv6": "disabled",
                "http_put_response_hop_limit": 2,
                "http_tokens": "required",
                "instance_metadata_tags": "disabled"
              }
            ],
            "monitoring": false,
            "network_interface": [],
            "outpost_arn": "",
            "password_data": "",
            "placement_group": "",
            "placement_group_id": "",
            "placement_partition_number": 0,
            "primary_network_interface": [
              {
                "delete_on_termination": true,
                "network_interface_id": "eni-0d37d2305611927e2"
              }
            ],
            "primary_network_interface_id": "eni-0d37d2305611927e2",
            "private_dns": "ip-172-31-26-186.ec2.internal",
            "private_dns_name_options": [
              {
                "enable_resource_name_dns_a_record": false,
                "enable_resource_name_dns_aaaa_record": false,
                "hostname_type": "ip-name"
              }
            ],
            "private_ip": "172.31.26.186",
            "public_dns": "ec2-3-90-247-206.compute-1.amazonaws.com",
            "public_ip": "3.90.247.206",
            "region": "us-east-1",
            "root_block_device": [
              {
                "delete_on_termination": true,
                "device_name": "/dev/xvda",
                "encrypted": false,
                "iops": 3000,
                "kms_key_id": "",
                "tags": {},
                "tags_all": {},
                "throughput": 125,
                "volume_id": "vol-02ba157270ed3b38d",
                "volume_size": 8,
                "volume_type": "gp3"
              }
            ],
            "secondary_network_interface": [],
            "secondary_private_ips": [],
            "security_groups": [
              "indirect_client_sg"
            ],
            "source_dest_check": true,
            "spot_instance_request_id": "",
            "subnet_id": "subnet-0944233ef6d0bb2a4",
            "tags": {
              "Name": "Client-Indirect"
            },
            "tags_all": {
              "Name": "Client-Indirect"
            },
            "tenancy": "default",
            "timeouts": null,
            "user_data": "    #!/bin/bash\r\n    # Límites de red para el cliente\r\n    echo \"fs.file-max = 2097152\" \u003e\u003e /etc/sysctl.conf\r\n    echo \"net.core.somaxconn = 65535\" \u003e\u003e /etc/sysctl.conf\r\n    echo \"net.ipv4.tcp_max_syn_backlog = 65535\" \u003e\u003e /etc/sysctl.conf\r\n    echo \"net.ipv4.ip_local_port_range = 1024 65535\" \u003e\u003e /etc/sysctl.conf\r\n    sysctl -p\r\n    echo \"* soft nofile 65535\" \u003e\u003e /etc/security/limits.conf\r\n    echo \"* hard nofile 65535\" \u003e\u003e /etc/security/limits.conf\r\n\r\n    while pidof dnf \u003e /dev/null; do sleep 5; done\r\n    dnf update -y \u0026\u0026 dnf install -y python3 python3-pip git\r\n    \r\n    cd /home/ec2-user \r\n    git clone https://github.com/waliguren/nuevapractica1_sd.git repo\r\n    mv repo/archivosCliente ./\r\n    rm -rf repo\r\n    \r\n    cd archivosCliente\r\n    python3 -m venv venv \u0026\u0026 venv/bin/pip install pika redis aiohttp uvloop\r\n    \r\n    # Generar benchmark de alta contencion (80% en 5% asientos)\r\n    python3 \u003c\u003c 'PYEOF'\r\nimport random\r\nrandom.seed(42)\r\nwith open('benchmarks/benchmark_numbered_hotspot.txt', 'w') as f:\r\n    for i in range(60000):\r\n        seat = random.randint(1, 1000) if i \u003c 48000 else random.randint(1001, 20000)\r\n        f.write(f'BUY user{i+1:05d} {seat} {i+1:05d}\\n')\r\nprint('Benchmark hotspot generado: 48000/60000 en asientos 1-1000')\r\nPYEOF\r\n    \r\n    # Guardamos las IPs para el cliente y el ulimit automático\r\n    echo \"export RABBITMQ_HOST=172.31.28.138\" \u003e\u003e /home/ec2-user/.bashrc\r\n    echo \"export REDIS_HOST=172.31.18.195\" \u003e\u003e /home/ec2-user/.bashrc\r\n    echo \"ulimit -n 65535\" \u003e\u003e /home/ec2-user/.bashrc\r\n",
            "user_data_base64": null,
            "user_data_replace_on_change": false,
            "volume_tags": null,
            "vpc_security_group_ids": [
              "sg-055bf568ab264f709"
            ]
          },
          "sensitive_attributes": [],
          "identity_schema_version": 0,
          "identity": {
            "account_id": "122845624388",
            "id": "i-061fce1830fa0f2db",
            "region": "us-east-1"
          },
          "private": "eyJlMmJmYjczMC1lY2FhLTExZTYtOGY4OC0zNDM2M2JjN2M0YzAiOnsiY3JlYXRlIjo2MDAwMDAwMDAwMDAsImRlbGV0ZSI6MTIwMDAwMDAwMDAwMCwicmVhZCI6OTAwMDAwMDAwMDAwLCJ1cGRhdGUiOjYwMDAwMDAwMDAwMH0sInNjaGVtYV92ZXJzaW9uIjoiMiJ9",
          "dependencies": [
            "aws_instance.rabbitmq",
            "aws_instance.redis",
            "aws_security_group.client_sg",
            "aws_security_group.rabbitmq_sg",
            "aws_security_group.redis_sg",
            "aws_security_group.worker_sg",
            "data.aws_ami.amazon_linux"
          ]
        }
      ]
    },
    {
      "mode": "managed",
      "type": "aws_instance",
      "name": "rabbitmq",
      "provider": "provider[\"registry.terraform.io/hashicorp/aws\"]",
      "instances": [
        {
          "schema_version": 2,
          "attributes": {
            "ami": "ami-00fa360e28f425da0",
            "arn": "arn:aws:ec2:us-east-1:122845624388:instance/i-019532a41f70b849e",
            "associate_public_ip_address": true,
            "availability_zone": "us-east-1b",
            "capacity_reservation_specification": [
              {
                "capacity_reservation_preference": "open",
                "capacity_reservation_target": []
              }
            ],
            "cpu_options": [
              {
                "amd_sev_snp": "",
                "core_count": 1,
                "nested_virtualization": "",
                "threads_per_core": 2
              }
            ],
            "credit_specification": [
              {
                "cpu_credits": "unlimited"
              }
            ],
            "disable_api_stop": false,
            "disable_api_termination": false,
            "ebs_block_device": [],
            "ebs_optimized": false,
            "enable_primary_ipv6": null,
            "enclave_options": [
              {
                "enabled": false
              }
            ],
            "ephemeral_block_device": [],
            "force_destroy": false,
            "get_password_data": false,
            "hibernation": false,
            "host_id": "",
            "host_resource_group_arn": null,
            "iam_instance_profile": "",
            "id": "i-019532a41f70b849e",
            "instance_initiated_shutdown_behavior": "stop",
            "instance_lifecycle": "",
            "instance_market_options": [],
            "instance_state": "running",
            "instance_type": "t3.small",
            "ipv6_address_count": 0,
            "ipv6_addresses": [],
            "key_name": "clave-rabbitmq-server",
            "launch_template": [],
            "maintenance_options": [
              {
                "auto_recovery": "default"
              }
            ],
            "metadata_options": [
              {
                "http_endpoint": "enabled",
                "http_protocol_ipv6": "disabled",
                "http_put_response_hop_limit": 2,
                "http_tokens": "required",
                "instance_metadata_tags": "disabled"
              }
            ],
            "monitoring": false,
            "network_interface": [],
            "outpost_arn": "",
            "password_data": "",
            "placement_group": "",
            "placement_group_id": "",
            "placement_partition_number": 0,
            "primary_network_interface": [
              {
                "delete_on_termination": true,
                "network_interface_id": "eni-0595bc310098cc80d"
              }
            ],
            "primary_network_interface_id": "eni-0595bc310098cc80d",
            "private_dns": "ip-172-31-28-138.ec2.internal",
            "private_dns_name_options": [
              {
                "enable_resource_name_dns_a_record": false,
                "enable_resource_name_dns_aaaa_record": false,
                "hostname_type": "ip-name"
              }
            ],
            "private_ip": "172.31.28.138",
            "public_dns": "ec2-52-91-37-87.compute-1.amazonaws.com",
            "public_ip": "52.91.37.87",
            "region": "us-east-1",
            "root_block_device": [
              {
                "delete_on_termination": true,
                "device_name": "/dev/xvda",
                "encrypted": false,
                "iops": 3000,
                "kms_key_id": "",
                "tags": {},
                "tags_all": {},
                "throughput": 125,
                "volume_id": "vol-0c64aca4024380b14",
                "volume_size": 8,
                "volume_type": "gp3"
              }
            ],
            "secondary_network_interface": [],
            "secondary_private_ips": [],
            "security_groups": [
              "indirect_rabbitmq_sg"
            ],
            "source_dest_check": true,
            "spot_instance_request_id": "",
            "subnet_id": "subnet-0944233ef6d0bb2a4",
            "tags": {
              "Name": "RabbitMQ-Server"
            },
            "tags_all": {
              "Name": "RabbitMQ-Server"
            },
            "tenancy": "default",
            "timeouts": null,
            "user_data": "#!/bin/bash\r\n# Límites de Kernel para absorber la cola masiva\r\necho \"fs.file-max = 2097152\" \u003e\u003e /etc/sysctl.conf\r\necho \"net.core.somaxconn = 65535\" \u003e\u003e /etc/sysctl.conf\r\necho \"net.ipv4.tcp_max_syn_backlog = 65535\" \u003e\u003e /etc/sysctl.conf\r\necho \"net.ipv4.ip_local_port_range = 1024 65535\" \u003e\u003e /etc/sysctl.conf\r\nsysctl -p\r\necho \"* soft nofile 65535\" \u003e\u003e /etc/security/limits.conf\r\necho \"* hard nofile 65535\" \u003e\u003e /etc/security/limits.conf\r\n\r\nwhile pidof dnf \u003e /dev/null; do sleep 5; done\r\ndnf update -y \u0026\u0026 dnf install docker -y\r\nsystemctl start docker \u0026\u0026 systemctl enable docker\r\n    \r\n# Arrancamos RabbitMQ con credenciales personalizadas para evitar el bloqueo remoto de \"guest\"\r\ndocker run -d --name mi-rabbit --restart unless-stopped --ulimit nofile=65535:65535 -e RABBITMQ_DEFAULT_USER=admin -e RABBITMQ_DEFAULT_PASS=admin123 -p 5672:5672 -p 15672:15672 rabbitmq:3-management\r\n",
            "user_data_base64": null,
            "user_data_replace_on_change": false,
            "volume_tags": null,
            "vpc_security_group_ids": [
              "sg-03f5a14e163eda7c4"
            ]
          },
          "sensitive_attributes": [],
          "identity_schema_version": 0,
          "identity": {
            "account_id": "122845624388",
            "id": "i-019532a41f70b849e",
            "region": "us-east-1"
          },
          "private": "eyJlMmJmYjczMC1lY2FhLTExZTYtOGY4OC0zNDM2M2JjN2M0YzAiOnsiY3JlYXRlIjo2MDAwMDAwMDAwMDAsImRlbGV0ZSI6MTIwMDAwMDAwMDAwMCwicmVhZCI6OTAwMDAwMDAwMDAwLCJ1cGRhdGUiOjYwMDAwMDAwMDAwMH0sInNjaGVtYV92ZXJzaW9uIjoiMiJ9",
          "dependencies": [
            "aws_security_group.rabbitmq_sg",
            "data.aws_ami.amazon_linux"
          ]
        }
      ]
    },
    {
      "mode": "managed",
      "type": "aws_instance",
      "name": "redis",
      "provider": "provider[\"registry.terraform.io/hashicorp/aws\"]",
      "instances": [
        {
          "schema_version": 2,
          "attributes": {
            "ami": "ami-00fa360e28f425da0",
            "arn": "arn:aws:ec2:us-east-1:122845624388:instance/i-0b5c94d131f1216c6",
            "associate_public_ip_address": true,
            "availability_zone": "us-east-1b",
            "capacity_reservation_specification": [
              {
                "capacity_reservation_preference": "open",
                "capacity_reservation_target": []
              }
            ],
            "cpu_options": [
              {
                "amd_sev_snp": "",
                "core_count": 1,
                "nested_virtualization": "",
                "threads_per_core": 2
              }
            ],
            "credit_specification": [
              {
                "cpu_credits": "unlimited"
              }
            ],
            "disable_api_stop": false,
            "disable_api_termination": false,
            "ebs_block_device": [],
            "ebs_optimized": false,
            "enable_primary_ipv6": null,
            "enclave_options": [
              {
                "enabled": false
              }
            ],
            "ephemeral_block_device": [],
            "force_destroy": false,
            "get_password_data": false,
            "hibernation": false,
            "host_id": "",
            "host_resource_group_arn": null,
            "iam_instance_profile": "",
            "id": "i-0b5c94d131f1216c6",
            "instance_initiated_shutdown_behavior": "stop",
            "instance_lifecycle": "",
            "instance_market_options": [],
            "instance_state": "running",
            "instance_type": "t3.micro",
            "ipv6_address_count": 0,
            "ipv6_addresses": [],
            "key_name": "clave-rabbitmq-server",
            "launch_template": [],
            "maintenance_options": [
              {
                "auto_recovery": "default"
              }
            ],
            "metadata_options": [
              {
                "http_endpoint": "enabled",
                "http_protocol_ipv6": "disabled",
                "http_put_response_hop_limit": 2,
                "http_tokens": "required",
                "instance_metadata_tags": "disabled"
              }
            ],
            "monitoring": false,
            "network_interface": [],
            "outpost_arn": "",
            "password_data": "",
            "placement_group": "",
            "placement_group_id": "",
            "placement_partition_number": 0,
            "primary_network_interface": [
              {
                "delete_on_termination": true,
                "network_interface_id": "eni-09e881583ff83f428"
              }
            ],
            "primary_network_interface_id": "eni-09e881583ff83f428",
            "private_dns": "ip-172-31-18-195.ec2.internal",
            "private_dns_name_options": [
              {
                "enable_resource_name_dns_a_record": false,
                "enable_resource_name_dns_aaaa_record": false,
                "hostname_type": "ip-name"
              }
            ],
            "private_ip": "172.31.18.195",
            "public_dns": "ec2-98-93-94-97.compute-1.amazonaws.com",
            "public_ip": "98.93.94.97",
            "region": "us-east-1",
            "root_block_device": [
              {
                "delete_on_termination": true,
                "device_name": "/dev/xvda",
                "encrypted": false,
                "iops": 3000,
                "kms_key_id": "",
                "tags": {},
                "tags_all": {},
                "throughput": 125,
                "volume_id": "vol-04ef5c0699043f604",
                "volume_size": 8,
                "volume_type": "gp3"
              }
            ],
            "secondary_network_interface": [],
            "secondary_private_ips": [],
            "security_groups": [
              "indirect_redis_sg"
            ],
            "source_dest_check": true,
            "spot_instance_request_id": "",
            "subnet_id": "subnet-0944233ef6d0bb2a4",
            "tags": {
              "Name": "Redis-Indirect"
            },
            "tags_all": {
              "Name": "Redis-Indirect"
            },
            "tenancy": "default",
            "timeouts": null,
            "user_data": "#!/bin/bash\r\nwhile pidof dnf \u003e /dev/null; do sleep 5; done\r\ndnf update -y \u0026\u0026 dnf install docker -y\r\nsystemctl start docker \u0026\u0026 systemctl enable docker\r\ndocker run -d --name mi-redis --restart unless-stopped -p 6379:6379 redis:latest redis-server --requirepass \"admin123\"\r\n",
            "user_data_base64": null,
            "user_data_replace_on_change": false,
            "volume_tags": null,
            "vpc_security_group_ids": [
              "sg-0cb3416ee789f101b"
            ]
          },
          "sensitive_attributes": [],
          "identity_schema_version": 0,
          "identity": {
            "account_id": "122845624388",
            "id": "i-0b5c94d131f1216c6",
            "region": "us-east-1"
          },
          "private": "eyJlMmJmYjczMC1lY2FhLTExZTYtOGY4OC0zNDM2M2JjN2M0YzAiOnsiY3JlYXRlIjo2MDAwMDAwMDAwMDAsImRlbGV0ZSI6MTIwMDAwMDAwMDAwMCwicmVhZCI6OTAwMDAwMDAwMDAwLCJ1cGRhdGUiOjYwMDAwMDAwMDAwMH0sInNjaGVtYV92ZXJzaW9uIjoiMiJ9",
          "dependencies": [
            "aws_security_group.client_sg",
            "aws_security_group.redis_sg",
            "aws_security_group.worker_sg",
            "data.aws_ami.amazon_linux"
          ]
        }
      ]
    },
    {
      "mode": "managed",
      "type": "aws_instance",
      "name": "worker",
      "provider": "provider[\"registry.terraform.io/hashicorp/aws\"]",
      "instances": [
        {
          "index_key": 0,
          "schema_version": 2,
          "attributes": {
            "ami": "ami-00fa360e28f425da0",
            "arn": "arn:aws:ec2:us-east-1:122845624388:instance/i-0c2e026f02c9a9b2e",
            "associate_public_ip_address": true,
            "availability_zone": "us-east-1b",
            "capacity_reservation_specification": [
              {
                "capacity_reservation_preference": "open",
                "capacity_reservation_target": []
              }
            ],
            "cpu_options": [
              {
                "amd_sev_snp": "",
                "core_count": 1,
                "nested_virtualization": "",
                "threads_per_core": 2
              }
            ],
            "credit_specification": [
              {
                "cpu_credits": "unlimited"
              }
            ],
            "disable_api_stop": false,
            "disable_api_termination": false,
            "ebs_block_device": [],
            "ebs_optimized": false,
            "enable_primary_ipv6": null,
            "enclave_options": [
              {
                "enabled": false
              }
            ],
            "ephemeral_block_device": [],
            "force_destroy": false,
            "get_password_data": false,
            "hibernation": false,
            "host_id": "",
            "host_resource_group_arn": null,
            "iam_instance_profile": "",
            "id": "i-0c2e026f02c9a9b2e",
            "instance_initiated_shutdown_behavior": "stop",
            "instance_lifecycle": "",
            "instance_market_options": [],
            "instance_state": "running",
            "instance_type": "t3.micro",
            "ipv6_address_count": 0,
            "ipv6_addresses": [],
            "key_name": "clave-rabbitmq-server",
            "launch_template": [],
            "maintenance_options": [
              {
                "auto_recovery": "default"
              }
            ],
            "metadata_options": [
              {
                "http_endpoint": "enabled",
                "http_protocol_ipv6": "disabled",
                "http_put_response_hop_limit": 2,
                "http_tokens": "required",
                "instance_metadata_tags": "disabled"
              }
            ],
            "monitoring": false,
            "network_interface": [],
            "outpost_arn": "",
            "password_data": "",
            "placement_group": "",
            "placement_group_id": "",
            "placement_partition_number": 0,
            "primary_network_interface": [
              {
                "delete_on_termination": true,
                "network_interface_id": "eni-05df764f2698cba7a"
              }
            ],
            "primary_network_interface_id": "eni-05df764f2698cba7a",
            "private_dns": "ip-172-31-25-55.ec2.internal",
            "private_dns_name_options": [
              {
                "enable_resource_name_dns_a_record": false,
                "enable_resource_name_dns_aaaa_record": false,
                "hostname_type": "ip-name"
              }
            ],
            "private_ip": "172.31.25.55",
            "public_dns": "ec2-34-229-165-37.compute-1.amazonaws.com",
            "public_ip": "34.229.165.37",
            "region": "us-east-1",
            "root_block_device": [
              {
                "delete_on_termination": true,
                "device_name": "/dev/xvda",
                "encrypted": false,
                "iops": 3000,
                "kms_key_id": "",
                "tags": {},
                "tags_all": {},
                "throughput": 125,
                "volume_id": "vol-063aa1830c27dfc3f",
                "volume_size": 8,
                "volume_type": "gp3"
              }
            ],
            "secondary_network_interface": [],
            "secondary_private_ips": [],
            "security_groups": [
              "indirect_worker_sg"
            ],
            "source_dest_check": true,
            "spot_instance_request_id": "",
            "subnet_id": "subnet-0944233ef6d0bb2a4",
            "tags": {
              "Name": "Worker-Indirect-1"
            },
            "tags_all": {
              "Name": "Worker-Indirect-1"
            },
            "tenancy": "default",
            "timeouts": null,
            "user_data": "    #!/bin/bash\r\n    # Límites de red para los workers\r\n    echo \"fs.file-max = 2097152\" \u003e\u003e /etc/sysctl.conf\r\n    echo \"net.core.somaxconn = 65535\" \u003e\u003e /etc/sysctl.conf\r\n    echo \"net.ipv4.tcp_max_syn_backlog = 65535\" \u003e\u003e /etc/sysctl.conf\r\n    echo \"net.ipv4.ip_local_port_range = 1024 65535\" \u003e\u003e /etc/sysctl.conf\r\n    sysctl -p\r\n    echo \"* soft nofile 65535\" \u003e\u003e /etc/security/limits.conf\r\n    echo \"* hard nofile 65535\" \u003e\u003e /etc/security/limits.conf\r\n\r\n    while pidof dnf \u003e /dev/null; do sleep 5; done\r\n    dnf update -y \u0026\u0026 dnf install -y python3 python3-pip git\r\n    \r\n    cd /home/ec2-user \r\n    git clone https://github.com/waliguren/nuevapractica1_sd.git repo\r\n    mv repo/archivosWorker ./\r\n    rm -rf repo\r\n    \r\n    # Sustituir worker por version corregida (parseo de mensajes + entradas no numeradas)\r\n    python3 \u003c\u003c 'PYEOF' \u003e /home/ec2-user/archivosWorker/indirect_worker.py\r\nimport pika\r\nimport redis\r\nimport os\r\nimport sys\r\nimport time\r\n\r\nREDIS_HOST = os.getenv('REDIS_HOST', 'localhost')\r\nRABBITMQ_HOST = os.getenv('RABBITMQ_HOST', 'localhost')\r\nQUEUE_NAME = 'booking_queue'\r\n\r\nmax_reintentos = 12\r\nfor i in range(max_reintentos):\r\n    try:\r\n        r = redis.Redis(host=REDIS_HOST, port=6379, password=\"admin123\", decode_responses=True)\r\n        r.ping()\r\n        print(f\"Conectado a Redis en {REDIS_HOST}\")\r\n        break\r\n    except Exception as e:\r\n        print(f\"Redis no responde. Reintentando en 5s... ({i+1}/{max_reintentos})\")\r\n        time.sleep(5)\r\nelse:\r\n    print(\"Imposible conectar a Redis. Apagando worker.\")\r\n    sys.exit(1)\r\n\r\nfor i in range(max_reintentos):\r\n    try:\r\n        credentials = pika.PlainCredentials('admin', 'admin123')\r\n        parameters = pika.ConnectionParameters(host=RABBITMQ_HOST, port=5672, virtual_host='/', credentials=credentials)\r\n        connection = pika.BlockingConnection(parameters)\r\n        channel = connection.channel()\r\n        channel.queue_declare(queue=QUEUE_NAME, durable=True)\r\n        channel.basic_qos(prefetch_count=100)\r\n        print(f\"Conectado a RabbitMQ en {RABBITMQ_HOST}. Esperando trabajo...\")\r\n        break\r\n    except:\r\n        print(f\"RabbitMQ no responde. Reintentando en 5s... ({i+1}/{max_reintentos})\")\r\n        time.sleep(5)\r\nelse:\r\n    print(\"Imposible conectar a RabbitMQ. Apagando worker.\")\r\n    sys.exit(1)\r\n\r\ndef procesar_mensaje(ch, method, props, body):\r\n    peticion = body.decode().strip()\r\n    partes = peticion.split()\r\n    if len(partes) \u003c 2 or partes[0] != \"BUY\":\r\n        respuesta_http = \"400\"\r\n    elif len(partes) == 3:\r\n        disponibles = r.decr('entradas_disponibles')\r\n        if disponibles \u003e= 0:\r\n            respuesta_http = \"200\"\r\n        else:\r\n            r.incr('entradas_disponibles')\r\n            respuesta_http = \"400\"\r\n    elif len(partes) == 4:\r\n        asiento = partes[2]\r\n        exito = r.setnx(f\"asiento_{asiento}\", \"vendido\")\r\n        respuesta_http = \"200\" if exito else \"409\"\r\n    else:\r\n        respuesta_http = \"400\"\r\n    print(f\"{peticion} -\u003e {respuesta_http}\")\r\n    if props.reply_to and props.correlation_id:\r\n        ch.basic_publish(exchange='', routing_key=props.reply_to, properties=pika.BasicProperties(correlation_id=props.correlation_id), body=respuesta_http)\r\n    ch.basic_ack(delivery_tag=method.delivery_tag)\r\n\r\nchannel.basic_consume(queue=QUEUE_NAME, on_message_callback=procesar_mensaje)\r\ntry:\r\n    channel.start_consuming()\r\nexcept KeyboardInterrupt:\r\n    connection.close()\r\nPYEOF\r\n    \r\n    cd archivosWorker\r\n    \r\n    # Añadimos variables de entorno\r\n    echo \"export REDIS_HOST=172.31.18.195\" \u003e\u003e /home/ec2-user/.bashrc\r\n    echo \"export RABBITMQ_HOST=172.31.28.138\" \u003e\u003e /home/ec2-user/.bashrc\r\n    export REDIS_HOST=172.31.18.195\r\n    export RABBITMQ_HOST=172.31.28.138\r\n    \r\n    python3 -m venv venv \u0026\u0026 venv/bin/pip install redis pika\r\n    \r\n    ulimit -n 65535\r\n    nohup venv/bin/python3 indirect_worker.py \u003e worker.log 2\u003e\u00261 \u0026\r\n",
            "user_data_base64": null,
            "user_data_replace_on_change": false,
            "volume_tags": null,
            "vpc_security_group_ids": [
              "sg-048649553280e7c25"
            ]
          },
          "sensitive_attributes": [],
          "identity_schema_version": 0,
          "identity": {
            "account_id": "122845624388",
            "id": "i-0c2e026f02c9a9b2e",
            "region": "us-east-1"
          },
          "private": "eyJlMmJmYjczMC1lY2FhLTExZTYtOGY4OC0zNDM2M2JjN2M0YzAiOnsiY3JlYXRlIjo2MDAwMDAwMDAwMDAsImRlbGV0ZSI6MTIwMDAwMDAwMDAwMCwicmVhZCI6OTAwMDAwMDAwMDAwLCJ1cGRhdGUiOjYwMDAwMDAwMDAwMH0sInNjaGVtYV92ZXJzaW9uIjoiMiJ9",
          "dependencies": [
            "aws_instance.rabbitmq",
            "aws_instance.redis",
            "aws_security_group.client_sg",
            "aws_security_group.rabbitmq_sg",
            "aws_security_group.redis_sg",
            "aws_security_group.worker_sg",
            "data.aws_ami.amazon_linux"
          ]
        },
        {
          "index_key": 1,
          "schema_version": 2,
          "attributes": {
            "ami": "ami-00fa360e28f425da0",
            "arn": "arn:aws:ec2:us-east-1:122845624388:instance/i-0b76ad643b7a49870",
            "associate_public_ip_address": true,
            "availability_zone": "us-east-1b",
            "capacity_reservation_specification": [
              {
                "capacity_reservation_preference": "open",
                "capacity_reservation_target": []
              }
            ],
            "cpu_options": [
              {
                "amd_sev_snp": "",
                "core_count": 1,
                "nested_virtualization": "",
                "threads_per_core": 2
              }
            ],
            "credit_specification": [
              {
                "cpu_credits": "unlimited"
              }
            ],
            "disable_api_stop": false,
            "disable_api_termination": false,
            "ebs_block_device": [],
            "ebs_optimized": false,
            "enable_primary_ipv6": null,
            "enclave_options": [
              {
                "enabled": false
              }
            ],
            "ephemeral_block_device": [],
            "force_destroy": false,
            "get_password_data": false,
            "hibernation": false,
            "host_id": "",
            "host_resource_group_arn": null,
            "iam_instance_profile": "",
            "id": "i-0b76ad643b7a49870",
            "instance_initiated_shutdown_behavior": "stop",
            "instance_lifecycle": "",
            "instance_market_options": [],
            "instance_state": "running",
            "instance_type": "t3.micro",
            "ipv6_address_count": 0,
            "ipv6_addresses": [],
            "key_name": "clave-rabbitmq-server",
            "launch_template": [],
            "maintenance_options": [
              {
                "auto_recovery": "default"
              }
            ],
            "metadata_options": [
              {
                "http_endpoint": "enabled",
                "http_protocol_ipv6": "disabled",
                "http_put_response_hop_limit": 2,
                "http_tokens": "required",
                "instance_metadata_tags": "disabled"
              }
            ],
            "monitoring": false,
            "network_interface": [],
            "outpost_arn": "",
            "password_data": "",
            "placement_group": "",
            "placement_group_id": "",
            "placement_partition_number": 0,
            "primary_network_interface": [
              {
                "delete_on_termination": true,
                "network_interface_id": "eni-07f20253d1677dd13"
              }
            ],
            "primary_network_interface_id": "eni-07f20253d1677dd13",
            "private_dns": "ip-172-31-21-213.ec2.internal",
            "private_dns_name_options": [
              {
                "enable_resource_name_dns_a_record": false,
                "enable_resource_name_dns_aaaa_record": false,
                "hostname_type": "ip-name"
              }
            ],
            "private_ip": "172.31.21.213",
            "public_dns": "ec2-54-82-79-39.compute-1.amazonaws.com",
            "public_ip": "54.82.79.39",
            "region": "us-east-1",
            "root_block_device": [
              {
                "delete_on_termination": true,
                "device_name": "/dev/xvda",
                "encrypted": false,
                "iops": 3000,
                "kms_key_id": "",
                "tags": {},
                "tags_all": {},
                "throughput": 125,
                "volume_id": "vol-0672b8f8dcff01cd2",
                "volume_size": 8,
                "volume_type": "gp3"
              }
            ],
            "secondary_network_interface": [],
            "secondary_private_ips": [],
            "security_groups": [
              "indirect_worker_sg"
            ],
            "source_dest_check": true,
            "spot_instance_request_id": "",
            "subnet_id": "subnet-0944233ef6d0bb2a4",
            "tags": {
              "Name": "Worker-Indirect-2"
            },
            "tags_all": {
              "Name": "Worker-Indirect-2"
            },
            "tenancy": "default",
            "timeouts": null,
            "user_data": "    #!/bin/bash\r\n    # Límites de red para los workers\r\n    echo \"fs.file-max = 2097152\" \u003e\u003e /etc/sysctl.conf\r\n    echo \"net.core.somaxconn = 65535\" \u003e\u003e /etc/sysctl.conf\r\n    echo \"net.ipv4.tcp_max_syn_backlog = 65535\" \u003e\u003e /etc/sysctl.conf\r\n    echo \"net.ipv4.ip_local_port_range = 1024 65535\" \u003e\u003e /etc/sysctl.conf\r\n    sysctl -p\r\n    echo \"* soft nofile 65535\" \u003e\u003e /etc/security/limits.conf\r\n    echo \"* hard nofile 65535\" \u003e\u003e /etc/security/limits.conf\r\n\r\n    while pidof dnf \u003e /dev/null; do sleep 5; done\r\n    dnf update -y \u0026\u0026 dnf install -y python3 python3-pip git\r\n    \r\n    cd /home/ec2-user \r\n    git clone https://github.com/waliguren/nuevapractica1_sd.git repo\r\n    mv repo/archivosWorker ./\r\n    rm -rf repo\r\n    \r\n    # Sustituir worker por version corregida (parseo de mensajes + entradas no numeradas)\r\n    python3 \u003c\u003c 'PYEOF' \u003e /home/ec2-user/archivosWorker/indirect_worker.py\r\nimport pika\r\nimport redis\r\nimport os\r\nimport sys\r\nimport time\r\n\r\nREDIS_HOST = os.getenv('REDIS_HOST', 'localhost')\r\nRABBITMQ_HOST = os.getenv('RABBITMQ_HOST', 'localhost')\r\nQUEUE_NAME = 'booking_queue'\r\n\r\nmax_reintentos = 12\r\nfor i in range(max_reintentos):\r\n    try:\r\n        r = redis.Redis(host=REDIS_HOST, port=6379, password=\"admin123\", decode_responses=True)\r\n        r.ping()\r\n        print(f\"Conectado a Redis en {REDIS_HOST}\")\r\n        break\r\n    except Exception as e:\r\n        print(f\"Redis no responde. Reintentando en 5s... ({i+1}/{max_reintentos})\")\r\n        time.sleep(5)\r\nelse:\r\n    print(\"Imposible conectar a Redis. Apagando worker.\")\r\n    sys.exit(1)\r\n\r\nfor i in range(max_reintentos):\r\n    try:\r\n        credentials = pika.PlainCredentials('admin', 'admin123')\r\n        parameters = pika.ConnectionParameters(host=RABBITMQ_HOST, port=5672, virtual_host='/', credentials=credentials)\r\n        connection = pika.BlockingConnection(parameters)\r\n        channel = connection.channel()\r\n        channel.queue_declare(queue=QUEUE_NAME, durable=True)\r\n        channel.basic_qos(prefetch_count=100)\r\n        print(f\"Conectado a RabbitMQ en {RABBITMQ_HOST}. Esperando trabajo...\")\r\n        break\r\n    except:\r\n        print(f\"RabbitMQ no responde. Reintentando en 5s... ({i+1}/{max_reintentos})\")\r\n        time.sleep(5)\r\nelse:\r\n    print(\"Imposible conectar a RabbitMQ. Apagando worker.\")\r\n    sys.exit(1)\r\n\r\ndef procesar_mensaje(ch, method, props, body):\r\n    peticion = body.decode().strip()\r\n    partes = peticion.split()\r\n    if len(partes) \u003c 2 or partes[0] != \"BUY\":\r\n        respuesta_http = \"400\"\r\n    elif len(partes) == 3:\r\n        disponibles = r.decr('entradas_disponibles')\r\n        if disponibles \u003e= 0:\r\n            respuesta_http = \"200\"\r\n        else:\r\n            r.incr('entradas_disponibles')\r\n            respuesta_http = \"400\"\r\n    elif len(partes) == 4:\r\n        asiento = partes[2]\r\n        exito = r.setnx(f\"asiento_{asiento}\", \"vendido\")\r\n        respuesta_http = \"200\" if exito else \"409\"\r\n    else:\r\n        respuesta_http = \"400\"\r\n    print(f\"{peticion} -\u003e {respuesta_http}\")\r\n    if props.reply_to and props.correlation_id:\r\n        ch.basic_publish(exchange='', routing_key=props.reply_to, properties=pika.BasicProperties(correlation_id=props.correlation_id), body=respuesta_http)\r\n    ch.basic_ack(delivery_tag=method.delivery_tag)\r\n\r\nchannel.basic_consume(queue=QUEUE_NAME, on_message_callback=procesar_mensaje)\r\ntry:\r\n    channel.start_consuming()\r\nexcept KeyboardInterrupt:\r\n    connection.close()\r\nPYEOF\r\n    \r\n    cd archivosWorker\r\n    \r\n    # Añadimos variables de entorno\r\n    echo \"export REDIS_HOST=172.31.18.195\" \u003e\u003e /home/ec2-user/.bashrc\r\n    echo \"export RABBITMQ_HOST=172.31.28.138\" \u003e\u003e /home/ec2-user/.bashrc\r\n    export REDIS_HOST=172.31.18.195\r\n    export RABBITMQ_HOST=172.31.28.138\r\n    \r\n    python3 -m venv venv \u0026\u0026 venv/bin/pip install redis pika\r\n    \r\n    ulimit -n 65535\r\n    nohup venv/bin/python3 indirect_worker.py \u003e worker.log 2\u003e\u00261 \u0026\r\n",
            "user_data_base64": null,
            "user_data_replace_on_change": false,
            "volume_tags": null,
            "vpc_security_group_ids": [
              "sg-048649553280e7c25"
            ]
          },
          "sensitive_attributes": [],
          "identity_schema_version": 0,
          "identity": {
            "account_id": "122845624388",
            "id": "i-0b76ad643b7a49870",
            "region": "us-east-1"
          },
          "private": "eyJlMmJmYjczMC1lY2FhLTExZTYtOGY4OC0zNDM2M2JjN2M0YzAiOnsiY3JlYXRlIjo2MDAwMDAwMDAwMDAsImRlbGV0ZSI6MTIwMDAwMDAwMDAwMCwicmVhZCI6OTAwMDAwMDAwMDAwLCJ1cGRhdGUiOjYwMDAwMDAwMDAwMH0sInNjaGVtYV92ZXJzaW9uIjoiMiJ9",
          "dependencies": [
            "aws_instance.rabbitmq",
            "aws_instance.redis",
            "aws_security_group.client_sg",
            "aws_security_group.rabbitmq_sg",
            "aws_security_group.redis_sg",
            "aws_security_group.worker_sg",
            "data.aws_ami.amazon_linux"
          ]
        }
      ]
    },
    {
      "mode": "managed",
      "type": "aws_security_group",
      "name": "client_sg",
      "provider": "provider[\"registry.terraform.io/hashicorp/aws\"]",
      "instances": [
        {
          "schema_version": 1,
          "attributes": {
            "arn": "arn:aws:ec2:us-east-1:122845624388:security-group/sg-055bf568ab264f709",
            "description": "Managed by Terraform",
            "egress": [
              {
                "cidr_blocks": [
                  "0.0.0.0/0"
                ],
                "description": "",
                "from_port": 0,
                "ipv6_cidr_blocks": [],
                "prefix_list_ids": [],
                "protocol": "-1",
                "security_groups": [],
                "self": false,
                "to_port": 0
              }
            ],
            "id": "sg-055bf568ab264f709",
            "ingress": [
              {
                "cidr_blocks": [
                  "0.0.0.0/0"
                ],
                "description": "",
                "from_port": 22,
                "ipv6_cidr_blocks": [],
                "prefix_list_ids": [],
                "protocol": "tcp",
                "security_groups": [],
                "self": false,
                "to_port": 22
              }
            ],
            "name": "indirect_client_sg",
            "name_prefix": "",
            "owner_id": "122845624388",
            "region": "us-east-1",
            "revoke_rules_on_delete": false,
            "tags": null,
            "tags_all": {},
            "timeouts": null,
            "vpc_id": "vpc-03ca2887b8e3f42c9"
          },
          "sensitive_attributes": [],
          "identity_schema_version": 0,
          "identity": {
            "account_id": "122845624388",
            "id": "sg-055bf568ab264f709",
            "region": "us-east-1"
          },
          "private": "eyJlMmJmYjczMC1lY2FhLTExZTYtOGY4OC0zNDM2M2JjN2M0YzAiOnsiY3JlYXRlIjo2MDAwMDAwMDAwMDAsImRlbGV0ZSI6OTAwMDAwMDAwMDAwfSwic2NoZW1hX3ZlcnNpb24iOiIxIn0="
        }
      ]
    },
    {
      "mode": "managed",
      "type": "aws_security_group",
      "name": "rabbitmq_sg",
      "provider": "provider[\"registry.terraform.io/hashicorp/aws\"]",
      "instances": [
        {
          "schema_version": 1,
          "attributes": {
            "arn": "arn:aws:ec2:us-east-1:122845624388:security-group/sg-03f5a14e163eda7c4",
            "description": "Managed by Terraform",
            "egress": [
              {
                "cidr_blocks": [
                  "0.0.0.0/0"
                ],
                "description": "",
                "from_port": 0,
                "ipv6_cidr_blocks": [],
                "prefix_list_ids": [],
                "protocol": "-1",
                "security_groups": [],
                "self": false,
                "to_port": 0
              }
            ],
            "id": "sg-03f5a14e163eda7c4",
            "ingress": [
              {
                "cidr_blocks": [
                  "0.0.0.0/0"
                ],
                "description": "",
                "from_port": 15672,
                "ipv6_cidr_blocks": [],
                "prefix_list_ids": [],
                "protocol": "tcp",
                "security_groups": [],
                "self": false,
                "to_port": 15672
              },
              {
                "cidr_blocks": [
                  "0.0.0.0/0"
                ],
                "description": "",
                "from_port": 22,
                "ipv6_cidr_blocks": [],
                "prefix_list_ids": [],
                "protocol": "tcp",
                "security_groups": [],
                "self": false,
                "to_port": 22
              },
              {
                "cidr_blocks": [
                  "0.0.0.0/0"
                ],
                "description": "",
                "from_port": 5672,
                "ipv6_cidr_blocks": [],
                "prefix_list_ids": [],
                "protocol": "tcp",
                "security_groups": [],
                "self": false,
                "to_port": 5672
              }
            ],
            "name": "indirect_rabbitmq_sg",
            "name_prefix": "",
            "owner_id": "122845624388",
            "region": "us-east-1",
            "revoke_rules_on_delete": false,
            "tags": null,
            "tags_all": {},
            "timeouts": null,
            "vpc_id": "vpc-03ca2887b8e3f42c9"
          },
          "sensitive_attributes": [],
          "identity_schema_version": 0,
          "identity": {
            "account_id": "122845624388",
            "id": "sg-03f5a14e163eda7c4",
            "region": "us-east-1"
          },
          "private": "eyJlMmJmYjczMC1lY2FhLTExZTYtOGY4OC0zNDM2M2JjN2M0YzAiOnsiY3JlYXRlIjo2MDAwMDAwMDAwMDAsImRlbGV0ZSI6OTAwMDAwMDAwMDAwfSwic2NoZW1hX3ZlcnNpb24iOiIxIn0="
        }
      ]
    },
    {
      "mode": "managed",
      "type": "aws_security_group",
      "name": "redis_sg",
      "provider": "provider[\"registry.terraform.io/hashicorp/aws\"]",
      "instances": [
        {
          "schema_version": 1,
          "attributes": {
            "arn": "arn:aws:ec2:us-east-1:122845624388:security-group/sg-0cb3416ee789f101b",
            "description": "Managed by Terraform",
            "egress": [
              {
                "cidr_blocks": [
                  "0.0.0.0/0"
                ],
                "description": "",
                "from_port": 0,
                "ipv6_cidr_blocks": [],
                "prefix_list_ids": [],
                "protocol": "-1",
                "security_groups": [],
                "self": false,
                "to_port": 0
              }
            ],
            "id": "sg-0cb3416ee789f101b",
            "ingress": [
              {
                "cidr_blocks": [
                  "0.0.0.0/0"
                ],
                "description": "",
                "from_port": 22,
                "ipv6_cidr_blocks": [],
                "prefix_list_ids": [],
                "protocol": "tcp",
                "security_groups": [],
                "self": false,
                "to_port": 22
              },
              {
                "cidr_blocks": [],
                "description": "",
                "from_port": 6379,
                "ipv6_cidr_blocks": [],
                "prefix_list_ids": [],
                "protocol": "tcp",
                "security_groups": [
                  "sg-048649553280e7c25",
                  "sg-055bf568ab264f709"
                ],
                "self": false,
                "to_port": 6379
              }
            ],
            "name": "indirect_redis_sg",
            "name_prefix": "",
            "owner_id": "122845624388",
            "region": "us-east-1",
            "revoke_rules_on_delete": false,
            "tags": null,
            "tags_all": {},
            "timeouts": null,
            "vpc_id": "vpc-03ca2887b8e3f42c9"
          },
          "sensitive_attributes": [],
          "identity_schema_version": 0,
          "identity": {
            "account_id": "122845624388",
            "id": "sg-0cb3416ee789f101b",
            "region": "us-east-1"
          },
          "private": "eyJlMmJmYjczMC1lY2FhLTExZTYtOGY4OC0zNDM2M2JjN2M0YzAiOnsiY3JlYXRlIjo2MDAwMDAwMDAwMDAsImRlbGV0ZSI6OTAwMDAwMDAwMDAwfSwic2NoZW1hX3ZlcnNpb24iOiIxIn0=",
          "dependencies": [
            "aws_security_group.client_sg",
            "aws_security_group.worker_sg"
          ]
        }
      ]
    },
    {
      "mode": "managed",
      "type": "aws_security_group",
      "name": "worker_sg",
      "provider": "provider[\"registry.terraform.io/hashicorp/aws\"]",
      "instances": [
        {
          "schema_version": 1,
          "attributes": {
            "arn": "arn:aws:ec2:us-east-1:122845624388:security-group/sg-048649553280e7c25",
            "description": "Managed by Terraform",
            "egress": [
              {
                "cidr_blocks": [
                  "0.0.0.0/0"
                ],
                "description": "",
                "from_port": 0,
                "ipv6_cidr_blocks": [],
                "prefix_list_ids": [],
                "protocol": "-1",
                "security_groups": [],
                "self": false,
                "to_port": 0
              }
            ],
            "id": "sg-048649553280e7c25",
            "ingress": [
              {
                "cidr_blocks": [
                  "0.0.0.0/0"
                ],
                "description": "",
                "from_port": 22,
                "ipv6_cidr_blocks": [],
                "prefix_list_ids": [],
                "protocol": "tcp",
                "security_groups": [],
                "self": false,
                "to_port": 22
              }
            ],
            "name": "indirect_worker_sg",
            "name_prefix": "",
            "owner_id": "122845624388",
            "region": "us-east-1",
            "revoke_rules_on_delete": false,
            "tags": null,
            "tags_all": {},
            "timeouts": null,
            "vpc_id": "vpc-03ca2887b8e3f42c9"
          },
          "sensitive_attributes": [],
          "identity_schema_version": 0,
          "identity": {
            "account_id": "122845624388",
            "id": "sg-048649553280e7c25",
            "region": "us-east-1"
          },
          "private": "eyJlMmJmYjczMC1lY2FhLTExZTYtOGY4OC0zNDM2M2JjN2M0YzAiOnsiY3JlYXRlIjo2MDAwMDAwMDAwMDAsImRlbGV0ZSI6OTAwMDAwMDAwMDAwfSwic2NoZW1hX3ZlcnNpb24iOiIxIn0="
        }
      ]
    }
  ],
  "check_results": null
}
