{
  "version": 4,
  "terraform_version": "1.15.4",
  "serial": 10,
  "lineage": "65c6125c-5974-a3e4-1298-9bda1fa50198",
  "outputs": {
    "CLIENTE_SSH": {
      "value": "ssh -i clave-rabbitmq-server.pem ec2-user@18.214.15.111",
      "type": "string"
    },
    "RABBITMQ_PANEL_WEB": {
      "value": "http://44.211.208.149:15672 (user: admin / pass: admin123)",
      "type": "string"
    }
  },
  "resources": [
    {
      "mode": "data",
      "type": "aws_ami",
      "name": "amazon_linux",
      "provider": "provider[\"registry.terraform.io/hashicorp/aws\"]",
      "instances": [
        {
          "schema_version": 0,
          "attributes": {
            "allow_unsafe_filter": null,
            "architecture": "x86_64",
            "arn": "arn:aws:ec2:us-east-1::image/ami-01bda64f81b5f8e4f",
            "block_device_mappings": [
              {
                "device_name": "/dev/xvda",
                "ebs": {
                  "delete_on_termination": "true",
                  "encrypted": "false",
                  "iops": "3000",
                  "snapshot_id": "snap-0dd858fb24f03103b",
                  "throughput": "125",
                  "volume_initialization_rate": "0",
                  "volume_size": "8",
                  "volume_type": "gp3"
                },
                "no_device": "",
                "virtual_name": ""
              }
            ],
            "boot_mode": "uefi-preferred",
            "creation_date": "2026-05-15T01:53:04.000Z",
            "deprecation_time": "2026-08-13T02:00:00.000Z",
            "description": "Amazon Linux 2023 AMI 2023.11.20260514.0 x86_64 HVM kernel-6.12",
            "ena_support": true,
            "executable_users": null,
            "filter": [
              {
                "name": "name",
                "values": [
                  "al2023-ami-2023.*-x86_64"
                ]
              },
              {
                "name": "virtualization-type",
                "values": [
                  "hvm"
                ]
              }
            ],
            "hypervisor": "xen",
            "id": "ami-01bda64f81b5f8e4f",
            "image_id": "ami-01bda64f81b5f8e4f",
            "image_location": "amazon/al2023-ami-2023.11.20260514.0-kernel-6.12-x86_64",
            "image_owner_alias": "amazon",
            "image_type": "machine",
            "imds_support": "v2.0",
            "include_deprecated": false,
            "kernel_id": "",
            "last_launched_time": "",
            "most_recent": true,
            "name": "al2023-ami-2023.11.20260514.0-kernel-6.12-x86_64",
            "name_regex": null,
            "owner_id": "137112412989",
            "owners": [
              "amazon"
            ],
            "platform": "",
            "platform_details": "Linux/UNIX",
            "product_codes": [],
            "public": true,
            "ramdisk_id": "",
            "region": "us-east-1",
            "root_device_name": "/dev/xvda",
            "root_device_type": "ebs",
            "root_snapshot_id": "snap-0dd858fb24f03103b",
            "sriov_net_support": "simple",
            "state": "available",
            "state_reason": {
              "code": "UNSET",
              "message": "UNSET"
            },
            "tags": {},
            "timeouts": null,
            "tpm_support": "",
            "uefi_data": null,
            "usage_operation": "RunInstances",
            "virtualization_type": "hvm"
          },
          "sensitive_attributes": [],
          "identity_schema_version": 0
        }
      ]
    },
    {
      "mode": "managed",
      "type": "aws_instance",
      "name": "client",
      "provider": "provider[\"registry.terraform.io/hashicorp/aws\"]",
      "instances": [
        {
          "schema_version": 2,
          "attributes": {
            "ami": "ami-01bda64f81b5f8e4f",
            "arn": "arn:aws:ec2:us-east-1:344602101473:instance/i-0c0dd84df50a2ab68",
            "associate_public_ip_address": true,
            "availability_zone": "us-east-1d",
            "capacity_reservation_specification": [
              {
                "capacity_reservation_preference": "open",
                "capacity_reservation_target": []
              }
            ],
            "cpu_options": [
              {
                "amd_sev_snp": "",
                "core_count": 1,
                "nested_virtualization": "",
                "threads_per_core": 2
              }
            ],
            "credit_specification": [
              {
                "cpu_credits": "unlimited"
              }
            ],
            "disable_api_stop": false,
            "disable_api_termination": false,
            "ebs_block_device": [],
            "ebs_optimized": false,
            "enable_primary_ipv6": null,
            "enclave_options": [
              {
                "enabled": false
              }
            ],
            "ephemeral_block_device": [],
            "force_destroy": false,
            "get_password_data": false,
            "hibernation": false,
            "host_id": "",
            "host_resource_group_arn": null,
            "iam_instance_profile": "",
            "id": "i-0c0dd84df50a2ab68",
            "instance_initiated_shutdown_behavior": "stop",
            "instance_lifecycle": "",
            "instance_market_options": [],
            "instance_state": "running",
            "instance_type": "t3.micro",
            "ipv6_address_count": 0,
            "ipv6_addresses": [],
            "key_name": "clave-rabbitmq-server",
            "launch_template": [],
            "maintenance_options": [
              {
                "auto_recovery": "default"
              }
            ],
            "metadata_options": [
              {
                "http_endpoint": "enabled",
                "http_protocol_ipv6": "disabled",
                "http_put_response_hop_limit": 2,
                "http_tokens": "required",
                "instance_metadata_tags": "disabled"
              }
            ],
            "monitoring": false,
            "network_interface": [],
            "outpost_arn": "",
            "password_data": "",
            "placement_group": "",
            "placement_group_id": "",
            "placement_partition_number": 0,
            "primary_network_interface": [
              {
                "delete_on_termination": true,
                "network_interface_id": "eni-0b2887fd17d48276f"
              }
            ],
            "primary_network_interface_id": "eni-0b2887fd17d48276f",
            "private_dns": "ip-172-31-1-126.ec2.internal",
            "private_dns_name_options": [
              {
                "enable_resource_name_dns_a_record": false,
                "enable_resource_name_dns_aaaa_record": false,
                "hostname_type": "ip-name"
              }
            ],
            "private_ip": "172.31.1.126",
            "public_dns": "ec2-18-214-15-111.compute-1.amazonaws.com",
            "public_ip": "18.214.15.111",
            "region": "us-east-1",
            "root_block_device": [
              {
                "delete_on_termination": true,
                "device_name": "/dev/xvda",
                "encrypted": false,
                "iops": 3000,
                "kms_key_id": "",
                "tags": {},
                "tags_all": {},
                "throughput": 125,
                "volume_id": "vol-0cfe56c18b1a1d09e",
                "volume_size": 8,
                "volume_type": "gp3"
              }
            ],
            "secondary_network_interface": [],
            "secondary_private_ips": [],
            "security_groups": [
              "indirect_client_sg"
            ],
            "source_dest_check": true,
            "spot_instance_request_id": "",
            "subnet_id": "subnet-0ccc237b14be544c9",
            "tags": {
              "Name": "Client-Indirect"
            },
            "tags_all": {
              "Name": "Client-Indirect"
            },
            "tenancy": "default",
            "timeouts": null,
            "user_data": "#!/bin/bash\r\n# Límites de red para el cliente\r\necho \"fs.file-max = 2097152\" \u003e\u003e /etc/sysctl.conf\r\necho \"net.core.somaxconn = 65535\" \u003e\u003e /etc/sysctl.conf\r\necho \"net.ipv4.tcp_max_syn_backlog = 65535\" \u003e\u003e /etc/sysctl.conf\r\necho \"net.ipv4.ip_local_port_range = 1024 65535\" \u003e\u003e /etc/sysctl.conf\r\nsysctl -p\r\necho \"* soft nofile 65535\" \u003e\u003e /etc/security/limits.conf\r\necho \"* hard nofile 65535\" \u003e\u003e /etc/security/limits.conf\r\n\r\nwhile pidof dnf \u003e /dev/null; do sleep 5; done\r\ndnf update -y \u0026\u0026 dnf install -y python3 python3-pip git\r\n    \r\ncd /home/ec2-user \r\ngit clone https://github.com/waliguren/nuevapractica1_sd.git repo\r\nmv repo/archivosCliente ./\r\nrm -rf repo\r\n    \r\ncd archivosCliente\r\npython3 -m venv venv \u0026\u0026 venv/bin/pip install pika redis aiohttp uvloop\r\n    \r\n# Guardamos las IPs para el cliente y el ulimit automático\r\necho \"export RABBITMQ_HOST=172.31.86.136\" \u003e\u003e /home/ec2-user/.bashrc\r\necho \"export REDIS_HOST=172.31.13.162\" \u003e\u003e /home/ec2-user/.bashrc\r\necho \"ulimit -n 65535\" \u003e\u003e /home/ec2-user/.bashrc\r\n",
            "user_data_base64": null,
            "user_data_replace_on_change": false,
            "volume_tags": null,
            "vpc_security_group_ids": [
              "sg-0ba69c2b4b117f658"
            ]
          },
          "sensitive_attributes": [],
          "identity_schema_version": 0,
          "identity": {
            "account_id": "344602101473",
            "id": "i-0c0dd84df50a2ab68",
            "region": "us-east-1"
          },
          "private": "eyJlMmJmYjczMC1lY2FhLTExZTYtOGY4OC0zNDM2M2JjN2M0YzAiOnsiY3JlYXRlIjo2MDAwMDAwMDAwMDAsImRlbGV0ZSI6MTIwMDAwMDAwMDAwMCwicmVhZCI6OTAwMDAwMDAwMDAwLCJ1cGRhdGUiOjYwMDAwMDAwMDAwMH0sInNjaGVtYV92ZXJzaW9uIjoiMiJ9",
          "dependencies": [
            "aws_instance.rabbitmq",
            "aws_instance.redis",
            "aws_security_group.client_sg",
            "aws_security_group.rabbitmq_sg",
            "aws_security_group.redis_sg",
            "aws_security_group.worker_sg",
            "data.aws_ami.amazon_linux"
          ]
        }
      ]
    },
    {
      "mode": "managed",
      "type": "aws_instance",
      "name": "rabbitmq",
      "provider": "provider[\"registry.terraform.io/hashicorp/aws\"]",
      "instances": [
        {
          "schema_version": 2,
          "attributes": {
            "ami": "ami-01bda64f81b5f8e4f",
            "arn": "arn:aws:ec2:us-east-1:344602101473:instance/i-0effa6baa86a6369e",
            "associate_public_ip_address": true,
            "availability_zone": "us-east-1a",
            "capacity_reservation_specification": [
              {
                "capacity_reservation_preference": "open",
                "capacity_reservation_target": []
              }
            ],
            "cpu_options": [
              {
                "amd_sev_snp": "",
                "core_count": 1,
                "nested_virtualization": "",
                "threads_per_core": 2
              }
            ],
            "credit_specification": [
              {
                "cpu_credits": "unlimited"
              }
            ],
            "disable_api_stop": false,
            "disable_api_termination": false,
            "ebs_block_device": [],
            "ebs_optimized": false,
            "enable_primary_ipv6": null,
            "enclave_options": [
              {
                "enabled": false
              }
            ],
            "ephemeral_block_device": [],
            "force_destroy": false,
            "get_password_data": false,
            "hibernation": false,
            "host_id": "",
            "host_resource_group_arn": null,
            "iam_instance_profile": "",
            "id": "i-0effa6baa86a6369e",
            "instance_initiated_shutdown_behavior": "stop",
            "instance_lifecycle": "",
            "instance_market_options": [],
            "instance_state": "running",
            "instance_type": "t3.small",
            "ipv6_address_count": 0,
            "ipv6_addresses": [],
            "key_name": "clave-rabbitmq-server",
            "launch_template": [],
            "maintenance_options": [
              {
                "auto_recovery": "default"
              }
            ],
            "metadata_options": [
              {
                "http_endpoint": "enabled",
                "http_protocol_ipv6": "disabled",
                "http_put_response_hop_limit": 2,
                "http_tokens": "required",
                "instance_metadata_tags": "disabled"
              }
            ],
            "monitoring": false,
            "network_interface": [],
            "outpost_arn": "",
            "password_data": "",
            "placement_group": "",
            "placement_group_id": "",
            "placement_partition_number": 0,
            "primary_network_interface": [
              {
                "delete_on_termination": true,
                "network_interface_id": "eni-036cff31706ba2def"
              }
            ],
            "primary_network_interface_id": "eni-036cff31706ba2def",
            "private_dns": "ip-172-31-86-136.ec2.internal",
            "private_dns_name_options": [
              {
                "enable_resource_name_dns_a_record": false,
                "enable_resource_name_dns_aaaa_record": false,
                "hostname_type": "ip-name"
              }
            ],
            "private_ip": "172.31.86.136",
            "public_dns": "ec2-44-211-208-149.compute-1.amazonaws.com",
            "public_ip": "44.211.208.149",
            "region": "us-east-1",
            "root_block_device": [
              {
                "delete_on_termination": true,
                "device_name": "/dev/xvda",
                "encrypted": false,
                "iops": 3000,
                "kms_key_id": "",
                "tags": {},
                "tags_all": {},
                "throughput": 125,
                "volume_id": "vol-04767862d3111a2b9",
                "volume_size": 8,
                "volume_type": "gp3"
              }
            ],
            "secondary_network_interface": [],
            "secondary_private_ips": [],
            "security_groups": [
              "indirect_rabbitmq_sg"
            ],
            "source_dest_check": true,
            "spot_instance_request_id": "",
            "subnet_id": "subnet-0012b14b621c51713",
            "tags": {
              "Name": "RabbitMQ-Server"
            },
            "tags_all": {
              "Name": "RabbitMQ-Server"
            },
            "tenancy": "default",
            "timeouts": null,
            "user_data": "#!/bin/bash\r\n# Límites de Kernel para absorber la cola masiva\r\necho \"fs.file-max = 2097152\" \u003e\u003e /etc/sysctl.conf\r\necho \"net.core.somaxconn = 65535\" \u003e\u003e /etc/sysctl.conf\r\necho \"net.ipv4.tcp_max_syn_backlog = 65535\" \u003e\u003e /etc/sysctl.conf\r\necho \"net.ipv4.ip_local_port_range = 1024 65535\" \u003e\u003e /etc/sysctl.conf\r\nsysctl -p\r\necho \"* soft nofile 65535\" \u003e\u003e /etc/security/limits.conf\r\necho \"* hard nofile 65535\" \u003e\u003e /etc/security/limits.conf\r\n\r\nwhile pidof dnf \u003e /dev/null; do sleep 5; done\r\ndnf update -y \u0026\u0026 dnf install docker -y\r\nsystemctl start docker \u0026\u0026 systemctl enable docker\r\n    \r\n# Arrancamos RabbitMQ con credenciales personalizadas para evitar el bloqueo remoto de \"guest\"\r\ndocker run -d --name mi-rabbit --restart unless-stopped --ulimit nofile=65535:65535 -e RABBITMQ_DEFAULT_USER=admin -e RABBITMQ_DEFAULT_PASS=admin123 -p 5672:5672 -p 15672:15672 rabbitmq:3-management\r\n",
            "user_data_base64": null,
            "user_data_replace_on_change": false,
            "volume_tags": null,
            "vpc_security_group_ids": [
              "sg-0f9012ca9eba8b891"
            ]
          },
          "sensitive_attributes": [],
          "identity_schema_version": 0,
          "identity": {
            "account_id": "344602101473",
            "id": "i-0effa6baa86a6369e",
            "region": "us-east-1"
          },
          "private": "eyJlMmJmYjczMC1lY2FhLTExZTYtOGY4OC0zNDM2M2JjN2M0YzAiOnsiY3JlYXRlIjo2MDAwMDAwMDAwMDAsImRlbGV0ZSI6MTIwMDAwMDAwMDAwMCwicmVhZCI6OTAwMDAwMDAwMDAwLCJ1cGRhdGUiOjYwMDAwMDAwMDAwMH0sInNjaGVtYV92ZXJzaW9uIjoiMiJ9",
          "dependencies": [
            "aws_security_group.rabbitmq_sg",
            "data.aws_ami.amazon_linux"
          ]
        }
      ]
    },
    {
      "mode": "managed",
      "type": "aws_instance",
      "name": "redis",
      "provider": "provider[\"registry.terraform.io/hashicorp/aws\"]",
      "instances": [
        {
          "schema_version": 2,
          "attributes": {
            "ami": "ami-01bda64f81b5f8e4f",
            "arn": "arn:aws:ec2:us-east-1:344602101473:instance/i-055aed36731078a3c",
            "associate_public_ip_address": true,
            "availability_zone": "us-east-1d",
            "capacity_reservation_specification": [
              {
                "capacity_reservation_preference": "open",
                "capacity_reservation_target": []
              }
            ],
            "cpu_options": [
              {
                "amd_sev_snp": "",
                "core_count": 1,
                "nested_virtualization": "",
                "threads_per_core": 2
              }
            ],
            "credit_specification": [
              {
                "cpu_credits": "unlimited"
              }
            ],
            "disable_api_stop": false,
            "disable_api_termination": false,
            "ebs_block_device": [],
            "ebs_optimized": false,
            "enable_primary_ipv6": null,
            "enclave_options": [
              {
                "enabled": false
              }
            ],
            "ephemeral_block_device": [],
            "force_destroy": false,
            "get_password_data": false,
            "hibernation": false,
            "host_id": "",
            "host_resource_group_arn": null,
            "iam_instance_profile": "",
            "id": "i-055aed36731078a3c",
            "instance_initiated_shutdown_behavior": "stop",
            "instance_lifecycle": "",
            "instance_market_options": [],
            "instance_state": "running",
            "instance_type": "t3.micro",
            "ipv6_address_count": 0,
            "ipv6_addresses": [],
            "key_name": "clave-rabbitmq-server",
            "launch_template": [],
            "maintenance_options": [
              {
                "auto_recovery": "default"
              }
            ],
            "metadata_options": [
              {
                "http_endpoint": "enabled",
                "http_protocol_ipv6": "disabled",
                "http_put_response_hop_limit": 2,
                "http_tokens": "required",
                "instance_metadata_tags": "disabled"
              }
            ],
            "monitoring": false,
            "network_interface": [],
            "outpost_arn": "",
            "password_data": "",
            "placement_group": "",
            "placement_group_id": "",
            "placement_partition_number": 0,
            "primary_network_interface": [
              {
                "delete_on_termination": true,
                "network_interface_id": "eni-092ee454f280b2e1d"
              }
            ],
            "primary_network_interface_id": "eni-092ee454f280b2e1d",
            "private_dns": "ip-172-31-13-162.ec2.internal",
            "private_dns_name_options": [
              {
                "enable_resource_name_dns_a_record": false,
                "enable_resource_name_dns_aaaa_record": false,
                "hostname_type": "ip-name"
              }
            ],
            "private_ip": "172.31.13.162",
            "public_dns": "ec2-32-197-164-37.compute-1.amazonaws.com",
            "public_ip": "32.197.164.37",
            "region": "us-east-1",
            "root_block_device": [
              {
                "delete_on_termination": true,
                "device_name": "/dev/xvda",
                "encrypted": false,
                "iops": 3000,
                "kms_key_id": "",
                "tags": {},
                "tags_all": {},
                "throughput": 125,
                "volume_id": "vol-03a0240368fe16617",
                "volume_size": 8,
                "volume_type": "gp3"
              }
            ],
            "secondary_network_interface": [],
            "secondary_private_ips": [],
            "security_groups": [
              "indirect_redis_sg"
            ],
            "source_dest_check": true,
            "spot_instance_request_id": "",
            "subnet_id": "subnet-0ccc237b14be544c9",
            "tags": {
              "Name": "Redis-Indirect"
            },
            "tags_all": {
              "Name": "Redis-Indirect"
            },
            "tenancy": "default",
            "timeouts": null,
            "user_data": "#!/bin/bash\r\nwhile pidof dnf \u003e /dev/null; do sleep 5; done\r\ndnf update -y \u0026\u0026 dnf install docker -y\r\nsystemctl start docker \u0026\u0026 systemctl enable docker\r\ndocker run -d --name mi-redis --restart unless-stopped -p 6379:6379 redis:latest redis-server --requirepass \"admin123\"\r\n",
            "user_data_base64": null,
            "user_data_replace_on_change": false,
            "volume_tags": null,
            "vpc_security_group_ids": [
              "sg-020fd621d9e660aea"
            ]
          },
          "sensitive_attributes": [],
          "identity_schema_version": 0,
          "identity": {
            "account_id": "344602101473",
            "id": "i-055aed36731078a3c",
            "region": "us-east-1"
          },
          "private": "eyJlMmJmYjczMC1lY2FhLTExZTYtOGY4OC0zNDM2M2JjN2M0YzAiOnsiY3JlYXRlIjo2MDAwMDAwMDAwMDAsImRlbGV0ZSI6MTIwMDAwMDAwMDAwMCwicmVhZCI6OTAwMDAwMDAwMDAwLCJ1cGRhdGUiOjYwMDAwMDAwMDAwMH0sInNjaGVtYV92ZXJzaW9uIjoiMiJ9",
          "dependencies": [
            "aws_security_group.client_sg",
            "aws_security_group.redis_sg",
            "aws_security_group.worker_sg",
            "data.aws_ami.amazon_linux"
          ]
        }
      ]
    },
    {
      "mode": "managed",
      "type": "aws_instance",
      "name": "worker",
      "provider": "provider[\"registry.terraform.io/hashicorp/aws\"]",
      "instances": [
        {
          "index_key": 0,
          "schema_version": 2,
          "attributes": {
            "ami": "ami-01bda64f81b5f8e4f",
            "arn": "arn:aws:ec2:us-east-1:344602101473:instance/i-0b55699e418444d01",
            "associate_public_ip_address": true,
            "availability_zone": "us-east-1d",
            "capacity_reservation_specification": [
              {
                "capacity_reservation_preference": "open",
                "capacity_reservation_target": []
              }
            ],
            "cpu_options": [
              {
                "amd_sev_snp": "",
                "core_count": 1,
                "nested_virtualization": "",
                "threads_per_core": 2
              }
            ],
            "credit_specification": [
              {
                "cpu_credits": "unlimited"
              }
            ],
            "disable_api_stop": false,
            "disable_api_termination": false,
            "ebs_block_device": [],
            "ebs_optimized": false,
            "enable_primary_ipv6": null,
            "enclave_options": [
              {
                "enabled": false
              }
            ],
            "ephemeral_block_device": [],
            "force_destroy": false,
            "get_password_data": false,
            "hibernation": false,
            "host_id": "",
            "host_resource_group_arn": null,
            "iam_instance_profile": "",
            "id": "i-0b55699e418444d01",
            "instance_initiated_shutdown_behavior": "stop",
            "instance_lifecycle": "",
            "instance_market_options": [],
            "instance_state": "running",
            "instance_type": "t3.micro",
            "ipv6_address_count": 0,
            "ipv6_addresses": [],
            "key_name": "clave-rabbitmq-server",
            "launch_template": [],
            "maintenance_options": [
              {
                "auto_recovery": "default"
              }
            ],
            "metadata_options": [
              {
                "http_endpoint": "enabled",
                "http_protocol_ipv6": "disabled",
                "http_put_response_hop_limit": 2,
                "http_tokens": "required",
                "instance_metadata_tags": "disabled"
              }
            ],
            "monitoring": false,
            "network_interface": [],
            "outpost_arn": "",
            "password_data": "",
            "placement_group": "",
            "placement_group_id": "",
            "placement_partition_number": 0,
            "primary_network_interface": [
              {
                "delete_on_termination": true,
                "network_interface_id": "eni-0822bf29aae66f4e4"
              }
            ],
            "primary_network_interface_id": "eni-0822bf29aae66f4e4",
            "private_dns": "ip-172-31-8-217.ec2.internal",
            "private_dns_name_options": [
              {
                "enable_resource_name_dns_a_record": false,
                "enable_resource_name_dns_aaaa_record": false,
                "hostname_type": "ip-name"
              }
            ],
            "private_ip": "172.31.8.217",
            "public_dns": "ec2-44-204-125-127.compute-1.amazonaws.com",
            "public_ip": "44.204.125.127",
            "region": "us-east-1",
            "root_block_device": [
              {
                "delete_on_termination": true,
                "device_name": "/dev/xvda",
                "encrypted": false,
                "iops": 3000,
                "kms_key_id": "",
                "tags": {},
                "tags_all": {},
                "throughput": 125,
                "volume_id": "vol-069b086aa9ff9fd65",
                "volume_size": 8,
                "volume_type": "gp3"
              }
            ],
            "secondary_network_interface": [],
            "secondary_private_ips": [],
            "security_groups": [
              "indirect_worker_sg"
            ],
            "source_dest_check": true,
            "spot_instance_request_id": "",
            "subnet_id": "subnet-0ccc237b14be544c9",
            "tags": {
              "Name": "Worker-Indirect-1"
            },
            "tags_all": {
              "Name": "Worker-Indirect-1"
            },
            "tenancy": "default",
            "timeouts": null,
            "user_data": "#!/bin/bash\r\n# Límites de red para los workers\r\necho \"fs.file-max = 2097152\" \u003e\u003e /etc/sysctl.conf\r\necho \"net.core.somaxconn = 65535\" \u003e\u003e /etc/sysctl.conf\r\necho \"net.ipv4.tcp_max_syn_backlog = 65535\" \u003e\u003e /etc/sysctl.conf\r\necho \"net.ipv4.ip_local_port_range = 1024 65535\" \u003e\u003e /etc/sysctl.conf\r\nsysctl -p\r\necho \"* soft nofile 65535\" \u003e\u003e /etc/security/limits.conf\r\necho \"* hard nofile 65535\" \u003e\u003e /etc/security/limits.conf\r\n\r\nwhile pidof dnf \u003e /dev/null; do sleep 5; done\r\ndnf update -y \u0026\u0026 dnf install -y python3 python3-pip git\r\n    \r\ncd /home/ec2-user \r\ngit clone https://github.com/waliguren/nuevapractica1_sd.git repo\r\nmv repo/archivosWorker ./\r\nrm -rf repo\r\n    \r\ncd archivosWorker\r\n    \r\n# Inyectar la IP de Redis Y DE RABBITMQ\r\nsed -i 's/IP_DE_TU_REDIS/172.31.13.162/g' indirect_worker.py\r\nsed -i 's/IP_DE_RABBITMQ/172.31.86.136/g' indirect_worker.py\r\n    \r\n# Añadimos variables de entorno\r\necho \"export REDIS_HOST=172.31.13.162\" \u003e\u003e /home/ec2-user/.bashrc\r\necho \"export RABBITMQ_HOST=172.31.86.136\" \u003e\u003e /home/ec2-user/.bashrc\r\nexport REDIS_HOST=172.31.13.162\r\nexport RABBITMQ_HOST=172.31.86.136\r\n    \r\npython3 -m venv venv \u0026\u0026 venv/bin/pip install redis pika\r\n    \r\nulimit -n 65535\r\nnohup venv/bin/python3 indirect_worker.py \u003e worker.log 2\u003e\u00261 \u0026\r\n",
            "user_data_base64": null,
            "user_data_replace_on_change": false,
            "volume_tags": null,
            "vpc_security_group_ids": [
              "sg-055fff496bcea38ad"
            ]
          },
          "sensitive_attributes": [],
          "identity_schema_version": 0,
          "identity": {
            "account_id": "344602101473",
            "id": "i-0b55699e418444d01",
            "region": "us-east-1"
          },
          "private": "eyJlMmJmYjczMC1lY2FhLTExZTYtOGY4OC0zNDM2M2JjN2M0YzAiOnsiY3JlYXRlIjo2MDAwMDAwMDAwMDAsImRlbGV0ZSI6MTIwMDAwMDAwMDAwMCwicmVhZCI6OTAwMDAwMDAwMDAwLCJ1cGRhdGUiOjYwMDAwMDAwMDAwMH0sInNjaGVtYV92ZXJzaW9uIjoiMiJ9",
          "dependencies": [
            "aws_instance.rabbitmq",
            "aws_instance.redis",
            "aws_security_group.client_sg",
            "aws_security_group.rabbitmq_sg",
            "aws_security_group.redis_sg",
            "aws_security_group.worker_sg",
            "data.aws_ami.amazon_linux"
          ]
        },
        {
          "index_key": 1,
          "schema_version": 2,
          "attributes": {
            "ami": "ami-01bda64f81b5f8e4f",
            "arn": "arn:aws:ec2:us-east-1:344602101473:instance/i-0fbd76ba014e23f32",
            "associate_public_ip_address": true,
            "availability_zone": "us-east-1d",
            "capacity_reservation_specification": [
              {
                "capacity_reservation_preference": "open",
                "capacity_reservation_target": []
              }
            ],
            "cpu_options": [
              {
                "amd_sev_snp": "",
                "core_count": 1,
                "nested_virtualization": "",
                "threads_per_core": 2
              }
            ],
            "credit_specification": [
              {
                "cpu_credits": "unlimited"
              }
            ],
            "disable_api_stop": false,
            "disable_api_termination": false,
            "ebs_block_device": [],
            "ebs_optimized": false,
            "enable_primary_ipv6": null,
            "enclave_options": [
              {
                "enabled": false
              }
            ],
            "ephemeral_block_device": [],
            "force_destroy": false,
            "get_password_data": false,
            "hibernation": false,
            "host_id": "",
            "host_resource_group_arn": null,
            "iam_instance_profile": "",
            "id": "i-0fbd76ba014e23f32",
            "instance_initiated_shutdown_behavior": "stop",
            "instance_lifecycle": "",
            "instance_market_options": [],
            "instance_state": "running",
            "instance_type": "t3.micro",
            "ipv6_address_count": 0,
            "ipv6_addresses": [],
            "key_name": "clave-rabbitmq-server",
            "launch_template": [],
            "maintenance_options": [
              {
                "auto_recovery": "default"
              }
            ],
            "metadata_options": [
              {
                "http_endpoint": "enabled",
                "http_protocol_ipv6": "disabled",
                "http_put_response_hop_limit": 2,
                "http_tokens": "required",
                "instance_metadata_tags": "disabled"
              }
            ],
            "monitoring": false,
            "network_interface": [],
            "outpost_arn": "",
            "password_data": "",
            "placement_group": "",
            "placement_group_id": "",
            "placement_partition_number": 0,
            "primary_network_interface": [
              {
                "delete_on_termination": true,
                "network_interface_id": "eni-026ddb2f56f809b8f"
              }
            ],
            "primary_network_interface_id": "eni-026ddb2f56f809b8f",
            "private_dns": "ip-172-31-12-134.ec2.internal",
            "private_dns_name_options": [
              {
                "enable_resource_name_dns_a_record": false,
                "enable_resource_name_dns_aaaa_record": false,
                "hostname_type": "ip-name"
              }
            ],
            "private_ip": "172.31.12.134",
            "public_dns": "ec2-13-220-173-108.compute-1.amazonaws.com",
            "public_ip": "13.220.173.108",
            "region": "us-east-1",
            "root_block_device": [
              {
                "delete_on_termination": true,
                "device_name": "/dev/xvda",
                "encrypted": false,
                "iops": 3000,
                "kms_key_id": "",
                "tags": {},
                "tags_all": {},
                "throughput": 125,
                "volume_id": "vol-0b13380ad71e27f9f",
                "volume_size": 8,
                "volume_type": "gp3"
              }
            ],
            "secondary_network_interface": [],
            "secondary_private_ips": [],
            "security_groups": [
              "indirect_worker_sg"
            ],
            "source_dest_check": true,
            "spot_instance_request_id": "",
            "subnet_id": "subnet-0ccc237b14be544c9",
            "tags": {
              "Name": "Worker-Indirect-2"
            },
            "tags_all": {
              "Name": "Worker-Indirect-2"
            },
            "tenancy": "default",
            "timeouts": null,
            "user_data": "#!/bin/bash\r\n# Límites de red para los workers\r\necho \"fs.file-max = 2097152\" \u003e\u003e /etc/sysctl.conf\r\necho \"net.core.somaxconn = 65535\" \u003e\u003e /etc/sysctl.conf\r\necho \"net.ipv4.tcp_max_syn_backlog = 65535\" \u003e\u003e /etc/sysctl.conf\r\necho \"net.ipv4.ip_local_port_range = 1024 65535\" \u003e\u003e /etc/sysctl.conf\r\nsysctl -p\r\necho \"* soft nofile 65535\" \u003e\u003e /etc/security/limits.conf\r\necho \"* hard nofile 65535\" \u003e\u003e /etc/security/limits.conf\r\n\r\nwhile pidof dnf \u003e /dev/null; do sleep 5; done\r\ndnf update -y \u0026\u0026 dnf install -y python3 python3-pip git\r\n    \r\ncd /home/ec2-user \r\ngit clone https://github.com/waliguren/nuevapractica1_sd.git repo\r\nmv repo/archivosWorker ./\r\nrm -rf repo\r\n    \r\ncd archivosWorker\r\n    \r\n# Inyectar la IP de Redis Y DE RABBITMQ\r\nsed -i 's/IP_DE_TU_REDIS/172.31.13.162/g' indirect_worker.py\r\nsed -i 's/IP_DE_RABBITMQ/172.31.86.136/g' indirect_worker.py\r\n    \r\n# Añadimos variables de entorno\r\necho \"export REDIS_HOST=172.31.13.162\" \u003e\u003e /home/ec2-user/.bashrc\r\necho \"export RABBITMQ_HOST=172.31.86.136\" \u003e\u003e /home/ec2-user/.bashrc\r\nexport REDIS_HOST=172.31.13.162\r\nexport RABBITMQ_HOST=172.31.86.136\r\n    \r\npython3 -m venv venv \u0026\u0026 venv/bin/pip install redis pika\r\n    \r\nulimit -n 65535\r\nnohup venv/bin/python3 indirect_worker.py \u003e worker.log 2\u003e\u00261 \u0026\r\n",
            "user_data_base64": null,
            "user_data_replace_on_change": false,
            "volume_tags": null,
            "vpc_security_group_ids": [
              "sg-055fff496bcea38ad"
            ]
          },
          "sensitive_attributes": [],
          "identity_schema_version": 0,
          "identity": {
            "account_id": "344602101473",
            "id": "i-0fbd76ba014e23f32",
            "region": "us-east-1"
          },
          "private": "eyJlMmJmYjczMC1lY2FhLTExZTYtOGY4OC0zNDM2M2JjN2M0YzAiOnsiY3JlYXRlIjo2MDAwMDAwMDAwMDAsImRlbGV0ZSI6MTIwMDAwMDAwMDAwMCwicmVhZCI6OTAwMDAwMDAwMDAwLCJ1cGRhdGUiOjYwMDAwMDAwMDAwMH0sInNjaGVtYV92ZXJzaW9uIjoiMiJ9",
          "dependencies": [
            "aws_instance.rabbitmq",
            "aws_instance.redis",
            "aws_security_group.client_sg",
            "aws_security_group.rabbitmq_sg",
            "aws_security_group.redis_sg",
            "aws_security_group.worker_sg",
            "data.aws_ami.amazon_linux"
          ]
        }
      ]
    },
    {
      "mode": "managed",
      "type": "aws_security_group",
      "name": "client_sg",
      "provider": "provider[\"registry.terraform.io/hashicorp/aws\"]",
      "instances": [
        {
          "schema_version": 1,
          "attributes": {
            "arn": "arn:aws:ec2:us-east-1:344602101473:security-group/sg-0ba69c2b4b117f658",
            "description": "Managed by Terraform",
            "egress": [
              {
                "cidr_blocks": [
                  "0.0.0.0/0"
                ],
                "description": "",
                "from_port": 0,
                "ipv6_cidr_blocks": [],
                "prefix_list_ids": [],
                "protocol": "-1",
                "security_groups": [],
                "self": false,
                "to_port": 0
              }
            ],
            "id": "sg-0ba69c2b4b117f658",
            "ingress": [
              {
                "cidr_blocks": [
                  "0.0.0.0/0"
                ],
                "description": "",
                "from_port": 22,
                "ipv6_cidr_blocks": [],
                "prefix_list_ids": [],
                "protocol": "tcp",
                "security_groups": [],
                "self": false,
                "to_port": 22
              }
            ],
            "name": "indirect_client_sg",
            "name_prefix": "",
            "owner_id": "344602101473",
            "region": "us-east-1",
            "revoke_rules_on_delete": false,
            "tags": null,
            "tags_all": {},
            "timeouts": null,
            "vpc_id": "vpc-0e8742fafb6f175e7"
          },
          "sensitive_attributes": [],
          "identity_schema_version": 0,
          "identity": {
            "account_id": "344602101473",
            "id": "sg-0ba69c2b4b117f658",
            "region": "us-east-1"
          },
          "private": "eyJlMmJmYjczMC1lY2FhLTExZTYtOGY4OC0zNDM2M2JjN2M0YzAiOnsiY3JlYXRlIjo2MDAwMDAwMDAwMDAsImRlbGV0ZSI6OTAwMDAwMDAwMDAwfSwic2NoZW1hX3ZlcnNpb24iOiIxIn0="
        }
      ]
    },
    {
      "mode": "managed",
      "type": "aws_security_group",
      "name": "rabbitmq_sg",
      "provider": "provider[\"registry.terraform.io/hashicorp/aws\"]",
      "instances": [
        {
          "schema_version": 1,
          "attributes": {
            "arn": "arn:aws:ec2:us-east-1:344602101473:security-group/sg-0f9012ca9eba8b891",
            "description": "Managed by Terraform",
            "egress": [
              {
                "cidr_blocks": [
                  "0.0.0.0/0"
                ],
                "description": "",
                "from_port": 0,
                "ipv6_cidr_blocks": [],
                "prefix_list_ids": [],
                "protocol": "-1",
                "security_groups": [],
                "self": false,
                "to_port": 0
              }
            ],
            "id": "sg-0f9012ca9eba8b891",
            "ingress": [
              {
                "cidr_blocks": [
                  "0.0.0.0/0"
                ],
                "description": "",
                "from_port": 15672,
                "ipv6_cidr_blocks": [],
                "prefix_list_ids": [],
                "protocol": "tcp",
                "security_groups": [],
                "self": false,
                "to_port": 15672
              },
              {
                "cidr_blocks": [
                  "0.0.0.0/0"
                ],
                "description": "",
                "from_port": 22,
                "ipv6_cidr_blocks": [],
                "prefix_list_ids": [],
                "protocol": "tcp",
                "security_groups": [],
                "self": false,
                "to_port": 22
              },
              {
                "cidr_blocks": [
                  "0.0.0.0/0"
                ],
                "description": "",
                "from_port": 5672,
                "ipv6_cidr_blocks": [],
                "prefix_list_ids": [],
                "protocol": "tcp",
                "security_groups": [],
                "self": false,
                "to_port": 5672
              }
            ],
            "name": "indirect_rabbitmq_sg",
            "name_prefix": "",
            "owner_id": "344602101473",
            "region": "us-east-1",
            "revoke_rules_on_delete": false,
            "tags": null,
            "tags_all": {},
            "timeouts": null,
            "vpc_id": "vpc-0e8742fafb6f175e7"
          },
          "sensitive_attributes": [],
          "identity_schema_version": 0,
          "identity": {
            "account_id": "344602101473",
            "id": "sg-0f9012ca9eba8b891",
            "region": "us-east-1"
          },
          "private": "eyJlMmJmYjczMC1lY2FhLTExZTYtOGY4OC0zNDM2M2JjN2M0YzAiOnsiY3JlYXRlIjo2MDAwMDAwMDAwMDAsImRlbGV0ZSI6OTAwMDAwMDAwMDAwfSwic2NoZW1hX3ZlcnNpb24iOiIxIn0="
        }
      ]
    },
    {
      "mode": "managed",
      "type": "aws_security_group",
      "name": "redis_sg",
      "provider": "provider[\"registry.terraform.io/hashicorp/aws\"]",
      "instances": [
        {
          "schema_version": 1,
          "attributes": {
            "arn": "arn:aws:ec2:us-east-1:344602101473:security-group/sg-020fd621d9e660aea",
            "description": "Managed by Terraform",
            "egress": [
              {
                "cidr_blocks": [
                  "0.0.0.0/0"
                ],
                "description": "",
                "from_port": 0,
                "ipv6_cidr_blocks": [],
                "prefix_list_ids": [],
                "protocol": "-1",
                "security_groups": [],
                "self": false,
                "to_port": 0
              }
            ],
            "id": "sg-020fd621d9e660aea",
            "ingress": [
              {
                "cidr_blocks": [
                  "0.0.0.0/0"
                ],
                "description": "",
                "from_port": 22,
                "ipv6_cidr_blocks": [],
                "prefix_list_ids": [],
                "protocol": "tcp",
                "security_groups": [],
                "self": false,
                "to_port": 22
              },
              {
                "cidr_blocks": [],
                "description": "",
                "from_port": 6379,
                "ipv6_cidr_blocks": [],
                "prefix_list_ids": [],
                "protocol": "tcp",
                "security_groups": [
                  "sg-055fff496bcea38ad",
                  "sg-0ba69c2b4b117f658"
                ],
                "self": false,
                "to_port": 6379
              }
            ],
            "name": "indirect_redis_sg",
            "name_prefix": "",
            "owner_id": "344602101473",
            "region": "us-east-1",
            "revoke_rules_on_delete": false,
            "tags": null,
            "tags_all": {},
            "timeouts": null,
            "vpc_id": "vpc-0e8742fafb6f175e7"
          },
          "sensitive_attributes": [],
          "identity_schema_version": 0,
          "identity": {
            "account_id": "344602101473",
            "id": "sg-020fd621d9e660aea",
            "region": "us-east-1"
          },
          "private": "eyJlMmJmYjczMC1lY2FhLTExZTYtOGY4OC0zNDM2M2JjN2M0YzAiOnsiY3JlYXRlIjo2MDAwMDAwMDAwMDAsImRlbGV0ZSI6OTAwMDAwMDAwMDAwfSwic2NoZW1hX3ZlcnNpb24iOiIxIn0=",
          "dependencies": [
            "aws_security_group.client_sg",
            "aws_security_group.worker_sg"
          ]
        }
      ]
    },
    {
      "mode": "managed",
      "type": "aws_security_group",
      "name": "worker_sg",
      "provider": "provider[\"registry.terraform.io/hashicorp/aws\"]",
      "instances": [
        {
          "schema_version": 1,
          "attributes": {
            "arn": "arn:aws:ec2:us-east-1:344602101473:security-group/sg-055fff496bcea38ad",
            "description": "Managed by Terraform",
            "egress": [
              {
                "cidr_blocks": [
                  "0.0.0.0/0"
                ],
                "description": "",
                "from_port": 0,
                "ipv6_cidr_blocks": [],
                "prefix_list_ids": [],
                "protocol": "-1",
                "security_groups": [],
                "self": false,
                "to_port": 0
              }
            ],
            "id": "sg-055fff496bcea38ad",
            "ingress": [
              {
                "cidr_blocks": [
                  "0.0.0.0/0"
                ],
                "description": "",
                "from_port": 22,
                "ipv6_cidr_blocks": [],
                "prefix_list_ids": [],
                "protocol": "tcp",
                "security_groups": [],
                "self": false,
                "to_port": 22
              }
            ],
            "name": "indirect_worker_sg",
            "name_prefix": "",
            "owner_id": "344602101473",
            "region": "us-east-1",
            "revoke_rules_on_delete": false,
            "tags": null,
            "tags_all": {},
            "timeouts": null,
            "vpc_id": "vpc-0e8742fafb6f175e7"
          },
          "sensitive_attributes": [],
          "identity_schema_version": 0,
          "identity": {
            "account_id": "344602101473",
            "id": "sg-055fff496bcea38ad",
            "region": "us-east-1"
          },
          "private": "eyJlMmJmYjczMC1lY2FhLTExZTYtOGY4OC0zNDM2M2JjN2M0YzAiOnsiY3JlYXRlIjo2MDAwMDAwMDAwMDAsImRlbGV0ZSI6OTAwMDAwMDAwMDAwfSwic2NoZW1hX3ZlcnNpb24iOiIxIn0="
        }
      ]
    }
  ],
  "check_results": null
}
