{
  "version": 4,
  "terraform_version": "1.15.3",
  "serial": 205,
  "lineage": "65c6125c-5974-a3e4-1298-9bda1fa50198",
  "outputs": {
    "CLIENTE_SSH": {
      "value": "ssh -i clave-rabbitmq-server.pem ec2-user@3.88.37.30",
      "type": "string"
    },
    "RABBITMQ_PANEL_WEB": {
      "value": "http://98.81.181.40:15672 (user: admin / pass: admin123)",
      "type": "string"
    }
  },
  "resources": [
    {
      "mode": "data",
      "type": "aws_ami",
      "name": "amazon_linux",
      "provider": "provider[\"registry.terraform.io/hashicorp/aws\"]",
      "instances": [
        {
          "schema_version": 0,
          "attributes": {
            "allow_unsafe_filter": null,
            "architecture": "x86_64",
            "arn": "arn:aws:ec2:us-east-1::image/ami-00fa360e28f425da0",
            "block_device_mappings": [
              {
                "device_name": "/dev/xvda",
                "ebs": {
                  "delete_on_termination": "true",
                  "encrypted": "false",
                  "iops": "3000",
                  "snapshot_id": "snap-0cd5f630552e67ca8",
                  "throughput": "125",
                  "volume_initialization_rate": "0",
                  "volume_size": "8",
                  "volume_type": "gp3"
                },
                "no_device": "",
                "virtual_name": ""
              }
            ],
            "boot_mode": "uefi-preferred",
            "creation_date": "2026-05-21T18:13:30.000Z",
            "deprecation_time": "2026-08-19T18:49:00.000Z",
            "description": "Amazon Linux 2023 AMI 2023.11.20260526.0 x86_64 HVM kernel-6.18",
            "ena_support": true,
            "executable_users": null,
            "filter": [
              {
                "name": "name",
                "values": [
                  "al2023-ami-2023.*-x86_64"
                ]
              },
              {
                "name": "virtualization-type",
                "values": [
                  "hvm"
                ]
              }
            ],
            "hypervisor": "xen",
            "id": "ami-00fa360e28f425da0",
            "image_id": "ami-00fa360e28f425da0",
            "image_location": "amazon/al2023-ami-2023.11.20260526.0-kernel-6.18-x86_64",
            "image_owner_alias": "amazon",
            "image_type": "machine",
            "imds_support": "v2.0",
            "include_deprecated": false,
            "kernel_id": "",
            "last_launched_time": "",
            "most_recent": true,
            "name": "al2023-ami-2023.11.20260526.0-kernel-6.18-x86_64",
            "name_regex": null,
            "owner_id": "137112412989",
            "owners": [
              "amazon"
            ],
            "platform": "",
            "platform_details": "Linux/UNIX",
            "product_codes": [],
            "public": true,
            "ramdisk_id": "",
            "region": "us-east-1",
            "root_device_name": "/dev/xvda",
            "root_device_type": "ebs",
            "root_snapshot_id": "snap-0cd5f630552e67ca8",
            "sriov_net_support": "simple",
            "state": "available",
            "state_reason": {
              "code": "UNSET",
              "message": "UNSET"
            },
            "tags": {},
            "timeouts": null,
            "tpm_support": "",
            "uefi_data": null,
            "usage_operation": "RunInstances",
            "virtualization_type": "hvm"
          },
          "sensitive_attributes": [],
          "identity_schema_version": 0
        }
      ]
    },
    {
      "mode": "managed",
      "type": "aws_instance",
      "name": "client",
      "provider": "provider[\"registry.terraform.io/hashicorp/aws\"]",
      "instances": [
        {
          "schema_version": 2,
          "attributes": {
            "ami": "ami-00fa360e28f425da0",
            "arn": "arn:aws:ec2:us-east-1:344602101473:instance/i-086f94d33c35f5a68",
            "associate_public_ip_address": true,
            "availability_zone": "us-east-1b",
            "capacity_reservation_specification": [
              {
                "capacity_reservation_preference": "open",
                "capacity_reservation_target": []
              }
            ],
            "cpu_options": [
              {
                "amd_sev_snp": "",
                "core_count": 1,
                "nested_virtualization": "",
                "threads_per_core": 2
              }
            ],
            "credit_specification": [
              {
                "cpu_credits": "unlimited"
              }
            ],
            "disable_api_stop": false,
            "disable_api_termination": false,
            "ebs_block_device": [],
            "ebs_optimized": false,
            "enable_primary_ipv6": null,
            "enclave_options": [
              {
                "enabled": false
              }
            ],
            "ephemeral_block_device": [],
            "force_destroy": false,
            "get_password_data": false,
            "hibernation": false,
            "host_id": "",
            "host_resource_group_arn": null,
            "iam_instance_profile": "",
            "id": "i-086f94d33c35f5a68",
            "instance_initiated_shutdown_behavior": "stop",
            "instance_lifecycle": "",
            "instance_market_options": [],
            "instance_state": "running",
            "instance_type": "t3.micro",
            "ipv6_address_count": 0,
            "ipv6_addresses": [],
            "key_name": "clave-rabbitmq-server",
            "launch_template": [],
            "maintenance_options": [
              {
                "auto_recovery": "default"
              }
            ],
            "metadata_options": [
              {
                "http_endpoint": "enabled",
                "http_protocol_ipv6": "disabled",
                "http_put_response_hop_limit": 2,
                "http_tokens": "required",
                "instance_metadata_tags": "disabled"
              }
            ],
            "monitoring": false,
            "network_interface": [],
            "outpost_arn": "",
            "password_data": "",
            "placement_group": "",
            "placement_group_id": "",
            "placement_partition_number": 0,
            "primary_network_interface": [
              {
                "delete_on_termination": true,
                "network_interface_id": "eni-01148c393c85008cc"
              }
            ],
            "primary_network_interface_id": "eni-01148c393c85008cc",
            "private_dns": "ip-172-31-29-21.ec2.internal",
            "private_dns_name_options": [
              {
                "enable_resource_name_dns_a_record": false,
                "enable_resource_name_dns_aaaa_record": false,
                "hostname_type": "ip-name"
              }
            ],
            "private_ip": "172.31.29.21",
            "public_dns": "ec2-3-88-37-30.compute-1.amazonaws.com",
            "public_ip": "3.88.37.30",
            "region": "us-east-1",
            "root_block_device": [
              {
                "delete_on_termination": true,
                "device_name": "/dev/xvda",
                "encrypted": false,
                "iops": 3000,
                "kms_key_id": "",
                "tags": {},
                "tags_all": {},
                "throughput": 125,
                "volume_id": "vol-05dcb9cc76d6b0158",
                "volume_size": 8,
                "volume_type": "gp3"
              }
            ],
            "secondary_network_interface": [],
            "secondary_private_ips": [],
            "security_groups": [
              "indirect_client_sg"
            ],
            "source_dest_check": true,
            "spot_instance_request_id": "",
            "subnet_id": "subnet-07d6168b5761a8409",
            "tags": {
              "Name": "Client-Indirect"
            },
            "tags_all": {
              "Name": "Client-Indirect"
            },
            "tenancy": "default",
            "timeouts": null,
            "user_data": "#!/bin/bash\r\n# Límites de red para el cliente\r\necho \"fs.file-max = 2097152\" \u003e\u003e /etc/sysctl.conf\r\necho \"net.core.somaxconn = 65535\" \u003e\u003e /etc/sysctl.conf\r\necho \"net.ipv4.tcp_max_syn_backlog = 65535\" \u003e\u003e /etc/sysctl.conf\r\necho \"net.ipv4.ip_local_port_range = 1024 65535\" \u003e\u003e /etc/sysctl.conf\r\nsysctl -p\r\necho \"* soft nofile 65535\" \u003e\u003e /etc/security/limits.conf\r\necho \"* hard nofile 65535\" \u003e\u003e /etc/security/limits.conf\r\n\r\nwhile pidof dnf \u003e /dev/null; do sleep 5; done\r\ndnf update -y \u0026\u0026 dnf install -y python3 python3-pip git\r\n    \r\ncd /home/ec2-user \r\ngit clone https://github.com/waliguren/nuevapractica1_sd.git repo\r\nmv repo/archivosCliente ./\r\nrm -rf repo\r\n    \r\ncd archivosCliente\r\npython3 -m venv venv \u0026\u0026 venv/bin/pip install pika redis aiohttp uvloop\r\n    \r\n# Guardamos las IPs para el cliente y el ulimit automático\r\necho \"export RABBITMQ_HOST=172.31.26.16\" \u003e\u003e /home/ec2-user/.bashrc\r\necho \"export REDIS_HOST=172.31.25.132\" \u003e\u003e /home/ec2-user/.bashrc\r\necho \"ulimit -n 65535\" \u003e\u003e /home/ec2-user/.bashrc\r\n",
            "user_data_base64": null,
            "user_data_replace_on_change": false,
            "volume_tags": null,
            "vpc_security_group_ids": [
              "sg-0ba13076d9a5311f8"
            ]
          },
          "sensitive_attributes": [],
          "identity_schema_version": 0,
          "identity": {
            "account_id": "344602101473",
            "id": "i-086f94d33c35f5a68",
            "region": "us-east-1"
          },
          "private": "eyJlMmJmYjczMC1lY2FhLTExZTYtOGY4OC0zNDM2M2JjN2M0YzAiOnsiY3JlYXRlIjo2MDAwMDAwMDAwMDAsImRlbGV0ZSI6MTIwMDAwMDAwMDAwMCwicmVhZCI6OTAwMDAwMDAwMDAwLCJ1cGRhdGUiOjYwMDAwMDAwMDAwMH0sInNjaGVtYV92ZXJzaW9uIjoiMiJ9",
          "dependencies": [
            "aws_instance.rabbitmq",
            "aws_instance.redis",
            "aws_security_group.client_sg",
            "aws_security_group.rabbitmq_sg",
            "aws_security_group.redis_sg",
            "aws_security_group.worker_sg",
            "data.aws_ami.amazon_linux"
          ]
        }
      ]
    },
    {
      "mode": "managed",
      "type": "aws_instance",
      "name": "rabbitmq",
      "provider": "provider[\"registry.terraform.io/hashicorp/aws\"]",
      "instances": [
        {
          "schema_version": 2,
          "attributes": {
            "ami": "ami-00fa360e28f425da0",
            "arn": "arn:aws:ec2:us-east-1:344602101473:instance/i-06241350404c514fb",
            "associate_public_ip_address": true,
            "availability_zone": "us-east-1b",
            "capacity_reservation_specification": [
              {
                "capacity_reservation_preference": "open",
                "capacity_reservation_target": []
              }
            ],
            "cpu_options": [
              {
                "amd_sev_snp": "",
                "core_count": 1,
                "nested_virtualization": "",
                "threads_per_core": 2
              }
            ],
            "credit_specification": [
              {
                "cpu_credits": "unlimited"
              }
            ],
            "disable_api_stop": false,
            "disable_api_termination": false,
            "ebs_block_device": [],
            "ebs_optimized": false,
            "enable_primary_ipv6": null,
            "enclave_options": [
              {
                "enabled": false
              }
            ],
            "ephemeral_block_device": [],
            "force_destroy": false,
            "get_password_data": false,
            "hibernation": false,
            "host_id": "",
            "host_resource_group_arn": null,
            "iam_instance_profile": "",
            "id": "i-06241350404c514fb",
            "instance_initiated_shutdown_behavior": "stop",
            "instance_lifecycle": "",
            "instance_market_options": [],
            "instance_state": "running",
            "instance_type": "t3.small",
            "ipv6_address_count": 0,
            "ipv6_addresses": [],
            "key_name": "clave-rabbitmq-server",
            "launch_template": [],
            "maintenance_options": [
              {
                "auto_recovery": "default"
              }
            ],
            "metadata_options": [
              {
                "http_endpoint": "enabled",
                "http_protocol_ipv6": "disabled",
                "http_put_response_hop_limit": 2,
                "http_tokens": "required",
                "instance_metadata_tags": "disabled"
              }
            ],
            "monitoring": false,
            "network_interface": [],
            "outpost_arn": "",
            "password_data": "",
            "placement_group": "",
            "placement_group_id": "",
            "placement_partition_number": 0,
            "primary_network_interface": [
              {
                "delete_on_termination": true,
                "network_interface_id": "eni-040df0aebf9789f63"
              }
            ],
            "primary_network_interface_id": "eni-040df0aebf9789f63",
            "private_dns": "ip-172-31-26-16.ec2.internal",
            "private_dns_name_options": [
              {
                "enable_resource_name_dns_a_record": false,
                "enable_resource_name_dns_aaaa_record": false,
                "hostname_type": "ip-name"
              }
            ],
            "private_ip": "172.31.26.16",
            "public_dns": "ec2-98-81-181-40.compute-1.amazonaws.com",
            "public_ip": "98.81.181.40",
            "region": "us-east-1",
            "root_block_device": [
              {
                "delete_on_termination": true,
                "device_name": "/dev/xvda",
                "encrypted": false,
                "iops": 3000,
                "kms_key_id": "",
                "tags": {},
                "tags_all": {},
                "throughput": 125,
                "volume_id": "vol-0a3940c73dd09d06f",
                "volume_size": 8,
                "volume_type": "gp3"
              }
            ],
            "secondary_network_interface": [],
            "secondary_private_ips": [],
            "security_groups": [
              "indirect_rabbitmq_sg"
            ],
            "source_dest_check": true,
            "spot_instance_request_id": "",
            "subnet_id": "subnet-07d6168b5761a8409",
            "tags": {
              "Name": "RabbitMQ-Server"
            },
            "tags_all": {
              "Name": "RabbitMQ-Server"
            },
            "tenancy": "default",
            "timeouts": null,
            "user_data": "#!/bin/bash\r\n# Límites de Kernel para absorber la cola masiva\r\necho \"fs.file-max = 2097152\" \u003e\u003e /etc/sysctl.conf\r\necho \"net.core.somaxconn = 65535\" \u003e\u003e /etc/sysctl.conf\r\necho \"net.ipv4.tcp_max_syn_backlog = 65535\" \u003e\u003e /etc/sysctl.conf\r\necho \"net.ipv4.ip_local_port_range = 1024 65535\" \u003e\u003e /etc/sysctl.conf\r\nsysctl -p\r\necho \"* soft nofile 65535\" \u003e\u003e /etc/security/limits.conf\r\necho \"* hard nofile 65535\" \u003e\u003e /etc/security/limits.conf\r\n\r\nwhile pidof dnf \u003e /dev/null; do sleep 5; done\r\ndnf update -y \u0026\u0026 dnf install docker -y\r\nsystemctl start docker \u0026\u0026 systemctl enable docker\r\n    \r\n# Arrancamos RabbitMQ con credenciales personalizadas para evitar el bloqueo remoto de \"guest\"\r\ndocker run -d --name mi-rabbit --restart unless-stopped --ulimit nofile=65535:65535 -e RABBITMQ_DEFAULT_USER=admin -e RABBITMQ_DEFAULT_PASS=admin123 -p 5672:5672 -p 15672:15672 rabbitmq:3-management\r\n",
            "user_data_base64": null,
            "user_data_replace_on_change": false,
            "volume_tags": null,
            "vpc_security_group_ids": [
              "sg-0fadc19eebf731e3c"
            ]
          },
          "sensitive_attributes": [],
          "identity_schema_version": 0,
          "identity": {
            "account_id": "344602101473",
            "id": "i-06241350404c514fb",
            "region": "us-east-1"
          },
          "private": "eyJlMmJmYjczMC1lY2FhLTExZTYtOGY4OC0zNDM2M2JjN2M0YzAiOnsiY3JlYXRlIjo2MDAwMDAwMDAwMDAsImRlbGV0ZSI6MTIwMDAwMDAwMDAwMCwicmVhZCI6OTAwMDAwMDAwMDAwLCJ1cGRhdGUiOjYwMDAwMDAwMDAwMH0sInNjaGVtYV92ZXJzaW9uIjoiMiJ9",
          "dependencies": [
            "aws_security_group.rabbitmq_sg",
            "data.aws_ami.amazon_linux"
          ]
        }
      ]
    },
    {
      "mode": "managed",
      "type": "aws_instance",
      "name": "redis",
      "provider": "provider[\"registry.terraform.io/hashicorp/aws\"]",
      "instances": [
        {
          "schema_version": 2,
          "attributes": {
            "ami": "ami-00fa360e28f425da0",
            "arn": "arn:aws:ec2:us-east-1:344602101473:instance/i-0862937b98c80eab1",
            "associate_public_ip_address": true,
            "availability_zone": "us-east-1b",
            "capacity_reservation_specification": [
              {
                "capacity_reservation_preference": "open",
                "capacity_reservation_target": []
              }
            ],
            "cpu_options": [
              {
                "amd_sev_snp": "",
                "core_count": 1,
                "nested_virtualization": "",
                "threads_per_core": 2
              }
            ],
            "credit_specification": [
              {
                "cpu_credits": "unlimited"
              }
            ],
            "disable_api_stop": false,
            "disable_api_termination": false,
            "ebs_block_device": [],
            "ebs_optimized": false,
            "enable_primary_ipv6": null,
            "enclave_options": [
              {
                "enabled": false
              }
            ],
            "ephemeral_block_device": [],
            "force_destroy": false,
            "get_password_data": false,
            "hibernation": false,
            "host_id": "",
            "host_resource_group_arn": null,
            "iam_instance_profile": "",
            "id": "i-0862937b98c80eab1",
            "instance_initiated_shutdown_behavior": "stop",
            "instance_lifecycle": "",
            "instance_market_options": [],
            "instance_state": "running",
            "instance_type": "t3.micro",
            "ipv6_address_count": 0,
            "ipv6_addresses": [],
            "key_name": "clave-rabbitmq-server",
            "launch_template": [],
            "maintenance_options": [
              {
                "auto_recovery": "default"
              }
            ],
            "metadata_options": [
              {
                "http_endpoint": "enabled",
                "http_protocol_ipv6": "disabled",
                "http_put_response_hop_limit": 2,
                "http_tokens": "required",
                "instance_metadata_tags": "disabled"
              }
            ],
            "monitoring": false,
            "network_interface": [],
            "outpost_arn": "",
            "password_data": "",
            "placement_group": "",
            "placement_group_id": "",
            "placement_partition_number": 0,
            "primary_network_interface": [
              {
                "delete_on_termination": true,
                "network_interface_id": "eni-06c50d25d57d4d1dd"
              }
            ],
            "primary_network_interface_id": "eni-06c50d25d57d4d1dd",
            "private_dns": "ip-172-31-25-132.ec2.internal",
            "private_dns_name_options": [
              {
                "enable_resource_name_dns_a_record": false,
                "enable_resource_name_dns_aaaa_record": false,
                "hostname_type": "ip-name"
              }
            ],
            "private_ip": "172.31.25.132",
            "public_dns": "ec2-54-210-38-44.compute-1.amazonaws.com",
            "public_ip": "54.210.38.44",
            "region": "us-east-1",
            "root_block_device": [
              {
                "delete_on_termination": true,
                "device_name": "/dev/xvda",
                "encrypted": false,
                "iops": 3000,
                "kms_key_id": "",
                "tags": {},
                "tags_all": {},
                "throughput": 125,
                "volume_id": "vol-0f2b49b9277648d32",
                "volume_size": 8,
                "volume_type": "gp3"
              }
            ],
            "secondary_network_interface": [],
            "secondary_private_ips": [],
            "security_groups": [
              "indirect_redis_sg"
            ],
            "source_dest_check": true,
            "spot_instance_request_id": "",
            "subnet_id": "subnet-07d6168b5761a8409",
            "tags": {
              "Name": "Redis-Indirect"
            },
            "tags_all": {
              "Name": "Redis-Indirect"
            },
            "tenancy": "default",
            "timeouts": null,
            "user_data": "#!/bin/bash\r\nwhile pidof dnf \u003e /dev/null; do sleep 5; done\r\ndnf update -y \u0026\u0026 dnf install docker -y\r\nsystemctl start docker \u0026\u0026 systemctl enable docker\r\ndocker run -d --name mi-redis --restart unless-stopped -p 6379:6379 redis:latest redis-server --requirepass \"admin123\"\r\n",
            "user_data_base64": null,
            "user_data_replace_on_change": false,
            "volume_tags": null,
            "vpc_security_group_ids": [
              "sg-0f84800c782c625b8"
            ]
          },
          "sensitive_attributes": [],
          "identity_schema_version": 0,
          "identity": {
            "account_id": "344602101473",
            "id": "i-0862937b98c80eab1",
            "region": "us-east-1"
          },
          "private": "eyJlMmJmYjczMC1lY2FhLTExZTYtOGY4OC0zNDM2M2JjN2M0YzAiOnsiY3JlYXRlIjo2MDAwMDAwMDAwMDAsImRlbGV0ZSI6MTIwMDAwMDAwMDAwMCwicmVhZCI6OTAwMDAwMDAwMDAwLCJ1cGRhdGUiOjYwMDAwMDAwMDAwMH0sInNjaGVtYV92ZXJzaW9uIjoiMiJ9",
          "dependencies": [
            "aws_security_group.client_sg",
            "aws_security_group.redis_sg",
            "aws_security_group.worker_sg",
            "data.aws_ami.amazon_linux"
          ]
        }
      ]
    },
    {
      "mode": "managed",
      "type": "aws_instance",
      "name": "worker",
      "provider": "provider[\"registry.terraform.io/hashicorp/aws\"]",
      "instances": [
        {
          "index_key": 0,
          "schema_version": 2,
          "attributes": {
            "ami": "ami-00fa360e28f425da0",
            "arn": "arn:aws:ec2:us-east-1:344602101473:instance/i-0a892b007fd8371de",
            "associate_public_ip_address": true,
            "availability_zone": "us-east-1b",
            "capacity_reservation_specification": [
              {
                "capacity_reservation_preference": "open",
                "capacity_reservation_target": []
              }
            ],
            "cpu_options": [
              {
                "amd_sev_snp": "",
                "core_count": 1,
                "nested_virtualization": "",
                "threads_per_core": 2
              }
            ],
            "credit_specification": [
              {
                "cpu_credits": "unlimited"
              }
            ],
            "disable_api_stop": false,
            "disable_api_termination": false,
            "ebs_block_device": [],
            "ebs_optimized": false,
            "enable_primary_ipv6": null,
            "enclave_options": [
              {
                "enabled": false
              }
            ],
            "ephemeral_block_device": [],
            "force_destroy": false,
            "get_password_data": false,
            "hibernation": false,
            "host_id": "",
            "host_resource_group_arn": null,
            "iam_instance_profile": "",
            "id": "i-0a892b007fd8371de",
            "instance_initiated_shutdown_behavior": "stop",
            "instance_lifecycle": "",
            "instance_market_options": [],
            "instance_state": "running",
            "instance_type": "t3.micro",
            "ipv6_address_count": 0,
            "ipv6_addresses": [],
            "key_name": "clave-rabbitmq-server",
            "launch_template": [],
            "maintenance_options": [
              {
                "auto_recovery": "default"
              }
            ],
            "metadata_options": [
              {
                "http_endpoint": "enabled",
                "http_protocol_ipv6": "disabled",
                "http_put_response_hop_limit": 2,
                "http_tokens": "required",
                "instance_metadata_tags": "disabled"
              }
            ],
            "monitoring": false,
            "network_interface": [],
            "outpost_arn": "",
            "password_data": "",
            "placement_group": "",
            "placement_group_id": "",
            "placement_partition_number": 0,
            "primary_network_interface": [
              {
                "delete_on_termination": true,
                "network_interface_id": "eni-04f8da3a6cf2a8f08"
              }
            ],
            "primary_network_interface_id": "eni-04f8da3a6cf2a8f08",
            "private_dns": "ip-172-31-27-106.ec2.internal",
            "private_dns_name_options": [
              {
                "enable_resource_name_dns_a_record": false,
                "enable_resource_name_dns_aaaa_record": false,
                "hostname_type": "ip-name"
              }
            ],
            "private_ip": "172.31.27.106",
            "public_dns": "ec2-184-72-79-100.compute-1.amazonaws.com",
            "public_ip": "184.72.79.100",
            "region": "us-east-1",
            "root_block_device": [
              {
                "delete_on_termination": true,
                "device_name": "/dev/xvda",
                "encrypted": false,
                "iops": 3000,
                "kms_key_id": "",
                "tags": {},
                "tags_all": {},
                "throughput": 125,
                "volume_id": "vol-0eff4dd29b6a6d278",
                "volume_size": 8,
                "volume_type": "gp3"
              }
            ],
            "secondary_network_interface": [],
            "secondary_private_ips": [],
            "security_groups": [
              "indirect_worker_sg"
            ],
            "source_dest_check": true,
            "spot_instance_request_id": "",
            "subnet_id": "subnet-07d6168b5761a8409",
            "tags": {
              "Name": "Worker-Indirect-1"
            },
            "tags_all": {
              "Name": "Worker-Indirect-1"
            },
            "tenancy": "default",
            "timeouts": null,
            "user_data": "#!/bin/bash\r\n# Límites de red para los workers\r\necho \"fs.file-max = 2097152\" \u003e\u003e /etc/sysctl.conf\r\necho \"net.core.somaxconn = 65535\" \u003e\u003e /etc/sysctl.conf\r\necho \"net.ipv4.tcp_max_syn_backlog = 65535\" \u003e\u003e /etc/sysctl.conf\r\necho \"net.ipv4.ip_local_port_range = 1024 65535\" \u003e\u003e /etc/sysctl.conf\r\nsysctl -p\r\necho \"* soft nofile 65535\" \u003e\u003e /etc/security/limits.conf\r\necho \"* hard nofile 65535\" \u003e\u003e /etc/security/limits.conf\r\n\r\nwhile pidof dnf \u003e /dev/null; do sleep 5; done\r\ndnf update -y \u0026\u0026 dnf install -y python3 python3-pip git\r\n    \r\ncd /home/ec2-user \r\ngit clone https://github.com/waliguren/nuevapractica1_sd.git repo\r\nmv repo/archivosWorker ./\r\nrm -rf repo\r\n    \r\ncd archivosWorker\r\n    \r\n# Inyectar la IP de Redis Y DE RABBITMQ\r\nsed -i 's/IP_DE_TU_REDIS/172.31.25.132/g' indirect_worker.py\r\nsed -i 's/IP_DE_RABBITMQ/172.31.26.16/g' indirect_worker.py\r\n    \r\n# Añadimos variables de entorno\r\necho \"export REDIS_HOST=172.31.25.132\" \u003e\u003e /home/ec2-user/.bashrc\r\necho \"export RABBITMQ_HOST=172.31.26.16\" \u003e\u003e /home/ec2-user/.bashrc\r\nexport REDIS_HOST=172.31.25.132\r\nexport RABBITMQ_HOST=172.31.26.16\r\n    \r\npython3 -m venv venv \u0026\u0026 venv/bin/pip install redis pika\r\n    \r\nulimit -n 65535\r\nnohup venv/bin/python3 indirect_worker.py \u003e worker.log 2\u003e\u00261 \u0026\r\n",
            "user_data_base64": null,
            "user_data_replace_on_change": false,
            "volume_tags": null,
            "vpc_security_group_ids": [
              "sg-0055431153afa4ad1"
            ]
          },
          "sensitive_attributes": [],
          "identity_schema_version": 0,
          "identity": {
            "account_id": "344602101473",
            "id": "i-0a892b007fd8371de",
            "region": "us-east-1"
          },
          "private": "eyJlMmJmYjczMC1lY2FhLTExZTYtOGY4OC0zNDM2M2JjN2M0YzAiOnsiY3JlYXRlIjo2MDAwMDAwMDAwMDAsImRlbGV0ZSI6MTIwMDAwMDAwMDAwMCwicmVhZCI6OTAwMDAwMDAwMDAwLCJ1cGRhdGUiOjYwMDAwMDAwMDAwMH0sInNjaGVtYV92ZXJzaW9uIjoiMiJ9",
          "dependencies": [
            "aws_instance.rabbitmq",
            "aws_instance.redis",
            "aws_security_group.client_sg",
            "aws_security_group.rabbitmq_sg",
            "aws_security_group.redis_sg",
            "aws_security_group.worker_sg",
            "data.aws_ami.amazon_linux"
          ]
        },
        {
          "index_key": 1,
          "schema_version": 2,
          "attributes": {
            "ami": "ami-00fa360e28f425da0",
            "arn": "arn:aws:ec2:us-east-1:344602101473:instance/i-0b3ac9c8027d6e67a",
            "associate_public_ip_address": true,
            "availability_zone": "us-east-1b",
            "capacity_reservation_specification": [
              {
                "capacity_reservation_preference": "open",
                "capacity_reservation_target": []
              }
            ],
            "cpu_options": [
              {
                "amd_sev_snp": "",
                "core_count": 1,
                "nested_virtualization": "",
                "threads_per_core": 2
              }
            ],
            "credit_specification": [
              {
                "cpu_credits": "unlimited"
              }
            ],
            "disable_api_stop": false,
            "disable_api_termination": false,
            "ebs_block_device": [],
            "ebs_optimized": false,
            "enable_primary_ipv6": null,
            "enclave_options": [
              {
                "enabled": false
              }
            ],
            "ephemeral_block_device": [],
            "force_destroy": false,
            "get_password_data": false,
            "hibernation": false,
            "host_id": "",
            "host_resource_group_arn": null,
            "iam_instance_profile": "",
            "id": "i-0b3ac9c8027d6e67a",
            "instance_initiated_shutdown_behavior": "stop",
            "instance_lifecycle": "",
            "instance_market_options": [],
            "instance_state": "running",
            "instance_type": "t3.micro",
            "ipv6_address_count": 0,
            "ipv6_addresses": [],
            "key_name": "clave-rabbitmq-server",
            "launch_template": [],
            "maintenance_options": [
              {
                "auto_recovery": "default"
              }
            ],
            "metadata_options": [
              {
                "http_endpoint": "enabled",
                "http_protocol_ipv6": "disabled",
                "http_put_response_hop_limit": 2,
                "http_tokens": "required",
                "instance_metadata_tags": "disabled"
              }
            ],
            "monitoring": false,
            "network_interface": [],
            "outpost_arn": "",
            "password_data": "",
            "placement_group": "",
            "placement_group_id": "",
            "placement_partition_number": 0,
            "primary_network_interface": [
              {
                "delete_on_termination": true,
                "network_interface_id": "eni-0f9c50ce6b2259aee"
              }
            ],
            "primary_network_interface_id": "eni-0f9c50ce6b2259aee",
            "private_dns": "ip-172-31-18-3.ec2.internal",
            "private_dns_name_options": [
              {
                "enable_resource_name_dns_a_record": false,
                "enable_resource_name_dns_aaaa_record": false,
                "hostname_type": "ip-name"
              }
            ],
            "private_ip": "172.31.18.3",
            "public_dns": "ec2-100-52-255-66.compute-1.amazonaws.com",
            "public_ip": "100.52.255.66",
            "region": "us-east-1",
            "root_block_device": [
              {
                "delete_on_termination": true,
                "device_name": "/dev/xvda",
                "encrypted": false,
                "iops": 3000,
                "kms_key_id": "",
                "tags": {},
                "tags_all": {},
                "throughput": 125,
                "volume_id": "vol-034b198219490d9e0",
                "volume_size": 8,
                "volume_type": "gp3"
              }
            ],
            "secondary_network_interface": [],
            "secondary_private_ips": [],
            "security_groups": [
              "indirect_worker_sg"
            ],
            "source_dest_check": true,
            "spot_instance_request_id": "",
            "subnet_id": "subnet-07d6168b5761a8409",
            "tags": {
              "Name": "Worker-Indirect-2"
            },
            "tags_all": {
              "Name": "Worker-Indirect-2"
            },
            "tenancy": "default",
            "timeouts": null,
            "user_data": "#!/bin/bash\r\n# Límites de red para los workers\r\necho \"fs.file-max = 2097152\" \u003e\u003e /etc/sysctl.conf\r\necho \"net.core.somaxconn = 65535\" \u003e\u003e /etc/sysctl.conf\r\necho \"net.ipv4.tcp_max_syn_backlog = 65535\" \u003e\u003e /etc/sysctl.conf\r\necho \"net.ipv4.ip_local_port_range = 1024 65535\" \u003e\u003e /etc/sysctl.conf\r\nsysctl -p\r\necho \"* soft nofile 65535\" \u003e\u003e /etc/security/limits.conf\r\necho \"* hard nofile 65535\" \u003e\u003e /etc/security/limits.conf\r\n\r\nwhile pidof dnf \u003e /dev/null; do sleep 5; done\r\ndnf update -y \u0026\u0026 dnf install -y python3 python3-pip git\r\n    \r\ncd /home/ec2-user \r\ngit clone https://github.com/waliguren/nuevapractica1_sd.git repo\r\nmv repo/archivosWorker ./\r\nrm -rf repo\r\n    \r\ncd archivosWorker\r\n    \r\n# Inyectar la IP de Redis Y DE RABBITMQ\r\nsed -i 's/IP_DE_TU_REDIS/172.31.25.132/g' indirect_worker.py\r\nsed -i 's/IP_DE_RABBITMQ/172.31.26.16/g' indirect_worker.py\r\n    \r\n# Añadimos variables de entorno\r\necho \"export REDIS_HOST=172.31.25.132\" \u003e\u003e /home/ec2-user/.bashrc\r\necho \"export RABBITMQ_HOST=172.31.26.16\" \u003e\u003e /home/ec2-user/.bashrc\r\nexport REDIS_HOST=172.31.25.132\r\nexport RABBITMQ_HOST=172.31.26.16\r\n    \r\npython3 -m venv venv \u0026\u0026 venv/bin/pip install redis pika\r\n    \r\nulimit -n 65535\r\nnohup venv/bin/python3 indirect_worker.py \u003e worker.log 2\u003e\u00261 \u0026\r\n",
            "user_data_base64": null,
            "user_data_replace_on_change": false,
            "volume_tags": null,
            "vpc_security_group_ids": [
              "sg-0055431153afa4ad1"
            ]
          },
          "sensitive_attributes": [],
          "identity_schema_version": 0,
          "identity": {
            "account_id": "344602101473",
            "id": "i-0b3ac9c8027d6e67a",
            "region": "us-east-1"
          },
          "private": "eyJlMmJmYjczMC1lY2FhLTExZTYtOGY4OC0zNDM2M2JjN2M0YzAiOnsiY3JlYXRlIjo2MDAwMDAwMDAwMDAsImRlbGV0ZSI6MTIwMDAwMDAwMDAwMCwicmVhZCI6OTAwMDAwMDAwMDAwLCJ1cGRhdGUiOjYwMDAwMDAwMDAwMH0sInNjaGVtYV92ZXJzaW9uIjoiMiJ9",
          "dependencies": [
            "aws_instance.rabbitmq",
            "aws_instance.redis",
            "aws_security_group.client_sg",
            "aws_security_group.rabbitmq_sg",
            "aws_security_group.redis_sg",
            "aws_security_group.worker_sg",
            "data.aws_ami.amazon_linux"
          ]
        }
      ]
    },
    {
      "mode": "managed",
      "type": "aws_security_group",
      "name": "client_sg",
      "provider": "provider[\"registry.terraform.io/hashicorp/aws\"]",
      "instances": [
        {
          "schema_version": 1,
          "attributes": {
            "arn": "arn:aws:ec2:us-east-1:344602101473:security-group/sg-0ba13076d9a5311f8",
            "description": "Managed by Terraform",
            "egress": [
              {
                "cidr_blocks": [
                  "0.0.0.0/0"
                ],
                "description": "",
                "from_port": 0,
                "ipv6_cidr_blocks": [],
                "prefix_list_ids": [],
                "protocol": "-1",
                "security_groups": [],
                "self": false,
                "to_port": 0
              }
            ],
            "id": "sg-0ba13076d9a5311f8",
            "ingress": [
              {
                "cidr_blocks": [
                  "0.0.0.0/0"
                ],
                "description": "",
                "from_port": 22,
                "ipv6_cidr_blocks": [],
                "prefix_list_ids": [],
                "protocol": "tcp",
                "security_groups": [],
                "self": false,
                "to_port": 22
              }
            ],
            "name": "indirect_client_sg",
            "name_prefix": "",
            "owner_id": "344602101473",
            "region": "us-east-1",
            "revoke_rules_on_delete": false,
            "tags": null,
            "tags_all": {},
            "timeouts": null,
            "vpc_id": "vpc-0e8742fafb6f175e7"
          },
          "sensitive_attributes": [],
          "identity_schema_version": 0,
          "identity": {
            "account_id": "344602101473",
            "id": "sg-0ba13076d9a5311f8",
            "region": "us-east-1"
          },
          "private": "eyJlMmJmYjczMC1lY2FhLTExZTYtOGY4OC0zNDM2M2JjN2M0YzAiOnsiY3JlYXRlIjo2MDAwMDAwMDAwMDAsImRlbGV0ZSI6OTAwMDAwMDAwMDAwfSwic2NoZW1hX3ZlcnNpb24iOiIxIn0="
        }
      ]
    },
    {
      "mode": "managed",
      "type": "aws_security_group",
      "name": "rabbitmq_sg",
      "provider": "provider[\"registry.terraform.io/hashicorp/aws\"]",
      "instances": [
        {
          "schema_version": 1,
          "attributes": {
            "arn": "arn:aws:ec2:us-east-1:344602101473:security-group/sg-0fadc19eebf731e3c",
            "description": "Managed by Terraform",
            "egress": [
              {
                "cidr_blocks": [
                  "0.0.0.0/0"
                ],
                "description": "",
                "from_port": 0,
                "ipv6_cidr_blocks": [],
                "prefix_list_ids": [],
                "protocol": "-1",
                "security_groups": [],
                "self": false,
                "to_port": 0
              }
            ],
            "id": "sg-0fadc19eebf731e3c",
            "ingress": [
              {
                "cidr_blocks": [
                  "0.0.0.0/0"
                ],
                "description": "",
                "from_port": 15672,
                "ipv6_cidr_blocks": [],
                "prefix_list_ids": [],
                "protocol": "tcp",
                "security_groups": [],
                "self": false,
                "to_port": 15672
              },
              {
                "cidr_blocks": [
                  "0.0.0.0/0"
                ],
                "description": "",
                "from_port": 22,
                "ipv6_cidr_blocks": [],
                "prefix_list_ids": [],
                "protocol": "tcp",
                "security_groups": [],
                "self": false,
                "to_port": 22
              },
              {
                "cidr_blocks": [
                  "0.0.0.0/0"
                ],
                "description": "",
                "from_port": 5672,
                "ipv6_cidr_blocks": [],
                "prefix_list_ids": [],
                "protocol": "tcp",
                "security_groups": [],
                "self": false,
                "to_port": 5672
              }
            ],
            "name": "indirect_rabbitmq_sg",
            "name_prefix": "",
            "owner_id": "344602101473",
            "region": "us-east-1",
            "revoke_rules_on_delete": false,
            "tags": null,
            "tags_all": {},
            "timeouts": null,
            "vpc_id": "vpc-0e8742fafb6f175e7"
          },
          "sensitive_attributes": [],
          "identity_schema_version": 0,
          "identity": {
            "account_id": "344602101473",
            "id": "sg-0fadc19eebf731e3c",
            "region": "us-east-1"
          },
          "private": "eyJlMmJmYjczMC1lY2FhLTExZTYtOGY4OC0zNDM2M2JjN2M0YzAiOnsiY3JlYXRlIjo2MDAwMDAwMDAwMDAsImRlbGV0ZSI6OTAwMDAwMDAwMDAwfSwic2NoZW1hX3ZlcnNpb24iOiIxIn0="
        }
      ]
    },
    {
      "mode": "managed",
      "type": "aws_security_group",
      "name": "redis_sg",
      "provider": "provider[\"registry.terraform.io/hashicorp/aws\"]",
      "instances": [
        {
          "schema_version": 1,
          "attributes": {
            "arn": "arn:aws:ec2:us-east-1:344602101473:security-group/sg-0f84800c782c625b8",
            "description": "Managed by Terraform",
            "egress": [
              {
                "cidr_blocks": [
                  "0.0.0.0/0"
                ],
                "description": "",
                "from_port": 0,
                "ipv6_cidr_blocks": [],
                "prefix_list_ids": [],
                "protocol": "-1",
                "security_groups": [],
                "self": false,
                "to_port": 0
              }
            ],
            "id": "sg-0f84800c782c625b8",
            "ingress": [
              {
                "cidr_blocks": [
                  "0.0.0.0/0"
                ],
                "description": "",
                "from_port": 22,
                "ipv6_cidr_blocks": [],
                "prefix_list_ids": [],
                "protocol": "tcp",
                "security_groups": [],
                "self": false,
                "to_port": 22
              },
              {
                "cidr_blocks": [],
                "description": "",
                "from_port": 6379,
                "ipv6_cidr_blocks": [],
                "prefix_list_ids": [],
                "protocol": "tcp",
                "security_groups": [
                  "sg-0055431153afa4ad1",
                  "sg-0ba13076d9a5311f8"
                ],
                "self": false,
                "to_port": 6379
              }
            ],
            "name": "indirect_redis_sg",
            "name_prefix": "",
            "owner_id": "344602101473",
            "region": "us-east-1",
            "revoke_rules_on_delete": false,
            "tags": null,
            "tags_all": {},
            "timeouts": null,
            "vpc_id": "vpc-0e8742fafb6f175e7"
          },
          "sensitive_attributes": [],
          "identity_schema_version": 0,
          "identity": {
            "account_id": "344602101473",
            "id": "sg-0f84800c782c625b8",
            "region": "us-east-1"
          },
          "private": "eyJlMmJmYjczMC1lY2FhLTExZTYtOGY4OC0zNDM2M2JjN2M0YzAiOnsiY3JlYXRlIjo2MDAwMDAwMDAwMDAsImRlbGV0ZSI6OTAwMDAwMDAwMDAwfSwic2NoZW1hX3ZlcnNpb24iOiIxIn0=",
          "dependencies": [
            "aws_security_group.client_sg",
            "aws_security_group.worker_sg"
          ]
        }
      ]
    },
    {
      "mode": "managed",
      "type": "aws_security_group",
      "name": "worker_sg",
      "provider": "provider[\"registry.terraform.io/hashicorp/aws\"]",
      "instances": [
        {
          "schema_version": 1,
          "attributes": {
            "arn": "arn:aws:ec2:us-east-1:344602101473:security-group/sg-0055431153afa4ad1",
            "description": "Managed by Terraform",
            "egress": [
              {
                "cidr_blocks": [
                  "0.0.0.0/0"
                ],
                "description": "",
                "from_port": 0,
                "ipv6_cidr_blocks": [],
                "prefix_list_ids": [],
                "protocol": "-1",
                "security_groups": [],
                "self": false,
                "to_port": 0
              }
            ],
            "id": "sg-0055431153afa4ad1",
            "ingress": [
              {
                "cidr_blocks": [
                  "0.0.0.0/0"
                ],
                "description": "",
                "from_port": 22,
                "ipv6_cidr_blocks": [],
                "prefix_list_ids": [],
                "protocol": "tcp",
                "security_groups": [],
                "self": false,
                "to_port": 22
              }
            ],
            "name": "indirect_worker_sg",
            "name_prefix": "",
            "owner_id": "344602101473",
            "region": "us-east-1",
            "revoke_rules_on_delete": false,
            "tags": null,
            "tags_all": {},
            "timeouts": null,
            "vpc_id": "vpc-0e8742fafb6f175e7"
          },
          "sensitive_attributes": [],
          "identity_schema_version": 0,
          "identity": {
            "account_id": "344602101473",
            "id": "sg-0055431153afa4ad1",
            "region": "us-east-1"
          },
          "private": "eyJlMmJmYjczMC1lY2FhLTExZTYtOGY4OC0zNDM2M2JjN2M0YzAiOnsiY3JlYXRlIjo2MDAwMDAwMDAwMDAsImRlbGV0ZSI6OTAwMDAwMDAwMDAwfSwic2NoZW1hX3ZlcnNpb24iOiIxIn0="
        }
      ]
    }
  ],
  "check_results": null
}
