{
  "version": 4,
  "terraform_version": "1.15.4",
  "serial": 192,
  "lineage": "f0c46166-a540-8562-6784-81dee8052348",
  "outputs": {
    "CLIENTE_SSH": {
      "value": "ssh -i clave-rabbitmq-server.pem ec2-user@3.81.94.250",
      "type": "string"
    }
  },
  "resources": [
    {
      "mode": "data",
      "type": "aws_ami",
      "name": "amazon_linux",
      "provider": "provider[\"registry.terraform.io/hashicorp/aws\"]",
      "instances": [
        {
          "schema_version": 0,
          "attributes": {
            "allow_unsafe_filter": null,
            "architecture": "x86_64",
            "arn": "arn:aws:ec2:us-east-1::image/ami-00fa360e28f425da0",
            "block_device_mappings": [
              {
                "device_name": "/dev/xvda",
                "ebs": {
                  "delete_on_termination": "true",
                  "encrypted": "false",
                  "iops": "3000",
                  "snapshot_id": "snap-0cd5f630552e67ca8",
                  "throughput": "125",
                  "volume_initialization_rate": "0",
                  "volume_size": "8",
                  "volume_type": "gp3"
                },
                "no_device": "",
                "virtual_name": ""
              }
            ],
            "boot_mode": "uefi-preferred",
            "creation_date": "2026-05-21T18:13:30.000Z",
            "deprecation_time": "2026-08-19T18:49:00.000Z",
            "description": "Amazon Linux 2023 AMI 2023.11.20260526.0 x86_64 HVM kernel-6.18",
            "ena_support": true,
            "executable_users": null,
            "filter": [
              {
                "name": "name",
                "values": [
                  "al2023-ami-2023.*-x86_64"
                ]
              },
              {
                "name": "virtualization-type",
                "values": [
                  "hvm"
                ]
              }
            ],
            "hypervisor": "xen",
            "id": "ami-00fa360e28f425da0",
            "image_id": "ami-00fa360e28f425da0",
            "image_location": "amazon/al2023-ami-2023.11.20260526.0-kernel-6.18-x86_64",
            "image_owner_alias": "amazon",
            "image_type": "machine",
            "imds_support": "v2.0",
            "include_deprecated": false,
            "kernel_id": "",
            "last_launched_time": "",
            "most_recent": true,
            "name": "al2023-ami-2023.11.20260526.0-kernel-6.18-x86_64",
            "name_regex": null,
            "owner_id": "137112412989",
            "owners": [
              "amazon"
            ],
            "platform": "",
            "platform_details": "Linux/UNIX",
            "product_codes": [],
            "public": true,
            "ramdisk_id": "",
            "region": "us-east-1",
            "root_device_name": "/dev/xvda",
            "root_device_type": "ebs",
            "root_snapshot_id": "snap-0cd5f630552e67ca8",
            "sriov_net_support": "simple",
            "state": "available",
            "state_reason": {
              "code": "UNSET",
              "message": "UNSET"
            },
            "tags": {},
            "timeouts": null,
            "tpm_support": "",
            "uefi_data": null,
            "usage_operation": "RunInstances",
            "virtualization_type": "hvm"
          },
          "sensitive_attributes": [],
          "identity_schema_version": 0
        }
      ]
    },
    {
      "mode": "managed",
      "type": "aws_instance",
      "name": "client",
      "provider": "provider[\"registry.terraform.io/hashicorp/aws\"]",
      "instances": [
        {
          "schema_version": 2,
          "attributes": {
            "ami": "ami-00fa360e28f425da0",
            "arn": "arn:aws:ec2:us-east-1:344602101473:instance/i-00725da5357d986e8",
            "associate_public_ip_address": true,
            "availability_zone": "us-east-1c",
            "capacity_reservation_specification": [
              {
                "capacity_reservation_preference": "open",
                "capacity_reservation_target": []
              }
            ],
            "cpu_options": [
              {
                "amd_sev_snp": "",
                "core_count": 1,
                "nested_virtualization": "",
                "threads_per_core": 2
              }
            ],
            "credit_specification": [
              {
                "cpu_credits": "unlimited"
              }
            ],
            "disable_api_stop": false,
            "disable_api_termination": false,
            "ebs_block_device": [],
            "ebs_optimized": false,
            "enable_primary_ipv6": null,
            "enclave_options": [
              {
                "enabled": false
              }
            ],
            "ephemeral_block_device": [],
            "force_destroy": false,
            "get_password_data": false,
            "hibernation": false,
            "host_id": "",
            "host_resource_group_arn": null,
            "iam_instance_profile": "",
            "id": "i-00725da5357d986e8",
            "instance_initiated_shutdown_behavior": "stop",
            "instance_lifecycle": "",
            "instance_market_options": [],
            "instance_state": "running",
            "instance_type": "t3.micro",
            "ipv6_address_count": 0,
            "ipv6_addresses": [],
            "key_name": "clave-rabbitmq-server",
            "launch_template": [],
            "maintenance_options": [
              {
                "auto_recovery": "default"
              }
            ],
            "metadata_options": [
              {
                "http_endpoint": "enabled",
                "http_protocol_ipv6": "disabled",
                "http_put_response_hop_limit": 2,
                "http_tokens": "required",
                "instance_metadata_tags": "disabled"
              }
            ],
            "monitoring": false,
            "network_interface": [],
            "outpost_arn": "",
            "password_data": "",
            "placement_group": "",
            "placement_group_id": "",
            "placement_partition_number": 0,
            "primary_network_interface": [
              {
                "delete_on_termination": true,
                "network_interface_id": "eni-023095a31acc98ed7"
              }
            ],
            "primary_network_interface_id": "eni-023095a31acc98ed7",
            "private_dns": "ip-172-31-43-190.ec2.internal",
            "private_dns_name_options": [
              {
                "enable_resource_name_dns_a_record": false,
                "enable_resource_name_dns_aaaa_record": false,
                "hostname_type": "ip-name"
              }
            ],
            "private_ip": "172.31.43.190",
            "public_dns": "ec2-3-81-94-250.compute-1.amazonaws.com",
            "public_ip": "3.81.94.250",
            "region": "us-east-1",
            "root_block_device": [
              {
                "delete_on_termination": true,
                "device_name": "/dev/xvda",
                "encrypted": false,
                "iops": 3000,
                "kms_key_id": "",
                "tags": {},
                "tags_all": {},
                "throughput": 125,
                "volume_id": "vol-06643b79a5dfc3096",
                "volume_size": 8,
                "volume_type": "gp3"
              }
            ],
            "secondary_network_interface": [],
            "secondary_private_ips": [],
            "security_groups": [
              "direct_client_sg_v2"
            ],
            "source_dest_check": true,
            "spot_instance_request_id": "",
            "subnet_id": "subnet-0742b30c8ccad7c19",
            "tags": {
              "Name": "Client-Direct"
            },
            "tags_all": {
              "Name": "Client-Direct"
            },
            "tenancy": "default",
            "timeouts": null,
            "user_data": "#!/bin/bash\r\n    \r\n# 1. Ajustes del Kernel para disparar sin ahogarse\r\necho \"fs.file-max = 2097152\" \u003e\u003e /etc/sysctl.conf\r\necho \"net.core.somaxconn = 65535\" \u003e\u003e /etc/sysctl.conf\r\necho \"net.ipv4.tcp_max_syn_backlog = 65535\" \u003e\u003e /etc/sysctl.conf\r\necho \"net.ipv4.ip_local_port_range = 1024 65535\" \u003e\u003e /etc/sysctl.conf\r\nsysctl -p\r\necho \"* soft nofile 65535\" \u003e\u003e /etc/security/limits.conf\r\necho \"* hard nofile 65535\" \u003e\u003e /etc/security/limits.conf\r\n    \r\n# 2. Instalación\r\ndnf update -y\r\ndnf install -y python3 python3-pip git\r\n    \r\ncd /home/ec2-user\r\ngit clone https://github.com/waliguren/nuevapractica1_sd.git repo\r\nmv repo/archivosCliente ./\r\nrm -rf repo\r\n    \r\ncd archivosCliente\r\npython3 -m venv venv\r\nvenv/bin/pip install aiohttp uvloop redis\r\n    \r\n# 3. Variables de entorno\r\necho \"export NGINX_HOST=172.31.76.249\" \u003e\u003e /home/ec2-user/.bashrc\r\necho \"export REDIS_HOST=172.31.32.104\" \u003e\u003e /home/ec2-user/.bashrc\r\n    \r\n# 4. Hacer que el ulimit se aplique automáticamente al entrar por SSH\r\necho \"ulimit -n 65535\" \u003e\u003e /home/ec2-user/.bashrc\r\n",
            "user_data_base64": null,
            "user_data_replace_on_change": false,
            "volume_tags": null,
            "vpc_security_group_ids": [
              "sg-0d17a95ce26dfa756"
            ]
          },
          "sensitive_attributes": [],
          "identity_schema_version": 0,
          "identity": {
            "account_id": "344602101473",
            "id": "i-00725da5357d986e8",
            "region": "us-east-1"
          },
          "private": "eyJlMmJmYjczMC1lY2FhLTExZTYtOGY4OC0zNDM2M2JjN2M0YzAiOnsiY3JlYXRlIjo2MDAwMDAwMDAwMDAsImRlbGV0ZSI6MTIwMDAwMDAwMDAwMCwicmVhZCI6OTAwMDAwMDAwMDAwLCJ1cGRhdGUiOjYwMDAwMDAwMDAwMH0sInNjaGVtYV92ZXJzaW9uIjoiMiJ9",
          "dependencies": [
            "aws_instance.nginx",
            "aws_instance.redis",
            "aws_instance.worker",
            "aws_security_group.client_sg",
            "aws_security_group.nginx_sg",
            "aws_security_group.redis_sg",
            "aws_security_group.worker_sg",
            "data.aws_ami.amazon_linux"
          ]
        }
      ]
    },
    {
      "mode": "managed",
      "type": "aws_instance",
      "name": "nginx",
      "provider": "provider[\"registry.terraform.io/hashicorp/aws\"]",
      "instances": [
        {
          "schema_version": 2,
          "attributes": {
            "ami": "ami-00fa360e28f425da0",
            "arn": "arn:aws:ec2:us-east-1:344602101473:instance/i-038085c36dc39d8b5",
            "associate_public_ip_address": true,
            "availability_zone": "us-east-1f",
            "capacity_reservation_specification": [
              {
                "capacity_reservation_preference": "open",
                "capacity_reservation_target": []
              }
            ],
            "cpu_options": [
              {
                "amd_sev_snp": "",
                "core_count": 1,
                "nested_virtualization": "",
                "threads_per_core": 2
              }
            ],
            "credit_specification": [
              {
                "cpu_credits": "unlimited"
              }
            ],
            "disable_api_stop": false,
            "disable_api_termination": false,
            "ebs_block_device": [],
            "ebs_optimized": false,
            "enable_primary_ipv6": null,
            "enclave_options": [
              {
                "enabled": false
              }
            ],
            "ephemeral_block_device": [],
            "force_destroy": false,
            "get_password_data": false,
            "hibernation": false,
            "host_id": "",
            "host_resource_group_arn": null,
            "iam_instance_profile": "",
            "id": "i-038085c36dc39d8b5",
            "instance_initiated_shutdown_behavior": "stop",
            "instance_lifecycle": "",
            "instance_market_options": [],
            "instance_state": "running",
            "instance_type": "t3.small",
            "ipv6_address_count": 0,
            "ipv6_addresses": [],
            "key_name": "clave-rabbitmq-server",
            "launch_template": [],
            "maintenance_options": [
              {
                "auto_recovery": "default"
              }
            ],
            "metadata_options": [
              {
                "http_endpoint": "enabled",
                "http_protocol_ipv6": "disabled",
                "http_put_response_hop_limit": 2,
                "http_tokens": "required",
                "instance_metadata_tags": "disabled"
              }
            ],
            "monitoring": false,
            "network_interface": [],
            "outpost_arn": "",
            "password_data": "",
            "placement_group": "",
            "placement_group_id": "",
            "placement_partition_number": 0,
            "primary_network_interface": [
              {
                "delete_on_termination": true,
                "network_interface_id": "eni-09c0f5b4e0c336e2d"
              }
            ],
            "primary_network_interface_id": "eni-09c0f5b4e0c336e2d",
            "private_dns": "ip-172-31-76-249.ec2.internal",
            "private_dns_name_options": [
              {
                "enable_resource_name_dns_a_record": false,
                "enable_resource_name_dns_aaaa_record": false,
                "hostname_type": "ip-name"
              }
            ],
            "private_ip": "172.31.76.249",
            "public_dns": "ec2-44-200-122-63.compute-1.amazonaws.com",
            "public_ip": "44.200.122.63",
            "region": "us-east-1",
            "root_block_device": [
              {
                "delete_on_termination": true,
                "device_name": "/dev/xvda",
                "encrypted": false,
                "iops": 3000,
                "kms_key_id": "",
                "tags": {},
                "tags_all": {},
                "throughput": 125,
                "volume_id": "vol-0ae3242680b75a6db",
                "volume_size": 8,
                "volume_type": "gp3"
              }
            ],
            "secondary_network_interface": [],
            "secondary_private_ips": [],
            "security_groups": [
              "direct_nginx_sg_v2"
            ],
            "source_dest_check": true,
            "spot_instance_request_id": "",
            "subnet_id": "subnet-07f91be706206b620",
            "tags": {
              "Name": "NGINX-Balancer"
            },
            "tags_all": {
              "Name": "NGINX-Balancer"
            },
            "tenancy": "default",
            "timeouts": null,
            "user_data": "#!/bin/bash\r\n    \r\n# 1. Ajustes del Kernel para alto tráfico (Adiós cuello de botella)\r\necho \"fs.file-max = 2097152\" \u003e\u003e /etc/sysctl.conf\r\necho \"net.core.somaxconn = 65535\" \u003e\u003e /etc/sysctl.conf\r\necho \"net.ipv4.tcp_max_syn_backlog = 65535\" \u003e\u003e /etc/sysctl.conf\r\necho \"net.ipv4.ip_local_port_range = 1024 65535\" \u003e\u003e /etc/sysctl.conf\r\nsysctl -p\r\necho \"* soft nofile 65535\" \u003e\u003e /etc/security/limits.conf\r\necho \"* hard nofile 65535\" \u003e\u003e /etc/security/limits.conf\r\n\r\n# 2. Instalación (Prevención de bloqueo DNF)\r\nwhile pidof dnf \u003e /dev/null; do sleep 5; done\r\ndnf update -y\r\ndnf install -y docker\r\nsystemctl start docker \u0026\u0026 systemctl enable docker\r\n    \r\n# 3. NGINX Config (Aumentamos worker_connections)\r\ncat \u003c\u003c'EOT' \u003e /home/ec2-user/nginx.conf\r\nevents { \r\n    worker_connections 65535; \r\n}\r\nhttp { \r\n    upstream workers_api {\r\n        server 172.31.32.79:5000;\n            server 172.31.43.217:5000;\n            server 172.31.41.71:5000;\r\n    }\r\n    server { \r\n        listen 80;\r\n        location / { \r\n            proxy_pass http://workers_api;\r\n            proxy_connect_timeout 300s; \r\n            proxy_send_timeout 300s; \r\n            proxy_read_timeout 300s; \r\n        } \r\n    } \r\n}\r\nEOT\r\n    \r\n# 4. Lanzar NGINX pasándole el límite abierto (--ulimit)\r\ndocker run -d --name mi-nginx --restart unless-stopped --ulimit nofile=65535:65535 -p 80:80 -v /home/ec2-user/nginx.conf:/etc/nginx/nginx.conf:ro nginx:latest\r\n",
            "user_data_base64": null,
            "user_data_replace_on_change": true,
            "volume_tags": null,
            "vpc_security_group_ids": [
              "sg-0a41cd6ebc9dbec20"
            ]
          },
          "sensitive_attributes": [],
          "identity_schema_version": 0,
          "identity": {
            "account_id": "344602101473",
            "id": "i-038085c36dc39d8b5",
            "region": "us-east-1"
          },
          "private": "eyJlMmJmYjczMC1lY2FhLTExZTYtOGY4OC0zNDM2M2JjN2M0YzAiOnsiY3JlYXRlIjo2MDAwMDAwMDAwMDAsImRlbGV0ZSI6MTIwMDAwMDAwMDAwMCwicmVhZCI6OTAwMDAwMDAwMDAwLCJ1cGRhdGUiOjYwMDAwMDAwMDAwMH0sInNjaGVtYV92ZXJzaW9uIjoiMiJ9",
          "dependencies": [
            "aws_instance.redis",
            "aws_instance.worker",
            "aws_security_group.client_sg",
            "aws_security_group.nginx_sg",
            "aws_security_group.redis_sg",
            "aws_security_group.worker_sg",
            "data.aws_ami.amazon_linux"
          ]
        }
      ]
    },
    {
      "mode": "managed",
      "type": "aws_instance",
      "name": "redis",
      "provider": "provider[\"registry.terraform.io/hashicorp/aws\"]",
      "instances": [
        {
          "schema_version": 2,
          "attributes": {
            "ami": "ami-00fa360e28f425da0",
            "arn": "arn:aws:ec2:us-east-1:344602101473:instance/i-0a3589ff220a44080",
            "associate_public_ip_address": true,
            "availability_zone": "us-east-1c",
            "capacity_reservation_specification": [
              {
                "capacity_reservation_preference": "open",
                "capacity_reservation_target": []
              }
            ],
            "cpu_options": [
              {
                "amd_sev_snp": "",
                "core_count": 1,
                "nested_virtualization": "",
                "threads_per_core": 2
              }
            ],
            "credit_specification": [
              {
                "cpu_credits": "unlimited"
              }
            ],
            "disable_api_stop": false,
            "disable_api_termination": false,
            "ebs_block_device": [],
            "ebs_optimized": false,
            "enable_primary_ipv6": null,
            "enclave_options": [
              {
                "enabled": false
              }
            ],
            "ephemeral_block_device": [],
            "force_destroy": false,
            "get_password_data": false,
            "hibernation": false,
            "host_id": "",
            "host_resource_group_arn": null,
            "iam_instance_profile": "",
            "id": "i-0a3589ff220a44080",
            "instance_initiated_shutdown_behavior": "stop",
            "instance_lifecycle": "",
            "instance_market_options": [],
            "instance_state": "running",
            "instance_type": "t3.micro",
            "ipv6_address_count": 0,
            "ipv6_addresses": [],
            "key_name": "clave-rabbitmq-server",
            "launch_template": [],
            "maintenance_options": [
              {
                "auto_recovery": "default"
              }
            ],
            "metadata_options": [
              {
                "http_endpoint": "enabled",
                "http_protocol_ipv6": "disabled",
                "http_put_response_hop_limit": 2,
                "http_tokens": "required",
                "instance_metadata_tags": "disabled"
              }
            ],
            "monitoring": false,
            "network_interface": [],
            "outpost_arn": "",
            "password_data": "",
            "placement_group": "",
            "placement_group_id": "",
            "placement_partition_number": 0,
            "primary_network_interface": [
              {
                "delete_on_termination": true,
                "network_interface_id": "eni-04dee54f44ba80d47"
              }
            ],
            "primary_network_interface_id": "eni-04dee54f44ba80d47",
            "private_dns": "ip-172-31-32-104.ec2.internal",
            "private_dns_name_options": [
              {
                "enable_resource_name_dns_a_record": false,
                "enable_resource_name_dns_aaaa_record": false,
                "hostname_type": "ip-name"
              }
            ],
            "private_ip": "172.31.32.104",
            "public_dns": "ec2-54-80-167-102.compute-1.amazonaws.com",
            "public_ip": "54.80.167.102",
            "region": "us-east-1",
            "root_block_device": [
              {
                "delete_on_termination": true,
                "device_name": "/dev/xvda",
                "encrypted": false,
                "iops": 3000,
                "kms_key_id": "",
                "tags": {},
                "tags_all": {},
                "throughput": 125,
                "volume_id": "vol-01b675d02df903955",
                "volume_size": 8,
                "volume_type": "gp3"
              }
            ],
            "secondary_network_interface": [],
            "secondary_private_ips": [],
            "security_groups": [
              "direct_redis_sg_v2"
            ],
            "source_dest_check": true,
            "spot_instance_request_id": "",
            "subnet_id": "subnet-0742b30c8ccad7c19",
            "tags": {
              "Name": "Redis-Direct"
            },
            "tags_all": {
              "Name": "Redis-Direct"
            },
            "tenancy": "default",
            "timeouts": null,
            "user_data": "#!/bin/bash\r\ndnf update -y\r\ndnf install -y docker\r\nsystemctl start docker \u0026\u0026 systemctl enable docker\r\ndocker run -d --name mi-redis --restart unless-stopped -p 6379:6379 redis:latest redis-server --requirepass \"admin123\"\r\n",
            "user_data_base64": null,
            "user_data_replace_on_change": false,
            "volume_tags": null,
            "vpc_security_group_ids": [
              "sg-0dd8bdc20bc570ae4"
            ]
          },
          "sensitive_attributes": [],
          "identity_schema_version": 0,
          "identity": {
            "account_id": "344602101473",
            "id": "i-0a3589ff220a44080",
            "region": "us-east-1"
          },
          "private": "eyJlMmJmYjczMC1lY2FhLTExZTYtOGY4OC0zNDM2M2JjN2M0YzAiOnsiY3JlYXRlIjo2MDAwMDAwMDAwMDAsImRlbGV0ZSI6MTIwMDAwMDAwMDAwMCwicmVhZCI6OTAwMDAwMDAwMDAwLCJ1cGRhdGUiOjYwMDAwMDAwMDAwMH0sInNjaGVtYV92ZXJzaW9uIjoiMiJ9",
          "dependencies": [
            "aws_security_group.client_sg",
            "aws_security_group.nginx_sg",
            "aws_security_group.redis_sg",
            "aws_security_group.worker_sg",
            "data.aws_ami.amazon_linux"
          ]
        }
      ]
    },
    {
      "mode": "managed",
      "type": "aws_instance",
      "name": "worker",
      "provider": "provider[\"registry.terraform.io/hashicorp/aws\"]",
      "instances": [
        {
          "index_key": 0,
          "schema_version": 2,
          "attributes": {
            "ami": "ami-00fa360e28f425da0",
            "arn": "arn:aws:ec2:us-east-1:344602101473:instance/i-00c90933447b5bd03",
            "associate_public_ip_address": true,
            "availability_zone": "us-east-1c",
            "capacity_reservation_specification": [
              {
                "capacity_reservation_preference": "open",
                "capacity_reservation_target": []
              }
            ],
            "cpu_options": [
              {
                "amd_sev_snp": "",
                "core_count": 1,
                "nested_virtualization": "",
                "threads_per_core": 2
              }
            ],
            "credit_specification": [
              {
                "cpu_credits": "unlimited"
              }
            ],
            "disable_api_stop": false,
            "disable_api_termination": false,
            "ebs_block_device": [],
            "ebs_optimized": false,
            "enable_primary_ipv6": null,
            "enclave_options": [
              {
                "enabled": false
              }
            ],
            "ephemeral_block_device": [],
            "force_destroy": false,
            "get_password_data": false,
            "hibernation": false,
            "host_id": "",
            "host_resource_group_arn": null,
            "iam_instance_profile": "",
            "id": "i-00c90933447b5bd03",
            "instance_initiated_shutdown_behavior": "stop",
            "instance_lifecycle": "",
            "instance_market_options": [],
            "instance_state": "running",
            "instance_type": "t3.micro",
            "ipv6_address_count": 0,
            "ipv6_addresses": [],
            "key_name": "clave-rabbitmq-server",
            "launch_template": [],
            "maintenance_options": [
              {
                "auto_recovery": "default"
              }
            ],
            "metadata_options": [
              {
                "http_endpoint": "enabled",
                "http_protocol_ipv6": "disabled",
                "http_put_response_hop_limit": 2,
                "http_tokens": "required",
                "instance_metadata_tags": "disabled"
              }
            ],
            "monitoring": false,
            "network_interface": [],
            "outpost_arn": "",
            "password_data": "",
            "placement_group": "",
            "placement_group_id": "",
            "placement_partition_number": 0,
            "primary_network_interface": [
              {
                "delete_on_termination": true,
                "network_interface_id": "eni-008495ec4d80d5f6d"
              }
            ],
            "primary_network_interface_id": "eni-008495ec4d80d5f6d",
            "private_dns": "ip-172-31-32-79.ec2.internal",
            "private_dns_name_options": [
              {
                "enable_resource_name_dns_a_record": false,
                "enable_resource_name_dns_aaaa_record": false,
                "hostname_type": "ip-name"
              }
            ],
            "private_ip": "172.31.32.79",
            "public_dns": "ec2-54-172-234-48.compute-1.amazonaws.com",
            "public_ip": "54.172.234.48",
            "region": "us-east-1",
            "root_block_device": [
              {
                "delete_on_termination": true,
                "device_name": "/dev/xvda",
                "encrypted": false,
                "iops": 3000,
                "kms_key_id": "",
                "tags": {},
                "tags_all": {},
                "throughput": 125,
                "volume_id": "vol-0715d8ca79ddd83bd",
                "volume_size": 8,
                "volume_type": "gp3"
              }
            ],
            "secondary_network_interface": [],
            "secondary_private_ips": [],
            "security_groups": [
              "direct_worker_sg_v2"
            ],
            "source_dest_check": true,
            "spot_instance_request_id": "",
            "subnet_id": "subnet-0742b30c8ccad7c19",
            "tags": {
              "Name": "Worker-Direct-1"
            },
            "tags_all": {
              "Name": "Worker-Direct-1"
            },
            "tenancy": "default",
            "timeouts": null,
            "user_data": "#!/bin/bash\r\n    \r\n# 1. Ajustes del Kernel\r\necho \"fs.file-max = 2097152\" \u003e\u003e /etc/sysctl.conf\r\necho \"net.core.somaxconn = 65535\" \u003e\u003e /etc/sysctl.conf\r\necho \"net.ipv4.tcp_max_syn_backlog = 65535\" \u003e\u003e /etc/sysctl.conf\r\necho \"net.ipv4.ip_local_port_range = 1024 65535\" \u003e\u003e /etc/sysctl.conf\r\nsysctl -p\r\necho \"* soft nofile 65535\" \u003e\u003e /etc/security/limits.conf\r\necho \"* hard nofile 65535\" \u003e\u003e /etc/security/limits.conf\r\n\r\n# 2. Instalación de dependencias y código\r\ndnf update -y\r\ndnf install -y python3 python3-pip git\r\n    \r\ncd /home/ec2-user\r\ngit clone https://github.com/waliguren/nuevapractica1_sd.git repo\r\nmv repo/archivosWorker ./\r\nrm -rf repo\r\n    \r\ncd archivosWorker\r\npython3 -m venv venv\r\nvenv/bin/pip install fastapi uvicorn redis\r\n    \r\n# 3. Inyectar la IP de Redis para que el Worker sepa dónde conectarse\r\necho \"export REDIS_HOST=172.31.32.104\" \u003e\u003e /home/ec2-user/.bashrc\r\nexport REDIS_HOST=172.31.32.104\r\n\r\n# 4. Aplicar el ulimit y arrancar la API\r\nulimit -n 65535\r\nnohup venv/bin/uvicorn direct_worker:app --host 0.0.0.0 --port 5000 \u003e worker.log 2\u003e\u00261 \u0026\r\n",
            "user_data_base64": null,
            "user_data_replace_on_change": false,
            "volume_tags": null,
            "vpc_security_group_ids": [
              "sg-089d2147e043e4511"
            ]
          },
          "sensitive_attributes": [],
          "identity_schema_version": 0,
          "identity": {
            "account_id": "344602101473",
            "id": "i-00c90933447b5bd03",
            "region": "us-east-1"
          },
          "private": "eyJlMmJmYjczMC1lY2FhLTExZTYtOGY4OC0zNDM2M2JjN2M0YzAiOnsiY3JlYXRlIjo2MDAwMDAwMDAwMDAsImRlbGV0ZSI6MTIwMDAwMDAwMDAwMCwicmVhZCI6OTAwMDAwMDAwMDAwLCJ1cGRhdGUiOjYwMDAwMDAwMDAwMH0sInNjaGVtYV92ZXJzaW9uIjoiMiJ9",
          "dependencies": [
            "aws_instance.redis",
            "aws_security_group.client_sg",
            "aws_security_group.nginx_sg",
            "aws_security_group.redis_sg",
            "aws_security_group.worker_sg",
            "data.aws_ami.amazon_linux"
          ]
        },
        {
          "index_key": 1,
          "schema_version": 2,
          "attributes": {
            "ami": "ami-00fa360e28f425da0",
            "arn": "arn:aws:ec2:us-east-1:344602101473:instance/i-021cf7a9f51b45bea",
            "associate_public_ip_address": true,
            "availability_zone": "us-east-1c",
            "capacity_reservation_specification": [
              {
                "capacity_reservation_preference": "open",
                "capacity_reservation_target": []
              }
            ],
            "cpu_options": [
              {
                "amd_sev_snp": "",
                "core_count": 1,
                "nested_virtualization": "",
                "threads_per_core": 2
              }
            ],
            "credit_specification": [
              {
                "cpu_credits": "unlimited"
              }
            ],
            "disable_api_stop": false,
            "disable_api_termination": false,
            "ebs_block_device": [],
            "ebs_optimized": false,
            "enable_primary_ipv6": null,
            "enclave_options": [
              {
                "enabled": false
              }
            ],
            "ephemeral_block_device": [],
            "force_destroy": false,
            "get_password_data": false,
            "hibernation": false,
            "host_id": "",
            "host_resource_group_arn": null,
            "iam_instance_profile": "",
            "id": "i-021cf7a9f51b45bea",
            "instance_initiated_shutdown_behavior": "stop",
            "instance_lifecycle": "",
            "instance_market_options": [],
            "instance_state": "running",
            "instance_type": "t3.micro",
            "ipv6_address_count": 0,
            "ipv6_addresses": [],
            "key_name": "clave-rabbitmq-server",
            "launch_template": [],
            "maintenance_options": [
              {
                "auto_recovery": "default"
              }
            ],
            "metadata_options": [
              {
                "http_endpoint": "enabled",
                "http_protocol_ipv6": "disabled",
                "http_put_response_hop_limit": 2,
                "http_tokens": "required",
                "instance_metadata_tags": "disabled"
              }
            ],
            "monitoring": false,
            "network_interface": [],
            "outpost_arn": "",
            "password_data": "",
            "placement_group": "",
            "placement_group_id": "",
            "placement_partition_number": 0,
            "primary_network_interface": [
              {
                "delete_on_termination": true,
                "network_interface_id": "eni-0e8505cfe402a8059"
              }
            ],
            "primary_network_interface_id": "eni-0e8505cfe402a8059",
            "private_dns": "ip-172-31-43-217.ec2.internal",
            "private_dns_name_options": [
              {
                "enable_resource_name_dns_a_record": false,
                "enable_resource_name_dns_aaaa_record": false,
                "hostname_type": "ip-name"
              }
            ],
            "private_ip": "172.31.43.217",
            "public_dns": "ec2-32-198-120-142.compute-1.amazonaws.com",
            "public_ip": "32.198.120.142",
            "region": "us-east-1",
            "root_block_device": [
              {
                "delete_on_termination": true,
                "device_name": "/dev/xvda",
                "encrypted": false,
                "iops": 3000,
                "kms_key_id": "",
                "tags": {},
                "tags_all": {},
                "throughput": 125,
                "volume_id": "vol-0e46a9c526a2653f0",
                "volume_size": 8,
                "volume_type": "gp3"
              }
            ],
            "secondary_network_interface": [],
            "secondary_private_ips": [],
            "security_groups": [
              "direct_worker_sg_v2"
            ],
            "source_dest_check": true,
            "spot_instance_request_id": "",
            "subnet_id": "subnet-0742b30c8ccad7c19",
            "tags": {
              "Name": "Worker-Direct-2"
            },
            "tags_all": {
              "Name": "Worker-Direct-2"
            },
            "tenancy": "default",
            "timeouts": null,
            "user_data": "#!/bin/bash\r\n    \r\n# 1. Ajustes del Kernel\r\necho \"fs.file-max = 2097152\" \u003e\u003e /etc/sysctl.conf\r\necho \"net.core.somaxconn = 65535\" \u003e\u003e /etc/sysctl.conf\r\necho \"net.ipv4.tcp_max_syn_backlog = 65535\" \u003e\u003e /etc/sysctl.conf\r\necho \"net.ipv4.ip_local_port_range = 1024 65535\" \u003e\u003e /etc/sysctl.conf\r\nsysctl -p\r\necho \"* soft nofile 65535\" \u003e\u003e /etc/security/limits.conf\r\necho \"* hard nofile 65535\" \u003e\u003e /etc/security/limits.conf\r\n\r\n# 2. Instalación de dependencias y código\r\ndnf update -y\r\ndnf install -y python3 python3-pip git\r\n    \r\ncd /home/ec2-user\r\ngit clone https://github.com/waliguren/nuevapractica1_sd.git repo\r\nmv repo/archivosWorker ./\r\nrm -rf repo\r\n    \r\ncd archivosWorker\r\npython3 -m venv venv\r\nvenv/bin/pip install fastapi uvicorn redis\r\n    \r\n# 3. Inyectar la IP de Redis para que el Worker sepa dónde conectarse\r\necho \"export REDIS_HOST=172.31.32.104\" \u003e\u003e /home/ec2-user/.bashrc\r\nexport REDIS_HOST=172.31.32.104\r\n\r\n# 4. Aplicar el ulimit y arrancar la API\r\nulimit -n 65535\r\nnohup venv/bin/uvicorn direct_worker:app --host 0.0.0.0 --port 5000 \u003e worker.log 2\u003e\u00261 \u0026\r\n",
            "user_data_base64": null,
            "user_data_replace_on_change": false,
            "volume_tags": null,
            "vpc_security_group_ids": [
              "sg-089d2147e043e4511"
            ]
          },
          "sensitive_attributes": [],
          "identity_schema_version": 0,
          "identity": {
            "account_id": "344602101473",
            "id": "i-021cf7a9f51b45bea",
            "region": "us-east-1"
          },
          "private": "eyJlMmJmYjczMC1lY2FhLTExZTYtOGY4OC0zNDM2M2JjN2M0YzAiOnsiY3JlYXRlIjo2MDAwMDAwMDAwMDAsImRlbGV0ZSI6MTIwMDAwMDAwMDAwMCwicmVhZCI6OTAwMDAwMDAwMDAwLCJ1cGRhdGUiOjYwMDAwMDAwMDAwMH0sInNjaGVtYV92ZXJzaW9uIjoiMiJ9",
          "dependencies": [
            "aws_instance.redis",
            "aws_security_group.client_sg",
            "aws_security_group.nginx_sg",
            "aws_security_group.redis_sg",
            "aws_security_group.worker_sg",
            "data.aws_ami.amazon_linux"
          ]
        },
        {
          "index_key": 2,
          "schema_version": 2,
          "attributes": {
            "ami": "ami-00fa360e28f425da0",
            "arn": "arn:aws:ec2:us-east-1:344602101473:instance/i-0c04b854ae6773dea",
            "associate_public_ip_address": true,
            "availability_zone": "us-east-1c",
            "capacity_reservation_specification": [
              {
                "capacity_reservation_preference": "open",
                "capacity_reservation_target": []
              }
            ],
            "cpu_options": [
              {
                "amd_sev_snp": "",
                "core_count": 1,
                "nested_virtualization": "",
                "threads_per_core": 2
              }
            ],
            "credit_specification": [
              {
                "cpu_credits": "unlimited"
              }
            ],
            "disable_api_stop": false,
            "disable_api_termination": false,
            "ebs_block_device": [],
            "ebs_optimized": false,
            "enable_primary_ipv6": null,
            "enclave_options": [
              {
                "enabled": false
              }
            ],
            "ephemeral_block_device": [],
            "force_destroy": false,
            "get_password_data": false,
            "hibernation": false,
            "host_id": "",
            "host_resource_group_arn": null,
            "iam_instance_profile": "",
            "id": "i-0c04b854ae6773dea",
            "instance_initiated_shutdown_behavior": "stop",
            "instance_lifecycle": "",
            "instance_market_options": [],
            "instance_state": "running",
            "instance_type": "t3.micro",
            "ipv6_address_count": 0,
            "ipv6_addresses": [],
            "key_name": "clave-rabbitmq-server",
            "launch_template": [],
            "maintenance_options": [
              {
                "auto_recovery": "default"
              }
            ],
            "metadata_options": [
              {
                "http_endpoint": "enabled",
                "http_protocol_ipv6": "disabled",
                "http_put_response_hop_limit": 2,
                "http_tokens": "required",
                "instance_metadata_tags": "disabled"
              }
            ],
            "monitoring": false,
            "network_interface": [],
            "outpost_arn": "",
            "password_data": "",
            "placement_group": "",
            "placement_group_id": "",
            "placement_partition_number": 0,
            "primary_network_interface": [
              {
                "delete_on_termination": true,
                "network_interface_id": "eni-00542baea470ff983"
              }
            ],
            "primary_network_interface_id": "eni-00542baea470ff983",
            "private_dns": "ip-172-31-41-71.ec2.internal",
            "private_dns_name_options": [
              {
                "enable_resource_name_dns_a_record": false,
                "enable_resource_name_dns_aaaa_record": false,
                "hostname_type": "ip-name"
              }
            ],
            "private_ip": "172.31.41.71",
            "public_dns": "ec2-100-24-1-89.compute-1.amazonaws.com",
            "public_ip": "100.24.1.89",
            "region": "us-east-1",
            "root_block_device": [
              {
                "delete_on_termination": true,
                "device_name": "/dev/xvda",
                "encrypted": false,
                "iops": 3000,
                "kms_key_id": "",
                "tags": {},
                "tags_all": {},
                "throughput": 125,
                "volume_id": "vol-0d37baedcd5e8ec81",
                "volume_size": 8,
                "volume_type": "gp3"
              }
            ],
            "secondary_network_interface": [],
            "secondary_private_ips": [],
            "security_groups": [
              "direct_worker_sg_v2"
            ],
            "source_dest_check": true,
            "spot_instance_request_id": "",
            "subnet_id": "subnet-0742b30c8ccad7c19",
            "tags": {
              "Name": "Worker-Direct-3"
            },
            "tags_all": {
              "Name": "Worker-Direct-3"
            },
            "tenancy": "default",
            "timeouts": null,
            "user_data": "#!/bin/bash\r\n    \r\n# 1. Ajustes del Kernel\r\necho \"fs.file-max = 2097152\" \u003e\u003e /etc/sysctl.conf\r\necho \"net.core.somaxconn = 65535\" \u003e\u003e /etc/sysctl.conf\r\necho \"net.ipv4.tcp_max_syn_backlog = 65535\" \u003e\u003e /etc/sysctl.conf\r\necho \"net.ipv4.ip_local_port_range = 1024 65535\" \u003e\u003e /etc/sysctl.conf\r\nsysctl -p\r\necho \"* soft nofile 65535\" \u003e\u003e /etc/security/limits.conf\r\necho \"* hard nofile 65535\" \u003e\u003e /etc/security/limits.conf\r\n\r\n# 2. Instalación de dependencias y código\r\ndnf update -y\r\ndnf install -y python3 python3-pip git\r\n    \r\ncd /home/ec2-user\r\ngit clone https://github.com/waliguren/nuevapractica1_sd.git repo\r\nmv repo/archivosWorker ./\r\nrm -rf repo\r\n    \r\ncd archivosWorker\r\npython3 -m venv venv\r\nvenv/bin/pip install fastapi uvicorn redis\r\n    \r\n# 3. Inyectar la IP de Redis para que el Worker sepa dónde conectarse\r\necho \"export REDIS_HOST=172.31.32.104\" \u003e\u003e /home/ec2-user/.bashrc\r\nexport REDIS_HOST=172.31.32.104\r\n\r\n# 4. Aplicar el ulimit y arrancar la API\r\nulimit -n 65535\r\nnohup venv/bin/uvicorn direct_worker:app --host 0.0.0.0 --port 5000 \u003e worker.log 2\u003e\u00261 \u0026\r\n",
            "user_data_base64": null,
            "user_data_replace_on_change": false,
            "volume_tags": null,
            "vpc_security_group_ids": [
              "sg-089d2147e043e4511"
            ]
          },
          "sensitive_attributes": [],
          "identity_schema_version": 0,
          "identity": {
            "account_id": "344602101473",
            "id": "i-0c04b854ae6773dea",
            "region": "us-east-1"
          },
          "private": "eyJlMmJmYjczMC1lY2FhLTExZTYtOGY4OC0zNDM2M2JjN2M0YzAiOnsiY3JlYXRlIjo2MDAwMDAwMDAwMDAsImRlbGV0ZSI6MTIwMDAwMDAwMDAwMCwicmVhZCI6OTAwMDAwMDAwMDAwLCJ1cGRhdGUiOjYwMDAwMDAwMDAwMH0sInNjaGVtYV92ZXJzaW9uIjoiMiJ9",
          "dependencies": [
            "aws_instance.redis",
            "aws_security_group.client_sg",
            "aws_security_group.nginx_sg",
            "aws_security_group.redis_sg",
            "aws_security_group.worker_sg",
            "data.aws_ami.amazon_linux"
          ]
        }
      ]
    },
    {
      "mode": "managed",
      "type": "aws_security_group",
      "name": "client_sg",
      "provider": "provider[\"registry.terraform.io/hashicorp/aws\"]",
      "instances": [
        {
          "schema_version": 1,
          "attributes": {
            "arn": "arn:aws:ec2:us-east-1:344602101473:security-group/sg-0d17a95ce26dfa756",
            "description": "Managed by Terraform",
            "egress": [
              {
                "cidr_blocks": [
                  "0.0.0.0/0"
                ],
                "description": "",
                "from_port": 0,
                "ipv6_cidr_blocks": [],
                "prefix_list_ids": [],
                "protocol": "-1",
                "security_groups": [],
                "self": false,
                "to_port": 0
              }
            ],
            "id": "sg-0d17a95ce26dfa756",
            "ingress": [
              {
                "cidr_blocks": [
                  "0.0.0.0/0"
                ],
                "description": "",
                "from_port": 22,
                "ipv6_cidr_blocks": [],
                "prefix_list_ids": [],
                "protocol": "tcp",
                "security_groups": [],
                "self": false,
                "to_port": 22
              }
            ],
            "name": "direct_client_sg_v2",
            "name_prefix": "",
            "owner_id": "344602101473",
            "region": "us-east-1",
            "revoke_rules_on_delete": false,
            "tags": null,
            "tags_all": {},
            "timeouts": null,
            "vpc_id": "vpc-0e8742fafb6f175e7"
          },
          "sensitive_attributes": [],
          "identity_schema_version": 0,
          "identity": {
            "account_id": "344602101473",
            "id": "sg-0d17a95ce26dfa756",
            "region": "us-east-1"
          },
          "private": "eyJlMmJmYjczMC1lY2FhLTExZTYtOGY4OC0zNDM2M2JjN2M0YzAiOnsiY3JlYXRlIjo2MDAwMDAwMDAwMDAsImRlbGV0ZSI6OTAwMDAwMDAwMDAwfSwic2NoZW1hX3ZlcnNpb24iOiIxIn0="
        }
      ]
    },
    {
      "mode": "managed",
      "type": "aws_security_group",
      "name": "nginx_sg",
      "provider": "provider[\"registry.terraform.io/hashicorp/aws\"]",
      "instances": [
        {
          "schema_version": 1,
          "attributes": {
            "arn": "arn:aws:ec2:us-east-1:344602101473:security-group/sg-0a41cd6ebc9dbec20",
            "description": "Managed by Terraform",
            "egress": [
              {
                "cidr_blocks": [
                  "0.0.0.0/0"
                ],
                "description": "",
                "from_port": 0,
                "ipv6_cidr_blocks": [],
                "prefix_list_ids": [],
                "protocol": "-1",
                "security_groups": [],
                "self": false,
                "to_port": 0
              }
            ],
            "id": "sg-0a41cd6ebc9dbec20",
            "ingress": [
              {
                "cidr_blocks": [
                  "0.0.0.0/0"
                ],
                "description": "",
                "from_port": 22,
                "ipv6_cidr_blocks": [],
                "prefix_list_ids": [],
                "protocol": "tcp",
                "security_groups": [],
                "self": false,
                "to_port": 22
              },
              {
                "cidr_blocks": [
                  "0.0.0.0/0"
                ],
                "description": "",
                "from_port": 80,
                "ipv6_cidr_blocks": [],
                "prefix_list_ids": [],
                "protocol": "tcp",
                "security_groups": [],
                "self": false,
                "to_port": 80
              }
            ],
            "name": "direct_nginx_sg_v2",
            "name_prefix": "",
            "owner_id": "344602101473",
            "region": "us-east-1",
            "revoke_rules_on_delete": false,
            "tags": null,
            "tags_all": {},
            "timeouts": null,
            "vpc_id": "vpc-0e8742fafb6f175e7"
          },
          "sensitive_attributes": [],
          "identity_schema_version": 0,
          "identity": {
            "account_id": "344602101473",
            "id": "sg-0a41cd6ebc9dbec20",
            "region": "us-east-1"
          },
          "private": "eyJlMmJmYjczMC1lY2FhLTExZTYtOGY4OC0zNDM2M2JjN2M0YzAiOnsiY3JlYXRlIjo2MDAwMDAwMDAwMDAsImRlbGV0ZSI6OTAwMDAwMDAwMDAwfSwic2NoZW1hX3ZlcnNpb24iOiIxIn0="
        }
      ]
    },
    {
      "mode": "managed",
      "type": "aws_security_group",
      "name": "redis_sg",
      "provider": "provider[\"registry.terraform.io/hashicorp/aws\"]",
      "instances": [
        {
          "schema_version": 1,
          "attributes": {
            "arn": "arn:aws:ec2:us-east-1:344602101473:security-group/sg-0dd8bdc20bc570ae4",
            "description": "Managed by Terraform",
            "egress": [
              {
                "cidr_blocks": [
                  "0.0.0.0/0"
                ],
                "description": "",
                "from_port": 0,
                "ipv6_cidr_blocks": [],
                "prefix_list_ids": [],
                "protocol": "-1",
                "security_groups": [],
                "self": false,
                "to_port": 0
              }
            ],
            "id": "sg-0dd8bdc20bc570ae4",
            "ingress": [
              {
                "cidr_blocks": [
                  "0.0.0.0/0"
                ],
                "description": "",
                "from_port": 22,
                "ipv6_cidr_blocks": [],
                "prefix_list_ids": [],
                "protocol": "tcp",
                "security_groups": [],
                "self": false,
                "to_port": 22
              },
              {
                "cidr_blocks": [],
                "description": "",
                "from_port": 6379,
                "ipv6_cidr_blocks": [],
                "prefix_list_ids": [],
                "protocol": "tcp",
                "security_groups": [
                  "sg-089d2147e043e4511",
                  "sg-0d17a95ce26dfa756"
                ],
                "self": false,
                "to_port": 6379
              }
            ],
            "name": "direct_redis_sg_v2",
            "name_prefix": "",
            "owner_id": "344602101473",
            "region": "us-east-1",
            "revoke_rules_on_delete": false,
            "tags": null,
            "tags_all": {},
            "timeouts": null,
            "vpc_id": "vpc-0e8742fafb6f175e7"
          },
          "sensitive_attributes": [],
          "identity_schema_version": 0,
          "identity": {
            "account_id": "344602101473",
            "id": "sg-0dd8bdc20bc570ae4",
            "region": "us-east-1"
          },
          "private": "eyJlMmJmYjczMC1lY2FhLTExZTYtOGY4OC0zNDM2M2JjN2M0YzAiOnsiY3JlYXRlIjo2MDAwMDAwMDAwMDAsImRlbGV0ZSI6OTAwMDAwMDAwMDAwfSwic2NoZW1hX3ZlcnNpb24iOiIxIn0=",
          "dependencies": [
            "aws_security_group.client_sg",
            "aws_security_group.nginx_sg",
            "aws_security_group.worker_sg"
          ]
        }
      ]
    },
    {
      "mode": "managed",
      "type": "aws_security_group",
      "name": "worker_sg",
      "provider": "provider[\"registry.terraform.io/hashicorp/aws\"]",
      "instances": [
        {
          "schema_version": 1,
          "attributes": {
            "arn": "arn:aws:ec2:us-east-1:344602101473:security-group/sg-089d2147e043e4511",
            "description": "Managed by Terraform",
            "egress": [
              {
                "cidr_blocks": [
                  "0.0.0.0/0"
                ],
                "description": "",
                "from_port": 0,
                "ipv6_cidr_blocks": [],
                "prefix_list_ids": [],
                "protocol": "-1",
                "security_groups": [],
                "self": false,
                "to_port": 0
              }
            ],
            "id": "sg-089d2147e043e4511",
            "ingress": [
              {
                "cidr_blocks": [
                  "0.0.0.0/0"
                ],
                "description": "",
                "from_port": 22,
                "ipv6_cidr_blocks": [],
                "prefix_list_ids": [],
                "protocol": "tcp",
                "security_groups": [],
                "self": false,
                "to_port": 22
              },
              {
                "cidr_blocks": [],
                "description": "",
                "from_port": 5000,
                "ipv6_cidr_blocks": [],
                "prefix_list_ids": [],
                "protocol": "tcp",
                "security_groups": [
                  "sg-0a41cd6ebc9dbec20"
                ],
                "self": false,
                "to_port": 5000
              }
            ],
            "name": "direct_worker_sg_v2",
            "name_prefix": "",
            "owner_id": "344602101473",
            "region": "us-east-1",
            "revoke_rules_on_delete": false,
            "tags": null,
            "tags_all": {},
            "timeouts": null,
            "vpc_id": "vpc-0e8742fafb6f175e7"
          },
          "sensitive_attributes": [],
          "identity_schema_version": 0,
          "identity": {
            "account_id": "344602101473",
            "id": "sg-089d2147e043e4511",
            "region": "us-east-1"
          },
          "private": "eyJlMmJmYjczMC1lY2FhLTExZTYtOGY4OC0zNDM2M2JjN2M0YzAiOnsiY3JlYXRlIjo2MDAwMDAwMDAwMDAsImRlbGV0ZSI6OTAwMDAwMDAwMDAwfSwic2NoZW1hX3ZlcnNpb24iOiIxIn0=",
          "dependencies": [
            "aws_security_group.nginx_sg"
          ]
        }
      ]
    }
  ],
  "check_results": null
}
