{
  "version": 4,
  "terraform_version": "1.15.5",
  "serial": 192,
  "lineage": "f0c46166-a540-8562-6784-81dee8052348",
  "outputs": {
    "CLIENTE_SSH": {
      "value": "ssh -i clave-rabbitmq-server.pem ec2-user@100.55.20.164",
      "type": "string"
    }
  },
  "resources": [
    {
      "mode": "data",
      "type": "aws_ami",
      "name": "amazon_linux",
      "provider": "provider[\"registry.terraform.io/hashicorp/aws\"]",
      "instances": [
        {
          "schema_version": 0,
          "attributes": {
            "allow_unsafe_filter": null,
            "architecture": "x86_64",
            "arn": "arn:aws:ec2:us-east-1::image/ami-00fa360e28f425da0",
            "block_device_mappings": [
              {
                "device_name": "/dev/xvda",
                "ebs": {
                  "delete_on_termination": "true",
                  "encrypted": "false",
                  "iops": "3000",
                  "snapshot_id": "snap-0cd5f630552e67ca8",
                  "throughput": "125",
                  "volume_initialization_rate": "0",
                  "volume_size": "8",
                  "volume_type": "gp3"
                },
                "no_device": "",
                "virtual_name": ""
              }
            ],
            "boot_mode": "uefi-preferred",
            "creation_date": "2026-05-21T18:13:30.000Z",
            "deprecation_time": "2026-08-19T18:49:00.000Z",
            "description": "Amazon Linux 2023 AMI 2023.11.20260526.0 x86_64 HVM kernel-6.18",
            "ena_support": true,
            "executable_users": null,
            "filter": [
              {
                "name": "name",
                "values": [
                  "al2023-ami-2023.*-x86_64"
                ]
              },
              {
                "name": "virtualization-type",
                "values": [
                  "hvm"
                ]
              }
            ],
            "hypervisor": "xen",
            "id": "ami-00fa360e28f425da0",
            "image_id": "ami-00fa360e28f425da0",
            "image_location": "amazon/al2023-ami-2023.11.20260526.0-kernel-6.18-x86_64",
            "image_owner_alias": "amazon",
            "image_type": "machine",
            "imds_support": "v2.0",
            "include_deprecated": false,
            "kernel_id": "",
            "last_launched_time": "",
            "most_recent": true,
            "name": "al2023-ami-2023.11.20260526.0-kernel-6.18-x86_64",
            "name_regex": null,
            "owner_id": "137112412989",
            "owners": [
              "amazon"
            ],
            "platform": "",
            "platform_details": "Linux/UNIX",
            "product_codes": [],
            "public": true,
            "ramdisk_id": "",
            "region": "us-east-1",
            "root_device_name": "/dev/xvda",
            "root_device_type": "ebs",
            "root_snapshot_id": "snap-0cd5f630552e67ca8",
            "sriov_net_support": "simple",
            "state": "available",
            "state_reason": {
              "code": "UNSET",
              "message": "UNSET"
            },
            "tags": {},
            "timeouts": null,
            "tpm_support": "",
            "uefi_data": null,
            "usage_operation": "RunInstances",
            "virtualization_type": "hvm"
          },
          "sensitive_attributes": [],
          "identity_schema_version": 0
        }
      ]
    },
    {
      "mode": "managed",
      "type": "aws_instance",
      "name": "client",
      "provider": "provider[\"registry.terraform.io/hashicorp/aws\"]",
      "instances": [
        {
          "schema_version": 2,
          "attributes": {
            "ami": "ami-00fa360e28f425da0",
            "arn": "arn:aws:ec2:us-east-1:122845624388:instance/i-0366af5d7ed28b15a",
            "associate_public_ip_address": true,
            "availability_zone": "us-east-1b",
            "capacity_reservation_specification": [
              {
                "capacity_reservation_preference": "open",
                "capacity_reservation_target": []
              }
            ],
            "cpu_options": [
              {
                "amd_sev_snp": "",
                "core_count": 1,
                "nested_virtualization": "",
                "threads_per_core": 2
              }
            ],
            "credit_specification": [
              {
                "cpu_credits": "unlimited"
              }
            ],
            "disable_api_stop": false,
            "disable_api_termination": false,
            "ebs_block_device": [],
            "ebs_optimized": false,
            "enable_primary_ipv6": null,
            "enclave_options": [
              {
                "enabled": false
              }
            ],
            "ephemeral_block_device": [],
            "force_destroy": false,
            "get_password_data": false,
            "hibernation": false,
            "host_id": "",
            "host_resource_group_arn": null,
            "iam_instance_profile": "",
            "id": "i-0366af5d7ed28b15a",
            "instance_initiated_shutdown_behavior": "stop",
            "instance_lifecycle": "",
            "instance_market_options": [],
            "instance_state": "running",
            "instance_type": "t3.micro",
            "ipv6_address_count": 0,
            "ipv6_addresses": [],
            "key_name": "clave-rabbitmq-server",
            "launch_template": [],
            "maintenance_options": [
              {
                "auto_recovery": "default"
              }
            ],
            "metadata_options": [
              {
                "http_endpoint": "enabled",
                "http_protocol_ipv6": "disabled",
                "http_put_response_hop_limit": 2,
                "http_tokens": "required",
                "instance_metadata_tags": "disabled"
              }
            ],
            "monitoring": false,
            "network_interface": [],
            "outpost_arn": "",
            "password_data": "",
            "placement_group": "",
            "placement_group_id": "",
            "placement_partition_number": 0,
            "primary_network_interface": [
              {
                "delete_on_termination": true,
                "network_interface_id": "eni-00e98998d3a67bb58"
              }
            ],
            "primary_network_interface_id": "eni-00e98998d3a67bb58",
            "private_dns": "ip-172-31-16-220.ec2.internal",
            "private_dns_name_options": [
              {
                "enable_resource_name_dns_a_record": false,
                "enable_resource_name_dns_aaaa_record": false,
                "hostname_type": "ip-name"
              }
            ],
            "private_ip": "172.31.16.220",
            "public_dns": "ec2-100-55-20-164.compute-1.amazonaws.com",
            "public_ip": "100.55.20.164",
            "region": "us-east-1",
            "root_block_device": [
              {
                "delete_on_termination": true,
                "device_name": "/dev/xvda",
                "encrypted": false,
                "iops": 3000,
                "kms_key_id": "",
                "tags": {},
                "tags_all": {},
                "throughput": 125,
                "volume_id": "vol-0eae93c5f3281e14d",
                "volume_size": 8,
                "volume_type": "gp3"
              }
            ],
            "secondary_network_interface": [],
            "secondary_private_ips": [],
            "security_groups": [
              "direct_client_sg_v2"
            ],
            "source_dest_check": true,
            "spot_instance_request_id": "",
            "subnet_id": "subnet-0944233ef6d0bb2a4",
            "tags": {
              "Name": "Client-Direct"
            },
            "tags_all": {
              "Name": "Client-Direct"
            },
            "tenancy": "default",
            "timeouts": null,
            "user_data": "#!/bin/bash\r\n    \r\n# 1. Ajustes del Kernel para disparar sin ahogarse\r\necho \"fs.file-max = 2097152\" \u003e\u003e /etc/sysctl.conf\r\necho \"net.core.somaxconn = 65535\" \u003e\u003e /etc/sysctl.conf\r\necho \"net.ipv4.tcp_max_syn_backlog = 65535\" \u003e\u003e /etc/sysctl.conf\r\necho \"net.ipv4.ip_local_port_range = 1024 65535\" \u003e\u003e /etc/sysctl.conf\r\nsysctl -p\r\necho \"* soft nofile 65535\" \u003e\u003e /etc/security/limits.conf\r\necho \"* hard nofile 65535\" \u003e\u003e /etc/security/limits.conf\r\n    \r\n# 2. Instalación\r\ndnf update -y\r\ndnf install -y python3 python3-pip git\r\n    \r\ncd /home/ec2-user\r\ngit clone https://github.com/waliguren/nuevapractica1_sd.git repo\r\nmv repo/archivosCliente ./\r\nrm -rf repo\r\n    \r\ncd archivosCliente\r\npython3 -m venv venv\r\nvenv/bin/pip install aiohttp uvloop redis\r\n    \r\n# 3. Variables de entorno\r\necho \"export NGINX_HOST=172.31.25.3\" \u003e\u003e /home/ec2-user/.bashrc\r\necho \"export REDIS_HOST=172.31.29.200\" \u003e\u003e /home/ec2-user/.bashrc\r\n    \r\n# 4. Hacer que el ulimit se aplique automáticamente al entrar por SSH\r\necho \"ulimit -n 65535\" \u003e\u003e /home/ec2-user/.bashrc\r\n",
            "user_data_base64": null,
            "user_data_replace_on_change": false,
            "volume_tags": null,
            "vpc_security_group_ids": [
              "sg-02849fc07d83fe723"
            ]
          },
          "sensitive_attributes": [],
          "identity_schema_version": 0,
          "identity": {
            "account_id": "122845624388",
            "id": "i-0366af5d7ed28b15a",
            "region": "us-east-1"
          },
          "private": "eyJlMmJmYjczMC1lY2FhLTExZTYtOGY4OC0zNDM2M2JjN2M0YzAiOnsiY3JlYXRlIjo2MDAwMDAwMDAwMDAsImRlbGV0ZSI6MTIwMDAwMDAwMDAwMCwicmVhZCI6OTAwMDAwMDAwMDAwLCJ1cGRhdGUiOjYwMDAwMDAwMDAwMH0sInNjaGVtYV92ZXJzaW9uIjoiMiJ9",
          "dependencies": [
            "aws_instance.nginx",
            "aws_instance.redis",
            "aws_instance.worker",
            "aws_security_group.client_sg",
            "aws_security_group.nginx_sg",
            "aws_security_group.redis_sg",
            "aws_security_group.worker_sg",
            "data.aws_ami.amazon_linux"
          ]
        }
      ]
    },
    {
      "mode": "managed",
      "type": "aws_instance",
      "name": "nginx",
      "provider": "provider[\"registry.terraform.io/hashicorp/aws\"]",
      "instances": [
        {
          "schema_version": 2,
          "attributes": {
            "ami": "ami-00fa360e28f425da0",
            "arn": "arn:aws:ec2:us-east-1:122845624388:instance/i-067e3ca7b65090dfe",
            "associate_public_ip_address": true,
            "availability_zone": "us-east-1b",
            "capacity_reservation_specification": [
              {
                "capacity_reservation_preference": "open",
                "capacity_reservation_target": []
              }
            ],
            "cpu_options": [
              {
                "amd_sev_snp": "",
                "core_count": 1,
                "nested_virtualization": "",
                "threads_per_core": 2
              }
            ],
            "credit_specification": [
              {
                "cpu_credits": "unlimited"
              }
            ],
            "disable_api_stop": false,
            "disable_api_termination": false,
            "ebs_block_device": [],
            "ebs_optimized": false,
            "enable_primary_ipv6": null,
            "enclave_options": [
              {
                "enabled": false
              }
            ],
            "ephemeral_block_device": [],
            "force_destroy": false,
            "get_password_data": false,
            "hibernation": false,
            "host_id": "",
            "host_resource_group_arn": null,
            "iam_instance_profile": "",
            "id": "i-067e3ca7b65090dfe",
            "instance_initiated_shutdown_behavior": "stop",
            "instance_lifecycle": "",
            "instance_market_options": [],
            "instance_state": "running",
            "instance_type": "t3.small",
            "ipv6_address_count": 0,
            "ipv6_addresses": [],
            "key_name": "clave-rabbitmq-server",
            "launch_template": [],
            "maintenance_options": [
              {
                "auto_recovery": "default"
              }
            ],
            "metadata_options": [
              {
                "http_endpoint": "enabled",
                "http_protocol_ipv6": "disabled",
                "http_put_response_hop_limit": 2,
                "http_tokens": "required",
                "instance_metadata_tags": "disabled"
              }
            ],
            "monitoring": false,
            "network_interface": [],
            "outpost_arn": "",
            "password_data": "",
            "placement_group": "",
            "placement_group_id": "",
            "placement_partition_number": 0,
            "primary_network_interface": [
              {
                "delete_on_termination": true,
                "network_interface_id": "eni-088ca74bfb05532be"
              }
            ],
            "primary_network_interface_id": "eni-088ca74bfb05532be",
            "private_dns": "ip-172-31-25-3.ec2.internal",
            "private_dns_name_options": [
              {
                "enable_resource_name_dns_a_record": false,
                "enable_resource_name_dns_aaaa_record": false,
                "hostname_type": "ip-name"
              }
            ],
            "private_ip": "172.31.25.3",
            "public_dns": "ec2-54-147-218-199.compute-1.amazonaws.com",
            "public_ip": "54.147.218.199",
            "region": "us-east-1",
            "root_block_device": [
              {
                "delete_on_termination": true,
                "device_name": "/dev/xvda",
                "encrypted": false,
                "iops": 3000,
                "kms_key_id": "",
                "tags": {},
                "tags_all": {},
                "throughput": 125,
                "volume_id": "vol-081b056fdc59d1433",
                "volume_size": 8,
                "volume_type": "gp3"
              }
            ],
            "secondary_network_interface": [],
            "secondary_private_ips": [],
            "security_groups": [
              "direct_nginx_sg_v2"
            ],
            "source_dest_check": true,
            "spot_instance_request_id": "",
            "subnet_id": "subnet-0944233ef6d0bb2a4",
            "tags": {
              "Name": "NGINX-Balancer"
            },
            "tags_all": {
              "Name": "NGINX-Balancer"
            },
            "tenancy": "default",
            "timeouts": null,
            "user_data": "#!/bin/bash\r\n    \r\n# 1. Ajustes del Kernel para alto tráfico (Adiós cuello de botella)\r\necho \"fs.file-max = 2097152\" \u003e\u003e /etc/sysctl.conf\r\necho \"net.core.somaxconn = 65535\" \u003e\u003e /etc/sysctl.conf\r\necho \"net.ipv4.tcp_max_syn_backlog = 65535\" \u003e\u003e /etc/sysctl.conf\r\necho \"net.ipv4.ip_local_port_range = 1024 65535\" \u003e\u003e /etc/sysctl.conf\r\nsysctl -p\r\necho \"* soft nofile 65535\" \u003e\u003e /etc/security/limits.conf\r\necho \"* hard nofile 65535\" \u003e\u003e /etc/security/limits.conf\r\n\r\n# 2. Instalación (Prevención de bloqueo DNF)\r\nwhile pidof dnf \u003e /dev/null; do sleep 5; done\r\ndnf update -y\r\ndnf install -y docker\r\nsystemctl start docker \u0026\u0026 systemctl enable docker\r\n    \r\n# 3. NGINX Config (Aumentamos worker_connections)\r\ncat \u003c\u003c'EOT' \u003e /home/ec2-user/nginx.conf\r\nevents { \r\n    worker_connections 65535; \r\n}\r\nhttp { \r\n    upstream workers_api {\r\n        server 172.31.30.217:5000;\n            server 172.31.30.3:5000;\n            server 172.31.24.233:5000;\r\n    }\r\n    server { \r\n        listen 80;\r\n        location / { \r\n            proxy_pass http://workers_api;\r\n            proxy_connect_timeout 300s; \r\n            proxy_send_timeout 300s; \r\n            proxy_read_timeout 300s; \r\n        } \r\n    } \r\n}\r\nEOT\r\n    \r\n# 4. Lanzar NGINX pasándole el límite abierto (--ulimit)\r\ndocker run -d --name mi-nginx --restart unless-stopped --ulimit nofile=65535:65535 -p 80:80 -v /home/ec2-user/nginx.conf:/etc/nginx/nginx.conf:ro nginx:latest\r\n",
            "user_data_base64": null,
            "user_data_replace_on_change": true,
            "volume_tags": null,
            "vpc_security_group_ids": [
              "sg-07c962a916916c6f4"
            ]
          },
          "sensitive_attributes": [],
          "identity_schema_version": 0,
          "identity": {
            "account_id": "122845624388",
            "id": "i-067e3ca7b65090dfe",
            "region": "us-east-1"
          },
          "private": "eyJlMmJmYjczMC1lY2FhLTExZTYtOGY4OC0zNDM2M2JjN2M0YzAiOnsiY3JlYXRlIjo2MDAwMDAwMDAwMDAsImRlbGV0ZSI6MTIwMDAwMDAwMDAwMCwicmVhZCI6OTAwMDAwMDAwMDAwLCJ1cGRhdGUiOjYwMDAwMDAwMDAwMH0sInNjaGVtYV92ZXJzaW9uIjoiMiJ9",
          "dependencies": [
            "aws_instance.redis",
            "aws_instance.worker",
            "aws_security_group.client_sg",
            "aws_security_group.nginx_sg",
            "aws_security_group.redis_sg",
            "aws_security_group.worker_sg",
            "data.aws_ami.amazon_linux"
          ]
        }
      ]
    },
    {
      "mode": "managed",
      "type": "aws_instance",
      "name": "redis",
      "provider": "provider[\"registry.terraform.io/hashicorp/aws\"]",
      "instances": [
        {
          "schema_version": 2,
          "attributes": {
            "ami": "ami-00fa360e28f425da0",
            "arn": "arn:aws:ec2:us-east-1:122845624388:instance/i-09b6a6d660acf6ed9",
            "associate_public_ip_address": true,
            "availability_zone": "us-east-1b",
            "capacity_reservation_specification": [
              {
                "capacity_reservation_preference": "open",
                "capacity_reservation_target": []
              }
            ],
            "cpu_options": [
              {
                "amd_sev_snp": "",
                "core_count": 1,
                "nested_virtualization": "",
                "threads_per_core": 2
              }
            ],
            "credit_specification": [
              {
                "cpu_credits": "unlimited"
              }
            ],
            "disable_api_stop": false,
            "disable_api_termination": false,
            "ebs_block_device": [],
            "ebs_optimized": false,
            "enable_primary_ipv6": null,
            "enclave_options": [
              {
                "enabled": false
              }
            ],
            "ephemeral_block_device": [],
            "force_destroy": false,
            "get_password_data": false,
            "hibernation": false,
            "host_id": "",
            "host_resource_group_arn": null,
            "iam_instance_profile": "",
            "id": "i-09b6a6d660acf6ed9",
            "instance_initiated_shutdown_behavior": "stop",
            "instance_lifecycle": "",
            "instance_market_options": [],
            "instance_state": "running",
            "instance_type": "t3.micro",
            "ipv6_address_count": 0,
            "ipv6_addresses": [],
            "key_name": "clave-rabbitmq-server",
            "launch_template": [],
            "maintenance_options": [
              {
                "auto_recovery": "default"
              }
            ],
            "metadata_options": [
              {
                "http_endpoint": "enabled",
                "http_protocol_ipv6": "disabled",
                "http_put_response_hop_limit": 2,
                "http_tokens": "required",
                "instance_metadata_tags": "disabled"
              }
            ],
            "monitoring": false,
            "network_interface": [],
            "outpost_arn": "",
            "password_data": "",
            "placement_group": "",
            "placement_group_id": "",
            "placement_partition_number": 0,
            "primary_network_interface": [
              {
                "delete_on_termination": true,
                "network_interface_id": "eni-039a2e393f6edde3e"
              }
            ],
            "primary_network_interface_id": "eni-039a2e393f6edde3e",
            "private_dns": "ip-172-31-29-200.ec2.internal",
            "private_dns_name_options": [
              {
                "enable_resource_name_dns_a_record": false,
                "enable_resource_name_dns_aaaa_record": false,
                "hostname_type": "ip-name"
              }
            ],
            "private_ip": "172.31.29.200",
            "public_dns": "ec2-3-80-70-234.compute-1.amazonaws.com",
            "public_ip": "3.80.70.234",
            "region": "us-east-1",
            "root_block_device": [
              {
                "delete_on_termination": true,
                "device_name": "/dev/xvda",
                "encrypted": false,
                "iops": 3000,
                "kms_key_id": "",
                "tags": {},
                "tags_all": {},
                "throughput": 125,
                "volume_id": "vol-00e1b5f097e074db4",
                "volume_size": 8,
                "volume_type": "gp3"
              }
            ],
            "secondary_network_interface": [],
            "secondary_private_ips": [],
            "security_groups": [
              "direct_redis_sg_v2"
            ],
            "source_dest_check": true,
            "spot_instance_request_id": "",
            "subnet_id": "subnet-0944233ef6d0bb2a4",
            "tags": {
              "Name": "Redis-Direct"
            },
            "tags_all": {
              "Name": "Redis-Direct"
            },
            "tenancy": "default",
            "timeouts": null,
            "user_data": "#!/bin/bash\r\ndnf update -y\r\ndnf install -y docker\r\nsystemctl start docker \u0026\u0026 systemctl enable docker\r\ndocker run -d --name mi-redis --restart unless-stopped -p 6379:6379 redis:latest redis-server --requirepass \"admin123\"\r\n",
            "user_data_base64": null,
            "user_data_replace_on_change": false,
            "volume_tags": null,
            "vpc_security_group_ids": [
              "sg-00cfde5c18f7d427e"
            ]
          },
          "sensitive_attributes": [],
          "identity_schema_version": 0,
          "identity": {
            "account_id": "122845624388",
            "id": "i-09b6a6d660acf6ed9",
            "region": "us-east-1"
          },
          "private": "eyJlMmJmYjczMC1lY2FhLTExZTYtOGY4OC0zNDM2M2JjN2M0YzAiOnsiY3JlYXRlIjo2MDAwMDAwMDAwMDAsImRlbGV0ZSI6MTIwMDAwMDAwMDAwMCwicmVhZCI6OTAwMDAwMDAwMDAwLCJ1cGRhdGUiOjYwMDAwMDAwMDAwMH0sInNjaGVtYV92ZXJzaW9uIjoiMiJ9",
          "dependencies": [
            "aws_security_group.client_sg",
            "aws_security_group.nginx_sg",
            "aws_security_group.redis_sg",
            "aws_security_group.worker_sg",
            "data.aws_ami.amazon_linux"
          ]
        }
      ]
    },
    {
      "mode": "managed",
      "type": "aws_instance",
      "name": "worker",
      "provider": "provider[\"registry.terraform.io/hashicorp/aws\"]",
      "instances": [
        {
          "index_key": 0,
          "schema_version": 2,
          "attributes": {
            "ami": "ami-00fa360e28f425da0",
            "arn": "arn:aws:ec2:us-east-1:122845624388:instance/i-040994d40358581fd",
            "associate_public_ip_address": true,
            "availability_zone": "us-east-1b",
            "capacity_reservation_specification": [
              {
                "capacity_reservation_preference": "open",
                "capacity_reservation_target": []
              }
            ],
            "cpu_options": [
              {
                "amd_sev_snp": "",
                "core_count": 1,
                "nested_virtualization": "",
                "threads_per_core": 2
              }
            ],
            "credit_specification": [
              {
                "cpu_credits": "unlimited"
              }
            ],
            "disable_api_stop": false,
            "disable_api_termination": false,
            "ebs_block_device": [],
            "ebs_optimized": false,
            "enable_primary_ipv6": null,
            "enclave_options": [
              {
                "enabled": false
              }
            ],
            "ephemeral_block_device": [],
            "force_destroy": false,
            "get_password_data": false,
            "hibernation": false,
            "host_id": "",
            "host_resource_group_arn": null,
            "iam_instance_profile": "",
            "id": "i-040994d40358581fd",
            "instance_initiated_shutdown_behavior": "stop",
            "instance_lifecycle": "",
            "instance_market_options": [],
            "instance_state": "running",
            "instance_type": "t3.micro",
            "ipv6_address_count": 0,
            "ipv6_addresses": [],
            "key_name": "clave-rabbitmq-server",
            "launch_template": [],
            "maintenance_options": [
              {
                "auto_recovery": "default"
              }
            ],
            "metadata_options": [
              {
                "http_endpoint": "enabled",
                "http_protocol_ipv6": "disabled",
                "http_put_response_hop_limit": 2,
                "http_tokens": "required",
                "instance_metadata_tags": "disabled"
              }
            ],
            "monitoring": false,
            "network_interface": [],
            "outpost_arn": "",
            "password_data": "",
            "placement_group": "",
            "placement_group_id": "",
            "placement_partition_number": 0,
            "primary_network_interface": [
              {
                "delete_on_termination": true,
                "network_interface_id": "eni-048a2d787392f1d73"
              }
            ],
            "primary_network_interface_id": "eni-048a2d787392f1d73",
            "private_dns": "ip-172-31-30-217.ec2.internal",
            "private_dns_name_options": [
              {
                "enable_resource_name_dns_a_record": false,
                "enable_resource_name_dns_aaaa_record": false,
                "hostname_type": "ip-name"
              }
            ],
            "private_ip": "172.31.30.217",
            "public_dns": "ec2-18-207-93-224.compute-1.amazonaws.com",
            "public_ip": "18.207.93.224",
            "region": "us-east-1",
            "root_block_device": [
              {
                "delete_on_termination": true,
                "device_name": "/dev/xvda",
                "encrypted": false,
                "iops": 3000,
                "kms_key_id": "",
                "tags": {},
                "tags_all": {},
                "throughput": 125,
                "volume_id": "vol-0d6499dc690632072",
                "volume_size": 8,
                "volume_type": "gp3"
              }
            ],
            "secondary_network_interface": [],
            "secondary_private_ips": [],
            "security_groups": [
              "direct_worker_sg_v2"
            ],
            "source_dest_check": true,
            "spot_instance_request_id": "",
            "subnet_id": "subnet-0944233ef6d0bb2a4",
            "tags": {
              "Name": "Worker-Direct-1"
            },
            "tags_all": {
              "Name": "Worker-Direct-1"
            },
            "tenancy": "default",
            "timeouts": null,
            "user_data": "#!/bin/bash\r\n    \r\n# 1. Ajustes del Kernel\r\necho \"fs.file-max = 2097152\" \u003e\u003e /etc/sysctl.conf\r\necho \"net.core.somaxconn = 65535\" \u003e\u003e /etc/sysctl.conf\r\necho \"net.ipv4.tcp_max_syn_backlog = 65535\" \u003e\u003e /etc/sysctl.conf\r\necho \"net.ipv4.ip_local_port_range = 1024 65535\" \u003e\u003e /etc/sysctl.conf\r\nsysctl -p\r\necho \"* soft nofile 65535\" \u003e\u003e /etc/security/limits.conf\r\necho \"* hard nofile 65535\" \u003e\u003e /etc/security/limits.conf\r\n\r\n# 2. Instalación de dependencias y código\r\ndnf update -y\r\ndnf install -y python3 python3-pip git\r\n    \r\ncd /home/ec2-user\r\ngit clone https://github.com/waliguren/nuevapractica1_sd.git repo\r\nmv repo/archivosWorker ./\r\nrm -rf repo\r\n    \r\ncd archivosWorker\r\npython3 -m venv venv\r\nvenv/bin/pip install fastapi uvicorn redis\r\n    \r\n# 3. Inyectar la IP de Redis para que el Worker sepa dónde conectarse\r\necho \"export REDIS_HOST=172.31.29.200\" \u003e\u003e /home/ec2-user/.bashrc\r\nexport REDIS_HOST=172.31.29.200\r\n\r\n# 4. Aplicar el ulimit y arrancar la API\r\nulimit -n 65535\r\nnohup venv/bin/uvicorn direct_worker:app --host 0.0.0.0 --port 5000 \u003e worker.log 2\u003e\u00261 \u0026\r\n",
            "user_data_base64": null,
            "user_data_replace_on_change": false,
            "volume_tags": null,
            "vpc_security_group_ids": [
              "sg-0312ef7b9177482e5"
            ]
          },
          "sensitive_attributes": [],
          "identity_schema_version": 0,
          "identity": {
            "account_id": "122845624388",
            "id": "i-040994d40358581fd",
            "region": "us-east-1"
          },
          "private": "eyJlMmJmYjczMC1lY2FhLTExZTYtOGY4OC0zNDM2M2JjN2M0YzAiOnsiY3JlYXRlIjo2MDAwMDAwMDAwMDAsImRlbGV0ZSI6MTIwMDAwMDAwMDAwMCwicmVhZCI6OTAwMDAwMDAwMDAwLCJ1cGRhdGUiOjYwMDAwMDAwMDAwMH0sInNjaGVtYV92ZXJzaW9uIjoiMiJ9",
          "dependencies": [
            "aws_instance.redis",
            "aws_security_group.client_sg",
            "aws_security_group.nginx_sg",
            "aws_security_group.redis_sg",
            "aws_security_group.worker_sg",
            "data.aws_ami.amazon_linux"
          ]
        },
        {
          "index_key": 1,
          "schema_version": 2,
          "attributes": {
            "ami": "ami-00fa360e28f425da0",
            "arn": "arn:aws:ec2:us-east-1:122845624388:instance/i-0d1cad9b241b9313c",
            "associate_public_ip_address": true,
            "availability_zone": "us-east-1b",
            "capacity_reservation_specification": [
              {
                "capacity_reservation_preference": "open",
                "capacity_reservation_target": []
              }
            ],
            "cpu_options": [
              {
                "amd_sev_snp": "",
                "core_count": 1,
                "nested_virtualization": "",
                "threads_per_core": 2
              }
            ],
            "credit_specification": [
              {
                "cpu_credits": "unlimited"
              }
            ],
            "disable_api_stop": false,
            "disable_api_termination": false,
            "ebs_block_device": [],
            "ebs_optimized": false,
            "enable_primary_ipv6": null,
            "enclave_options": [
              {
                "enabled": false
              }
            ],
            "ephemeral_block_device": [],
            "force_destroy": false,
            "get_password_data": false,
            "hibernation": false,
            "host_id": "",
            "host_resource_group_arn": null,
            "iam_instance_profile": "",
            "id": "i-0d1cad9b241b9313c",
            "instance_initiated_shutdown_behavior": "stop",
            "instance_lifecycle": "",
            "instance_market_options": [],
            "instance_state": "running",
            "instance_type": "t3.micro",
            "ipv6_address_count": 0,
            "ipv6_addresses": [],
            "key_name": "clave-rabbitmq-server",
            "launch_template": [],
            "maintenance_options": [
              {
                "auto_recovery": "default"
              }
            ],
            "metadata_options": [
              {
                "http_endpoint": "enabled",
                "http_protocol_ipv6": "disabled",
                "http_put_response_hop_limit": 2,
                "http_tokens": "required",
                "instance_metadata_tags": "disabled"
              }
            ],
            "monitoring": false,
            "network_interface": [],
            "outpost_arn": "",
            "password_data": "",
            "placement_group": "",
            "placement_group_id": "",
            "placement_partition_number": 0,
            "primary_network_interface": [
              {
                "delete_on_termination": true,
                "network_interface_id": "eni-02f55ded7e9f303d0"
              }
            ],
            "primary_network_interface_id": "eni-02f55ded7e9f303d0",
            "private_dns": "ip-172-31-30-3.ec2.internal",
            "private_dns_name_options": [
              {
                "enable_resource_name_dns_a_record": false,
                "enable_resource_name_dns_aaaa_record": false,
                "hostname_type": "ip-name"
              }
            ],
            "private_ip": "172.31.30.3",
            "public_dns": "ec2-54-224-51-86.compute-1.amazonaws.com",
            "public_ip": "54.224.51.86",
            "region": "us-east-1",
            "root_block_device": [
              {
                "delete_on_termination": true,
                "device_name": "/dev/xvda",
                "encrypted": false,
                "iops": 3000,
                "kms_key_id": "",
                "tags": {},
                "tags_all": {},
                "throughput": 125,
                "volume_id": "vol-01176f2557bf1d6c8",
                "volume_size": 8,
                "volume_type": "gp3"
              }
            ],
            "secondary_network_interface": [],
            "secondary_private_ips": [],
            "security_groups": [
              "direct_worker_sg_v2"
            ],
            "source_dest_check": true,
            "spot_instance_request_id": "",
            "subnet_id": "subnet-0944233ef6d0bb2a4",
            "tags": {
              "Name": "Worker-Direct-2"
            },
            "tags_all": {
              "Name": "Worker-Direct-2"
            },
            "tenancy": "default",
            "timeouts": null,
            "user_data": "#!/bin/bash\r\n    \r\n# 1. Ajustes del Kernel\r\necho \"fs.file-max = 2097152\" \u003e\u003e /etc/sysctl.conf\r\necho \"net.core.somaxconn = 65535\" \u003e\u003e /etc/sysctl.conf\r\necho \"net.ipv4.tcp_max_syn_backlog = 65535\" \u003e\u003e /etc/sysctl.conf\r\necho \"net.ipv4.ip_local_port_range = 1024 65535\" \u003e\u003e /etc/sysctl.conf\r\nsysctl -p\r\necho \"* soft nofile 65535\" \u003e\u003e /etc/security/limits.conf\r\necho \"* hard nofile 65535\" \u003e\u003e /etc/security/limits.conf\r\n\r\n# 2. Instalación de dependencias y código\r\ndnf update -y\r\ndnf install -y python3 python3-pip git\r\n    \r\ncd /home/ec2-user\r\ngit clone https://github.com/waliguren/nuevapractica1_sd.git repo\r\nmv repo/archivosWorker ./\r\nrm -rf repo\r\n    \r\ncd archivosWorker\r\npython3 -m venv venv\r\nvenv/bin/pip install fastapi uvicorn redis\r\n    \r\n# 3. Inyectar la IP de Redis para que el Worker sepa dónde conectarse\r\necho \"export REDIS_HOST=172.31.29.200\" \u003e\u003e /home/ec2-user/.bashrc\r\nexport REDIS_HOST=172.31.29.200\r\n\r\n# 4. Aplicar el ulimit y arrancar la API\r\nulimit -n 65535\r\nnohup venv/bin/uvicorn direct_worker:app --host 0.0.0.0 --port 5000 \u003e worker.log 2\u003e\u00261 \u0026\r\n",
            "user_data_base64": null,
            "user_data_replace_on_change": false,
            "volume_tags": null,
            "vpc_security_group_ids": [
              "sg-0312ef7b9177482e5"
            ]
          },
          "sensitive_attributes": [],
          "identity_schema_version": 0,
          "identity": {
            "account_id": "122845624388",
            "id": "i-0d1cad9b241b9313c",
            "region": "us-east-1"
          },
          "private": "eyJlMmJmYjczMC1lY2FhLTExZTYtOGY4OC0zNDM2M2JjN2M0YzAiOnsiY3JlYXRlIjo2MDAwMDAwMDAwMDAsImRlbGV0ZSI6MTIwMDAwMDAwMDAwMCwicmVhZCI6OTAwMDAwMDAwMDAwLCJ1cGRhdGUiOjYwMDAwMDAwMDAwMH0sInNjaGVtYV92ZXJzaW9uIjoiMiJ9",
          "dependencies": [
            "aws_instance.redis",
            "aws_security_group.client_sg",
            "aws_security_group.nginx_sg",
            "aws_security_group.redis_sg",
            "aws_security_group.worker_sg",
            "data.aws_ami.amazon_linux"
          ]
        },
        {
          "index_key": 2,
          "schema_version": 2,
          "attributes": {
            "ami": "ami-00fa360e28f425da0",
            "arn": "arn:aws:ec2:us-east-1:122845624388:instance/i-0f74905ef793ef8fd",
            "associate_public_ip_address": true,
            "availability_zone": "us-east-1b",
            "capacity_reservation_specification": [
              {
                "capacity_reservation_preference": "open",
                "capacity_reservation_target": []
              }
            ],
            "cpu_options": [
              {
                "amd_sev_snp": "",
                "core_count": 1,
                "nested_virtualization": "",
                "threads_per_core": 2
              }
            ],
            "credit_specification": [
              {
                "cpu_credits": "unlimited"
              }
            ],
            "disable_api_stop": false,
            "disable_api_termination": false,
            "ebs_block_device": [],
            "ebs_optimized": false,
            "enable_primary_ipv6": null,
            "enclave_options": [
              {
                "enabled": false
              }
            ],
            "ephemeral_block_device": [],
            "force_destroy": false,
            "get_password_data": false,
            "hibernation": false,
            "host_id": "",
            "host_resource_group_arn": null,
            "iam_instance_profile": "",
            "id": "i-0f74905ef793ef8fd",
            "instance_initiated_shutdown_behavior": "stop",
            "instance_lifecycle": "",
            "instance_market_options": [],
            "instance_state": "running",
            "instance_type": "t3.micro",
            "ipv6_address_count": 0,
            "ipv6_addresses": [],
            "key_name": "clave-rabbitmq-server",
            "launch_template": [],
            "maintenance_options": [
              {
                "auto_recovery": "default"
              }
            ],
            "metadata_options": [
              {
                "http_endpoint": "enabled",
                "http_protocol_ipv6": "disabled",
                "http_put_response_hop_limit": 2,
                "http_tokens": "required",
                "instance_metadata_tags": "disabled"
              }
            ],
            "monitoring": false,
            "network_interface": [],
            "outpost_arn": "",
            "password_data": "",
            "placement_group": "",
            "placement_group_id": "",
            "placement_partition_number": 0,
            "primary_network_interface": [
              {
                "delete_on_termination": true,
                "network_interface_id": "eni-04d967110f8c4bfe0"
              }
            ],
            "primary_network_interface_id": "eni-04d967110f8c4bfe0",
            "private_dns": "ip-172-31-24-233.ec2.internal",
            "private_dns_name_options": [
              {
                "enable_resource_name_dns_a_record": false,
                "enable_resource_name_dns_aaaa_record": false,
                "hostname_type": "ip-name"
              }
            ],
            "private_ip": "172.31.24.233",
            "public_dns": "ec2-52-90-155-20.compute-1.amazonaws.com",
            "public_ip": "52.90.155.20",
            "region": "us-east-1",
            "root_block_device": [
              {
                "delete_on_termination": true,
                "device_name": "/dev/xvda",
                "encrypted": false,
                "iops": 3000,
                "kms_key_id": "",
                "tags": {},
                "tags_all": {},
                "throughput": 125,
                "volume_id": "vol-0bbff4664f0d3f955",
                "volume_size": 8,
                "volume_type": "gp3"
              }
            ],
            "secondary_network_interface": [],
            "secondary_private_ips": [],
            "security_groups": [
              "direct_worker_sg_v2"
            ],
            "source_dest_check": true,
            "spot_instance_request_id": "",
            "subnet_id": "subnet-0944233ef6d0bb2a4",
            "tags": {
              "Name": "Worker-Direct-3"
            },
            "tags_all": {
              "Name": "Worker-Direct-3"
            },
            "tenancy": "default",
            "timeouts": null,
            "user_data": "#!/bin/bash\r\n    \r\n# 1. Ajustes del Kernel\r\necho \"fs.file-max = 2097152\" \u003e\u003e /etc/sysctl.conf\r\necho \"net.core.somaxconn = 65535\" \u003e\u003e /etc/sysctl.conf\r\necho \"net.ipv4.tcp_max_syn_backlog = 65535\" \u003e\u003e /etc/sysctl.conf\r\necho \"net.ipv4.ip_local_port_range = 1024 65535\" \u003e\u003e /etc/sysctl.conf\r\nsysctl -p\r\necho \"* soft nofile 65535\" \u003e\u003e /etc/security/limits.conf\r\necho \"* hard nofile 65535\" \u003e\u003e /etc/security/limits.conf\r\n\r\n# 2. Instalación de dependencias y código\r\ndnf update -y\r\ndnf install -y python3 python3-pip git\r\n    \r\ncd /home/ec2-user\r\ngit clone https://github.com/waliguren/nuevapractica1_sd.git repo\r\nmv repo/archivosWorker ./\r\nrm -rf repo\r\n    \r\ncd archivosWorker\r\npython3 -m venv venv\r\nvenv/bin/pip install fastapi uvicorn redis\r\n    \r\n# 3. Inyectar la IP de Redis para que el Worker sepa dónde conectarse\r\necho \"export REDIS_HOST=172.31.29.200\" \u003e\u003e /home/ec2-user/.bashrc\r\nexport REDIS_HOST=172.31.29.200\r\n\r\n# 4. Aplicar el ulimit y arrancar la API\r\nulimit -n 65535\r\nnohup venv/bin/uvicorn direct_worker:app --host 0.0.0.0 --port 5000 \u003e worker.log 2\u003e\u00261 \u0026\r\n",
            "user_data_base64": null,
            "user_data_replace_on_change": false,
            "volume_tags": null,
            "vpc_security_group_ids": [
              "sg-0312ef7b9177482e5"
            ]
          },
          "sensitive_attributes": [],
          "identity_schema_version": 0,
          "identity": {
            "account_id": "122845624388",
            "id": "i-0f74905ef793ef8fd",
            "region": "us-east-1"
          },
          "private": "eyJlMmJmYjczMC1lY2FhLTExZTYtOGY4OC0zNDM2M2JjN2M0YzAiOnsiY3JlYXRlIjo2MDAwMDAwMDAwMDAsImRlbGV0ZSI6MTIwMDAwMDAwMDAwMCwicmVhZCI6OTAwMDAwMDAwMDAwLCJ1cGRhdGUiOjYwMDAwMDAwMDAwMH0sInNjaGVtYV92ZXJzaW9uIjoiMiJ9",
          "dependencies": [
            "aws_instance.redis",
            "aws_security_group.client_sg",
            "aws_security_group.nginx_sg",
            "aws_security_group.redis_sg",
            "aws_security_group.worker_sg",
            "data.aws_ami.amazon_linux"
          ]
        }
      ]
    },
    {
      "mode": "managed",
      "type": "aws_security_group",
      "name": "client_sg",
      "provider": "provider[\"registry.terraform.io/hashicorp/aws\"]",
      "instances": [
        {
          "schema_version": 1,
          "attributes": {
            "arn": "arn:aws:ec2:us-east-1:122845624388:security-group/sg-02849fc07d83fe723",
            "description": "Managed by Terraform",
            "egress": [
              {
                "cidr_blocks": [
                  "0.0.0.0/0"
                ],
                "description": "",
                "from_port": 0,
                "ipv6_cidr_blocks": [],
                "prefix_list_ids": [],
                "protocol": "-1",
                "security_groups": [],
                "self": false,
                "to_port": 0
              }
            ],
            "id": "sg-02849fc07d83fe723",
            "ingress": [
              {
                "cidr_blocks": [
                  "0.0.0.0/0"
                ],
                "description": "",
                "from_port": 22,
                "ipv6_cidr_blocks": [],
                "prefix_list_ids": [],
                "protocol": "tcp",
                "security_groups": [],
                "self": false,
                "to_port": 22
              }
            ],
            "name": "direct_client_sg_v2",
            "name_prefix": "",
            "owner_id": "122845624388",
            "region": "us-east-1",
            "revoke_rules_on_delete": false,
            "tags": null,
            "tags_all": {},
            "timeouts": null,
            "vpc_id": "vpc-03ca2887b8e3f42c9"
          },
          "sensitive_attributes": [],
          "identity_schema_version": 0,
          "identity": {
            "account_id": "122845624388",
            "id": "sg-02849fc07d83fe723",
            "region": "us-east-1"
          },
          "private": "eyJlMmJmYjczMC1lY2FhLTExZTYtOGY4OC0zNDM2M2JjN2M0YzAiOnsiY3JlYXRlIjo2MDAwMDAwMDAwMDAsImRlbGV0ZSI6OTAwMDAwMDAwMDAwfSwic2NoZW1hX3ZlcnNpb24iOiIxIn0="
        }
      ]
    },
    {
      "mode": "managed",
      "type": "aws_security_group",
      "name": "nginx_sg",
      "provider": "provider[\"registry.terraform.io/hashicorp/aws\"]",
      "instances": [
        {
          "schema_version": 1,
          "attributes": {
            "arn": "arn:aws:ec2:us-east-1:122845624388:security-group/sg-07c962a916916c6f4",
            "description": "Managed by Terraform",
            "egress": [
              {
                "cidr_blocks": [
                  "0.0.0.0/0"
                ],
                "description": "",
                "from_port": 0,
                "ipv6_cidr_blocks": [],
                "prefix_list_ids": [],
                "protocol": "-1",
                "security_groups": [],
                "self": false,
                "to_port": 0
              }
            ],
            "id": "sg-07c962a916916c6f4",
            "ingress": [
              {
                "cidr_blocks": [
                  "0.0.0.0/0"
                ],
                "description": "",
                "from_port": 22,
                "ipv6_cidr_blocks": [],
                "prefix_list_ids": [],
                "protocol": "tcp",
                "security_groups": [],
                "self": false,
                "to_port": 22
              },
              {
                "cidr_blocks": [
                  "0.0.0.0/0"
                ],
                "description": "",
                "from_port": 80,
                "ipv6_cidr_blocks": [],
                "prefix_list_ids": [],
                "protocol": "tcp",
                "security_groups": [],
                "self": false,
                "to_port": 80
              }
            ],
            "name": "direct_nginx_sg_v2",
            "name_prefix": "",
            "owner_id": "122845624388",
            "region": "us-east-1",
            "revoke_rules_on_delete": false,
            "tags": null,
            "tags_all": {},
            "timeouts": null,
            "vpc_id": "vpc-03ca2887b8e3f42c9"
          },
          "sensitive_attributes": [],
          "identity_schema_version": 0,
          "identity": {
            "account_id": "122845624388",
            "id": "sg-07c962a916916c6f4",
            "region": "us-east-1"
          },
          "private": "eyJlMmJmYjczMC1lY2FhLTExZTYtOGY4OC0zNDM2M2JjN2M0YzAiOnsiY3JlYXRlIjo2MDAwMDAwMDAwMDAsImRlbGV0ZSI6OTAwMDAwMDAwMDAwfSwic2NoZW1hX3ZlcnNpb24iOiIxIn0="
        }
      ]
    },
    {
      "mode": "managed",
      "type": "aws_security_group",
      "name": "redis_sg",
      "provider": "provider[\"registry.terraform.io/hashicorp/aws\"]",
      "instances": [
        {
          "schema_version": 1,
          "attributes": {
            "arn": "arn:aws:ec2:us-east-1:122845624388:security-group/sg-00cfde5c18f7d427e",
            "description": "Managed by Terraform",
            "egress": [
              {
                "cidr_blocks": [
                  "0.0.0.0/0"
                ],
                "description": "",
                "from_port": 0,
                "ipv6_cidr_blocks": [],
                "prefix_list_ids": [],
                "protocol": "-1",
                "security_groups": [],
                "self": false,
                "to_port": 0
              }
            ],
            "id": "sg-00cfde5c18f7d427e",
            "ingress": [
              {
                "cidr_blocks": [
                  "0.0.0.0/0"
                ],
                "description": "",
                "from_port": 22,
                "ipv6_cidr_blocks": [],
                "prefix_list_ids": [],
                "protocol": "tcp",
                "security_groups": [],
                "self": false,
                "to_port": 22
              },
              {
                "cidr_blocks": [],
                "description": "",
                "from_port": 6379,
                "ipv6_cidr_blocks": [],
                "prefix_list_ids": [],
                "protocol": "tcp",
                "security_groups": [
                  "sg-02849fc07d83fe723",
                  "sg-0312ef7b9177482e5"
                ],
                "self": false,
                "to_port": 6379
              }
            ],
            "name": "direct_redis_sg_v2",
            "name_prefix": "",
            "owner_id": "122845624388",
            "region": "us-east-1",
            "revoke_rules_on_delete": false,
            "tags": null,
            "tags_all": {},
            "timeouts": null,
            "vpc_id": "vpc-03ca2887b8e3f42c9"
          },
          "sensitive_attributes": [],
          "identity_schema_version": 0,
          "identity": {
            "account_id": "122845624388",
            "id": "sg-00cfde5c18f7d427e",
            "region": "us-east-1"
          },
          "private": "eyJlMmJmYjczMC1lY2FhLTExZTYtOGY4OC0zNDM2M2JjN2M0YzAiOnsiY3JlYXRlIjo2MDAwMDAwMDAwMDAsImRlbGV0ZSI6OTAwMDAwMDAwMDAwfSwic2NoZW1hX3ZlcnNpb24iOiIxIn0=",
          "dependencies": [
            "aws_security_group.client_sg",
            "aws_security_group.nginx_sg",
            "aws_security_group.worker_sg"
          ]
        }
      ]
    },
    {
      "mode": "managed",
      "type": "aws_security_group",
      "name": "worker_sg",
      "provider": "provider[\"registry.terraform.io/hashicorp/aws\"]",
      "instances": [
        {
          "schema_version": 1,
          "attributes": {
            "arn": "arn:aws:ec2:us-east-1:122845624388:security-group/sg-0312ef7b9177482e5",
            "description": "Managed by Terraform",
            "egress": [
              {
                "cidr_blocks": [
                  "0.0.0.0/0"
                ],
                "description": "",
                "from_port": 0,
                "ipv6_cidr_blocks": [],
                "prefix_list_ids": [],
                "protocol": "-1",
                "security_groups": [],
                "self": false,
                "to_port": 0
              }
            ],
            "id": "sg-0312ef7b9177482e5",
            "ingress": [
              {
                "cidr_blocks": [
                  "0.0.0.0/0"
                ],
                "description": "",
                "from_port": 22,
                "ipv6_cidr_blocks": [],
                "prefix_list_ids": [],
                "protocol": "tcp",
                "security_groups": [],
                "self": false,
                "to_port": 22
              },
              {
                "cidr_blocks": [],
                "description": "",
                "from_port": 5000,
                "ipv6_cidr_blocks": [],
                "prefix_list_ids": [],
                "protocol": "tcp",
                "security_groups": [
                  "sg-07c962a916916c6f4"
                ],
                "self": false,
                "to_port": 5000
              }
            ],
            "name": "direct_worker_sg_v2",
            "name_prefix": "",
            "owner_id": "122845624388",
            "region": "us-east-1",
            "revoke_rules_on_delete": false,
            "tags": null,
            "tags_all": {},
            "timeouts": null,
            "vpc_id": "vpc-03ca2887b8e3f42c9"
          },
          "sensitive_attributes": [],
          "identity_schema_version": 0,
          "identity": {
            "account_id": "122845624388",
            "id": "sg-0312ef7b9177482e5",
            "region": "us-east-1"
          },
          "private": "eyJlMmJmYjczMC1lY2FhLTExZTYtOGY4OC0zNDM2M2JjN2M0YzAiOnsiY3JlYXRlIjo2MDAwMDAwMDAwMDAsImRlbGV0ZSI6OTAwMDAwMDAwMDAwfSwic2NoZW1hX3ZlcnNpb24iOiIxIn0=",
          "dependencies": [
            "aws_security_group.nginx_sg"
          ]
        }
      ]
    }
  ],
  "check_results": null
}
